// !$*UTF8*$!
{
	archiveVersion = 1;
	classes = {
	};
	objectVersion = 56;
	objects = {

/* Begin PBXBuildFile section */
		356A54472A84D66D006E22C8 /* SimpleToast in Frameworks */ = {isa = PBXBuildFile; productRef = 356A54462A84D66D006E22C8 /* SimpleToast */; };
		356A54502A855F5D006E22C8 /* EventStore.swift in Sources */ = {isa = PBXBuildFile; fileRef = 356A544F2A855F5D006E22C8 /* EventStore.swift */; };
		356A54522A855F73006E22C8 /* Event.swift in Sources */ = {isa = PBXBuildFile; fileRef = 356A54512A855F73006E22C8 /* Event.swift */; };
		356A54542A855FE9006E22C8 /* EventsCalendarView.swift in Sources */ = {isa = PBXBuildFile; fileRef = 356A54532A855FE9006E22C8 /* EventsCalendarView.swift */; };
		356A54562A856001006E22C8 /* CalendarView.swift in Sources */ = {isa = PBXBuildFile; fileRef = 356A54552A856001006E22C8 /* CalendarView.swift */; };
		356A545A2A8560BA006E22C8 /* EventFormViewModel.swift in Sources */ = {isa = PBXBuildFile; fileRef = 356A54592A8560BA006E22C8 /* EventFormViewModel.swift */; };
		356A545C2A8560D8006E22C8 /* EventFormView.swift in Sources */ = {isa = PBXBuildFile; fileRef = 356A545B2A8560D8006E22C8 /* EventFormView.swift */; };
		356A545E2A8560F3006E22C8 /* EventFormType.swift in Sources */ = {isa = PBXBuildFile; fileRef = 356A545D2A8560F3006E22C8 /* EventFormType.swift */; };
		356A54622A8565A0006E22C8 /* DaysEvents.swift in Sources */ = {isa = PBXBuildFile; fileRef = 356A54612A8565A0006E22C8 /* DaysEvents.swift */; };
		356A54642A8565C3006E22C8 /* EventsListView.swift in Sources */ = {isa = PBXBuildFile; fileRef = 356A54632A8565C3006E22C8 /* EventsListView.swift */; };
		356A54662A8565E6006E22C8 /* ListViewRow.swift in Sources */ = {isa = PBXBuildFile; fileRef = 356A54652A8565E6006E22C8 /* ListViewRow.swift */; };
		356A546A2A860D70006E22C8 /* Date+Extension.swift in Sources */ = {isa = PBXBuildFile; fileRef = 356A54692A860D70006E22C8 /* Date+Extension.swift */; };
		357F6FDE2A8DF7A20022E224 /* Comment.swift in Sources */ = {isa = PBXBuildFile; fileRef = 357F6FDD2A8DF7A20022E224 /* Comment.swift */; };
		357F6FE02A8DF7C60022E224 /* Recomment.swift in Sources */ = {isa = PBXBuildFile; fileRef = 357F6FDF2A8DF7C60022E224 /* Recomment.swift */; };
		357F6FE22A8E25760022E224 /* CommentsView.swift in Sources */ = {isa = PBXBuildFile; fileRef = 357F6FE12A8E25760022E224 /* CommentsView.swift */; };
		3580AFA32A6844DB00DC28F7 /* AppleLoginTestView.swift in Sources */ = {isa = PBXBuildFile; fileRef = 3580AFA22A6844DB00DC28F7 /* AppleLoginTestView.swift */; };
		35A2D0FB2A781D3400FF8A5B /* RealHomeView.swift in Sources */ = {isa = PBXBuildFile; fileRef = 35A2D0FA2A781D3400FF8A5B /* RealHomeView.swift */; };
		35B3CD5A2A7D5CCF00127259 /* WriteDDay.swift in Sources */ = {isa = PBXBuildFile; fileRef = 35B3CD592A7D5CCF00127259 /* WriteDDay.swift */; };
		35B3CD5E2A8004A900127259 /* HomeNotificationView.swift in Sources */ = {isa = PBXBuildFile; fileRef = 35B3CD5D2A8004A900127259 /* HomeNotificationView.swift */; };
		35B3CD612A80086E00127259 /* MyPageProfile.swift in Sources */ = {isa = PBXBuildFile; fileRef = 35B3CD602A80086E00127259 /* MyPageProfile.swift */; };
		35B3CD632A80088500127259 /* MyPageProfileInfo.swift in Sources */ = {isa = PBXBuildFile; fileRef = 35B3CD622A80088500127259 /* MyPageProfileInfo.swift */; };
		35B3CD652A8008A000127259 /* MyPageStoryInfo.swift in Sources */ = {isa = PBXBuildFile; fileRef = 35B3CD642A8008A000127259 /* MyPageStoryInfo.swift */; };
		35B3CD672A8008B300127259 /* MyPageProfilePhoto.swift in Sources */ = {isa = PBXBuildFile; fileRef = 35B3CD662A8008B300127259 /* MyPageProfilePhoto.swift */; };
		35B3CD722A81760700127259 /* EditMyPage.swift in Sources */ = {isa = PBXBuildFile; fileRef = 35B3CD712A81760700127259 /* EditMyPage.swift */; };
		35BF302E2A89172300F43DB5 /* ReportView.swift in Sources */ = {isa = PBXBuildFile; fileRef = 35BF302D2A89172300F43DB5 /* ReportView.swift */; };
		883B47CD2A686C1D004C2D20 /* SettingView.swift in Sources */ = {isa = PBXBuildFile; fileRef = 883B47CC2A686C1D004C2D20 /* SettingView.swift */; };
		883B47D22A686D17004C2D20 /* FamilyNameChangeView.swift in Sources */ = {isa = PBXBuildFile; fileRef = 883B47D12A686D17004C2D20 /* FamilyNameChangeView.swift */; };
		883B47D42A686D25004C2D20 /* InviteView.swift in Sources */ = {isa = PBXBuildFile; fileRef = 883B47D32A686D25004C2D20 /* InviteView.swift */; };
		883B47DB2A686E36004C2D20 /* CustomToggle.swift in Sources */ = {isa = PBXBuildFile; fileRef = 883B47DA2A686E36004C2D20 /* CustomToggle.swift */; };
		886F8DEC2A6C55E300D60BCC /* BackButton.swift in Sources */ = {isa = PBXBuildFile; fileRef = 886F8DEB2A6C55E300D60BCC /* BackButton.swift */; };
		886F8DF42A6C56C100D60BCC /* FamilyInitialPhoto.swift in Sources */ = {isa = PBXBuildFile; fileRef = 886F8DF32A6C56C100D60BCC /* FamilyInitialPhoto.swift */; };
		886F8DF62A6C56E800D60BCC /* AddFamilyPhoto.swift in Sources */ = {isa = PBXBuildFile; fileRef = 886F8DF52A6C56E800D60BCC /* AddFamilyPhoto.swift */; };
		886F8DF82A6C570500D60BCC /* ExistPhoto.swift in Sources */ = {isa = PBXBuildFile; fileRef = 886F8DF72A6C570500D60BCC /* ExistPhoto.swift */; };
		886F8DFA2A6C578B00D60BCC /* DDayInitialCard.swift in Sources */ = {isa = PBXBuildFile; fileRef = 886F8DF92A6C578B00D60BCC /* DDayInitialCard.swift */; };
		886F8DFC2A6C57E600D60BCC /* ProfileImage.swift in Sources */ = {isa = PBXBuildFile; fileRef = 886F8DFB2A6C57E600D60BCC /* ProfileImage.swift */; };
		886F8DFE2A6C582400D60BCC /* ProfileImageWithBadge.swift in Sources */ = {isa = PBXBuildFile; fileRef = 886F8DFD2A6C582400D60BCC /* ProfileImageWithBadge.swift */; };
		886F8E002A6C584900D60BCC /* SelectEmotionBadge.swift in Sources */ = {isa = PBXBuildFile; fileRef = 886F8DFF2A6C584900D60BCC /* SelectEmotionBadge.swift */; };
		886F8E022A6C586B00D60BCC /* ProfileEmotionBadge.swift in Sources */ = {isa = PBXBuildFile; fileRef = 886F8E012A6C586B00D60BCC /* ProfileEmotionBadge.swift */; };
		88A392DA2A7003BB00ACBD71 /* BackCancel.swift in Sources */ = {isa = PBXBuildFile; fileRef = 88A392D92A7003BB00ACBD71 /* BackCancel.swift */; };
		F3430F0F2A6701AD00DC1B1C /* OworiApp.swift in Sources */ = {isa = PBXBuildFile; fileRef = F3430F0E2A6701AD00DC1B1C /* OworiApp.swift */; };
		F3430F132A6701AD00DC1B1C /* Assets.xcassets in Resources */ = {isa = PBXBuildFile; fileRef = F3430F122A6701AD00DC1B1C /* Assets.xcassets */; };
		F3430F162A6701AD00DC1B1C /* Preview Assets.xcassets in Resources */ = {isa = PBXBuildFile; fileRef = F3430F152A6701AD00DC1B1C /* Preview Assets.xcassets */; };
		F3430F202A6701AE00DC1B1C /* OworiTests.swift in Sources */ = {isa = PBXBuildFile; fileRef = F3430F1F2A6701AE00DC1B1C /* OworiTests.swift */; };
		F3430F2A2A6701AE00DC1B1C /* OworiUITests.swift in Sources */ = {isa = PBXBuildFile; fileRef = F3430F292A6701AE00DC1B1C /* OworiUITests.swift */; };
		F3430F2C2A6701AE00DC1B1C /* OworiUITestsLaunchTests.swift in Sources */ = {isa = PBXBuildFile; fileRef = F3430F2B2A6701AE00DC1B1C /* OworiUITestsLaunchTests.swift */; };
		F3430F3A2A67024A00DC1B1C /* KakaoSDK in Frameworks */ = {isa = PBXBuildFile; productRef = F3430F392A67024A00DC1B1C /* KakaoSDK */; };
		F3430F852A67043200DC1B1C /* FamilyView.swift in Sources */ = {isa = PBXBuildFile; fileRef = F3430F412A67043200DC1B1C /* FamilyView.swift */; };
		F3430F882A67043200DC1B1C /* ProfileView.swift in Sources */ = {isa = PBXBuildFile; fileRef = F3430F452A67043200DC1B1C /* ProfileView.swift */; };
		F3430F8A2A67043200DC1B1C /* ProfileText.swift in Sources */ = {isa = PBXBuildFile; fileRef = F3430F472A67043200DC1B1C /* ProfileText.swift */; };
		F3430F8C2A67043200DC1B1C /* DDayView.swift in Sources */ = {isa = PBXBuildFile; fileRef = F3430F4A2A67043200DC1B1C /* DDayView.swift */; };
		F3430F902A67043200DC1B1C /* LoginView.swift in Sources */ = {isa = PBXBuildFile; fileRef = F3430F502A67043200DC1B1C /* LoginView.swift */; };
		F3430F912A67043200DC1B1C /* LoginTestView.swift in Sources */ = {isa = PBXBuildFile; fileRef = F3430F512A67043200DC1B1C /* LoginTestView.swift */; };
		F3430F922A67043200DC1B1C /* NumberIndicator.swift in Sources */ = {isa = PBXBuildFile; fileRef = F3430F532A67043200DC1B1C /* NumberIndicator.swift */; };
		F3430F942A67043200DC1B1C /* LoginButton.swift in Sources */ = {isa = PBXBuildFile; fileRef = F3430F562A67043200DC1B1C /* LoginButton.swift */; };
		F3430F952A67043200DC1B1C /* OnBoardingView.swift in Sources */ = {isa = PBXBuildFile; fileRef = F3430F582A67043200DC1B1C /* OnBoardingView.swift */; };
		F3430F962A67043200DC1B1C /* DailyStoryImageCell.swift in Sources */ = {isa = PBXBuildFile; fileRef = F3430F5B2A67043200DC1B1C /* DailyStoryImageCell.swift */; };
		F3430F972A67043200DC1B1C /* CurrentImageOrder.swift in Sources */ = {isa = PBXBuildFile; fileRef = F3430F5C2A67043200DC1B1C /* CurrentImageOrder.swift */; };
		F3430F982A67043200DC1B1C /* SortMenu.swift in Sources */ = {isa = PBXBuildFile; fileRef = F3430F5D2A67043200DC1B1C /* SortMenu.swift */; };
		F3430F992A67043200DC1B1C /* AlbumListButton.swift in Sources */ = {isa = PBXBuildFile; fileRef = F3430F5E2A67043200DC1B1C /* AlbumListButton.swift */; };
		F3430F9A2A67043200DC1B1C /* ContentText.swift in Sources */ = {isa = PBXBuildFile; fileRef = F3430F602A67043200DC1B1C /* ContentText.swift */; };
		F3430F9B2A67043200DC1B1C /* DetailImageCell.swift in Sources */ = {isa = PBXBuildFile; fileRef = F3430F612A67043200DC1B1C /* DetailImageCell.swift */; };
		F3430F9C2A67043200DC1B1C /* ContentTitle.swift in Sources */ = {isa = PBXBuildFile; fileRef = F3430F622A67043200DC1B1C /* ContentTitle.swift */; };
		F3430F9D2A67043200DC1B1C /* ImageTabView.swift in Sources */ = {isa = PBXBuildFile; fileRef = F3430F632A67043200DC1B1C /* ImageTabView.swift */; };
		F3430F9E2A67043200DC1B1C /* HorizontalImageScrollView.swift in Sources */ = {isa = PBXBuildFile; fileRef = F3430F642A67043200DC1B1C /* HorizontalImageScrollView.swift */; };
		F3430F9F2A67043200DC1B1C /* StoryDetailView.swift in Sources */ = {isa = PBXBuildFile; fileRef = F3430F652A67043200DC1B1C /* StoryDetailView.swift */; };
		F3430FA02A67043200DC1B1C /* DetailContent.swift in Sources */ = {isa = PBXBuildFile; fileRef = F3430F662A67043200DC1B1C /* DetailContent.swift */; };
		F3430FA12A67043200DC1B1C /* FavoriteButton.swift in Sources */ = {isa = PBXBuildFile; fileRef = F3430F672A67043200DC1B1C /* FavoriteButton.swift */; };
		F3430FA22A67043200DC1B1C /* StoryListView.swift in Sources */ = {isa = PBXBuildFile; fileRef = F3430F692A67043200DC1B1C /* StoryListView.swift */; };
		F3430FA32A67043200DC1B1C /* DailyStoryListCell.swift in Sources */ = {isa = PBXBuildFile; fileRef = F3430F6A2A67043200DC1B1C /* DailyStoryListCell.swift */; };
		F3430FA42A67043200DC1B1C /* DailyStoryText.swift in Sources */ = {isa = PBXBuildFile; fileRef = F3430F6B2A67043200DC1B1C /* DailyStoryText.swift */; };
		F3430FA52A67043200DC1B1C /* StoryAlbumView.swift in Sources */ = {isa = PBXBuildFile; fileRef = F3430F6D2A67043200DC1B1C /* StoryAlbumView.swift */; };
		F3430FA62A67043200DC1B1C /* MonthlyStoryCollection.swift in Sources */ = {isa = PBXBuildFile; fileRef = F3430F6E2A67043200DC1B1C /* MonthlyStoryCollection.swift */; };
		F3430FA72A67043200DC1B1C /* StoryView.swift in Sources */ = {isa = PBXBuildFile; fileRef = F3430F6F2A67043200DC1B1C /* StoryView.swift */; };
		F3430FA92A67043200DC1B1C /* Family.swift in Sources */ = {isa = PBXBuildFile; fileRef = F3430F722A67043200DC1B1C /* Family.swift */; };
		F3430FAC2A67043200DC1B1C /* User.swift in Sources */ = {isa = PBXBuildFile; fileRef = F3430F752A67043200DC1B1C /* User.swift */; };
		F3430FAD2A67043200DC1B1C /* Story.swift in Sources */ = {isa = PBXBuildFile; fileRef = F3430F762A67043200DC1B1C /* Story.swift */; };
		F3430FAE2A67043200DC1B1C /* Token.swift in Sources */ = {isa = PBXBuildFile; fileRef = F3430F772A67043200DC1B1C /* Token.swift */; };
		F3430FAF2A67043200DC1B1C /* UserViewModel.swift in Sources */ = {isa = PBXBuildFile; fileRef = F3430F792A67043200DC1B1C /* UserViewModel.swift */; };
		F3430FB02A67043200DC1B1C /* LoginViewModel.swift in Sources */ = {isa = PBXBuildFile; fileRef = F3430F7A2A67043200DC1B1C /* LoginViewModel.swift */; };
		F3430FB12A67043200DC1B1C /* StoryViewModel.swift in Sources */ = {isa = PBXBuildFile; fileRef = F3430F7B2A67043200DC1B1C /* StoryViewModel.swift */; };
		F3430FB22A67043200DC1B1C /* FamilyViewModel.swift in Sources */ = {isa = PBXBuildFile; fileRef = F3430F7C2A67043200DC1B1C /* FamilyViewModel.swift */; };
		F3430FB42A67043200DC1B1C /* String+Extension.swift in Sources */ = {isa = PBXBuildFile; fileRef = F3430F7F2A67043200DC1B1C /* String+Extension.swift */; };
		F3430FB52A67043200DC1B1C /* Color+Extension.swift in Sources */ = {isa = PBXBuildFile; fileRef = F3430F802A67043200DC1B1C /* Color+Extension.swift */; };
		F3430FB62A67043200DC1B1C /* Image+Extension.swift in Sources */ = {isa = PBXBuildFile; fileRef = F3430F812A67043200DC1B1C /* Image+Extension.swift */; };
		F3430FB72A67043200DC1B1C /* View+Extension.swift in Sources */ = {isa = PBXBuildFile; fileRef = F3430F822A67043200DC1B1C /* View+Extension.swift */; };
		F3463A532A8651DD0064B3E4 /* KakaoLoginButton.swift in Sources */ = {isa = PBXBuildFile; fileRef = F3463A522A8651DD0064B3E4 /* KakaoLoginButton.swift */; };
		F352856F2A7058E500466C61 /* SplashView.swift in Sources */ = {isa = PBXBuildFile; fileRef = F352856E2A7058E500466C61 /* SplashView.swift */; };
		F35A44F62A8140260092F342 /* RecordButton.swift in Sources */ = {isa = PBXBuildFile; fileRef = F35A44F52A8140260092F342 /* RecordButton.swift */; };
		F36508532A81278400A14217 /* StoryRecordView.swift in Sources */ = {isa = PBXBuildFile; fileRef = F36508522A81278400A14217 /* StoryRecordView.swift */; };
		F36629242A8571F300503E76 /* RecordSuccessButton.swift in Sources */ = {isa = PBXBuildFile; fileRef = F36629232A8571F300503E76 /* RecordSuccessButton.swift */; };
		F36A82952A71921A00C6A90C /* BackToFamilyLinkViewButton.swift in Sources */ = {isa = PBXBuildFile; fileRef = F36A82942A71921A00C6A90C /* BackToFamilyLinkViewButton.swift */; };
		F3799FBF2A8E3449000F8C46 /* ImageLoader.swift in Sources */ = {isa = PBXBuildFile; fileRef = F3799FBE2A8E3449000F8C46 /* ImageLoader.swift */; };
		F3799FC12A8E348C000F8C46 /* ImageCache.swift in Sources */ = {isa = PBXBuildFile; fileRef = F3799FC02A8E348C000F8C46 /* ImageCache.swift */; };
		F37CDD0F2A86578D0002FFFE /* AppleLoginButton.swift in Sources */ = {isa = PBXBuildFile; fileRef = F37CDD0E2A86578D0002FFFE /* AppleLoginButton.swift */; };
		F37E88C32A93D98400D760A1 /* YPImagePicker in Frameworks */ = {isa = PBXBuildFile; productRef = F37E88C22A93D98400D760A1 /* YPImagePicker */; };
		F37E88C52A93D9E000D760A1 /* YPImagePickerView.swift in Sources */ = {isa = PBXBuildFile; fileRef = F37E88C42A93D9E000D760A1 /* YPImagePickerView.swift */; };
		F38C12932A83920500DDAAA8 /* ZoomDetailImageCell.swift in Sources */ = {isa = PBXBuildFile; fileRef = F38C12922A83920500DDAAA8 /* ZoomDetailImageCell.swift */; };
		F39B28492A8C02E3000D26C7 /* TestBackButton.swift in Sources */ = {isa = PBXBuildFile; fileRef = F39B28482A8C02E3000D26C7 /* TestBackButton.swift */; };
		F39EF2822A6B93E5005FD6DB /* JoinNickname.swift in Sources */ = {isa = PBXBuildFile; fileRef = F39EF2812A6B93E5005FD6DB /* JoinNickname.swift */; };
		F39EF2842A6B95D3005FD6DB /* JoinBirthday.swift in Sources */ = {isa = PBXBuildFile; fileRef = F39EF2832A6B95D3005FD6DB /* JoinBirthday.swift */; };
		F39EF2862A6B96A1005FD6DB /* JoinFamilyName.swift in Sources */ = {isa = PBXBuildFile; fileRef = F39EF2852A6B96A1005FD6DB /* JoinFamilyName.swift */; };
		F39EF2882A6B972E005FD6DB /* JoinFamily.swift in Sources */ = {isa = PBXBuildFile; fileRef = F39EF2872A6B972E005FD6DB /* JoinFamily.swift */; };
		F39EF28A2A6B9860005FD6DB /* InviteFamily.swift in Sources */ = {isa = PBXBuildFile; fileRef = F39EF2892A6B9860005FD6DB /* InviteFamily.swift */; };
		F39EF28C2A6BA429005FD6DB /* BeInviteFamily.swift in Sources */ = {isa = PBXBuildFile; fileRef = F39EF28B2A6BA429005FD6DB /* BeInviteFamily.swift */; };
		F39EF28E2A6BA80F005FD6DB /* TermsOfUse.swift in Sources */ = {isa = PBXBuildFile; fileRef = F39EF28D2A6BA80F005FD6DB /* TermsOfUse.swift */; };
		F39EF2922A6DBA2C005FD6DB /* BackToLoginButton.swift in Sources */ = {isa = PBXBuildFile; fileRef = F39EF2912A6DBA2C005FD6DB /* BackToLoginButton.swift */; };
		F3A13F132A7821D40003D589 /* ZoomImages.swift in Sources */ = {isa = PBXBuildFile; fileRef = F3A13F122A7821D40003D589 /* ZoomImages.swift */; };
		F3A5E0CB2A8D0CFB002EEAC0 /* EditMyPageAlertView.swift in Sources */ = {isa = PBXBuildFile; fileRef = F3A5E0CA2A8D0CFB002EEAC0 /* EditMyPageAlertView.swift */; };
		F3A8ABC02A84A661000F34F4 /* PhotosPickerButton.swift in Sources */ = {isa = PBXBuildFile; fileRef = F3A8ABBF2A84A661000F34F4 /* PhotosPickerButton.swift */; };
		F3A8ABC22A84D9B3000F34F4 /* UIImage+Extension.swift in Sources */ = {isa = PBXBuildFile; fileRef = F3A8ABC12A84D9B3000F34F4 /* UIImage+Extension.swift */; };
		F3C1BE652A70F1C5002ADB3B /* UserViewModelTestView.swift in Sources */ = {isa = PBXBuildFile; fileRef = F3C1BE642A70F1C5002ADB3B /* UserViewModelTestView.swift */; };
		F3C1BE672A70F26E002ADB3B /* FamilyViewModelTestView.swift in Sources */ = {isa = PBXBuildFile; fileRef = F3C1BE662A70F26E002ADB3B /* FamilyViewModelTestView.swift */; };
		F3C1BE692A70F2C6002ADB3B /* StoryViewModelTestView.swift in Sources */ = {isa = PBXBuildFile; fileRef = F3C1BE682A70F2C6002ADB3B /* StoryViewModelTestView.swift */; };
		F3C1BE6B2A710544002ADB3B /* MainView.swift in Sources */ = {isa = PBXBuildFile; fileRef = F3C1BE6A2A710544002ADB3B /* MainView.swift */; };
		F3C1BE6D2A710820002ADB3B /* StoryViewHeader.swift in Sources */ = {isa = PBXBuildFile; fileRef = F3C1BE6C2A710820002ADB3B /* StoryViewHeader.swift */; };
		F3C1BE712A711024002ADB3B /* StorySearchView.swift in Sources */ = {isa = PBXBuildFile; fileRef = F3C1BE702A711024002ADB3B /* StorySearchView.swift */; };
		F3C1BE732A71147C002ADB3B /* RecentSearchList.swift in Sources */ = {isa = PBXBuildFile; fileRef = F3C1BE722A71147C002ADB3B /* RecentSearchList.swift */; };
		F3C1BE752A711D74002ADB3B /* CustomNavigationBackButton.swift in Sources */ = {isa = PBXBuildFile; fileRef = F3C1BE742A711D74002ADB3B /* CustomNavigationBackButton.swift */; };
		F3E8CDCA2A810719007A0C3A /* ContentView.swift in Sources */ = {isa = PBXBuildFile; fileRef = F3E8CDC92A810719007A0C3A /* ContentView.swift */; };
		F3ECF9972A925C0D00B553D1 /* StoryModifyView.swift in Sources */ = {isa = PBXBuildFile; fileRef = F3ECF9962A925C0D00B553D1 /* StoryModifyView.swift */; };
		F3ECF9992A925CC500B553D1 /* ModifySuccessButton.swift in Sources */ = {isa = PBXBuildFile; fileRef = F3ECF9982A925CC500B553D1 /* ModifySuccessButton.swift */; };
		F3ECF99C2A92A70D00B553D1 /* FamilyPhotosPickerButton.swift in Sources */ = {isa = PBXBuildFile; fileRef = F3ECF99B2A92A70D00B553D1 /* FamilyPhotosPickerButton.swift */; };
/* End PBXBuildFile section */

/* Begin PBXContainerItemProxy section */
		F3430F1C2A6701AE00DC1B1C /* PBXContainerItemProxy */ = {
			isa = PBXContainerItemProxy;
			containerPortal = F3430F032A6701AD00DC1B1C /* Project object */;
			proxyType = 1;
			remoteGlobalIDString = F3430F0A2A6701AD00DC1B1C;
			remoteInfo = Owori;
		};
		F3430F262A6701AE00DC1B1C /* PBXContainerItemProxy */ = {
			isa = PBXContainerItemProxy;
			containerPortal = F3430F032A6701AD00DC1B1C /* Project object */;
			proxyType = 1;
			remoteGlobalIDString = F3430F0A2A6701AD00DC1B1C;
			remoteInfo = Owori;
		};
/* End PBXContainerItemProxy section */

/* Begin PBXFileReference section */
		356A544F2A855F5D006E22C8 /* EventStore.swift */ = {isa = PBXFileReference; lastKnownFileType = sourcecode.swift; path = EventStore.swift; sourceTree = "<group>"; };
		356A54512A855F73006E22C8 /* Event.swift */ = {isa = PBXFileReference; lastKnownFileType = sourcecode.swift; path = Event.swift; sourceTree = "<group>"; };
		356A54532A855FE9006E22C8 /* EventsCalendarView.swift */ = {isa = PBXFileReference; lastKnownFileType = sourcecode.swift; path = EventsCalendarView.swift; sourceTree = "<group>"; };
		356A54552A856001006E22C8 /* CalendarView.swift */ = {isa = PBXFileReference; lastKnownFileType = sourcecode.swift; path = CalendarView.swift; sourceTree = "<group>"; };
		356A54592A8560BA006E22C8 /* EventFormViewModel.swift */ = {isa = PBXFileReference; lastKnownFileType = sourcecode.swift; path = EventFormViewModel.swift; sourceTree = "<group>"; };
		356A545B2A8560D8006E22C8 /* EventFormView.swift */ = {isa = PBXFileReference; lastKnownFileType = sourcecode.swift; path = EventFormView.swift; sourceTree = "<group>"; };
		356A545D2A8560F3006E22C8 /* EventFormType.swift */ = {isa = PBXFileReference; lastKnownFileType = sourcecode.swift; path = EventFormType.swift; sourceTree = "<group>"; };
		356A54612A8565A0006E22C8 /* DaysEvents.swift */ = {isa = PBXFileReference; lastKnownFileType = sourcecode.swift; path = DaysEvents.swift; sourceTree = "<group>"; };
		356A54632A8565C3006E22C8 /* EventsListView.swift */ = {isa = PBXFileReference; lastKnownFileType = sourcecode.swift; path = EventsListView.swift; sourceTree = "<group>"; };
		356A54652A8565E6006E22C8 /* ListViewRow.swift */ = {isa = PBXFileReference; lastKnownFileType = sourcecode.swift; path = ListViewRow.swift; sourceTree = "<group>"; };
		356A54692A860D70006E22C8 /* Date+Extension.swift */ = {isa = PBXFileReference; lastKnownFileType = sourcecode.swift; path = "Date+Extension.swift"; sourceTree = "<group>"; };
		357F6FDD2A8DF7A20022E224 /* Comment.swift */ = {isa = PBXFileReference; lastKnownFileType = sourcecode.swift; path = Comment.swift; sourceTree = "<group>"; };
		357F6FDF2A8DF7C60022E224 /* Recomment.swift */ = {isa = PBXFileReference; lastKnownFileType = sourcecode.swift; path = Recomment.swift; sourceTree = "<group>"; };
		357F6FE12A8E25760022E224 /* CommentsView.swift */ = {isa = PBXFileReference; lastKnownFileType = sourcecode.swift; path = CommentsView.swift; sourceTree = "<group>"; };
		3580AFA12A6841DE00DC28F7 /* Owori.entitlements */ = {isa = PBXFileReference; lastKnownFileType = text.plist.entitlements; path = Owori.entitlements; sourceTree = "<group>"; };
		3580AFA22A6844DB00DC28F7 /* AppleLoginTestView.swift */ = {isa = PBXFileReference; lastKnownFileType = sourcecode.swift; path = AppleLoginTestView.swift; sourceTree = "<group>"; };
		35A2D0FA2A781D3400FF8A5B /* RealHomeView.swift */ = {isa = PBXFileReference; lastKnownFileType = sourcecode.swift; path = RealHomeView.swift; sourceTree = "<group>"; };
		35B3CD592A7D5CCF00127259 /* WriteDDay.swift */ = {isa = PBXFileReference; lastKnownFileType = sourcecode.swift; path = WriteDDay.swift; sourceTree = "<group>"; };
		35B3CD5D2A8004A900127259 /* HomeNotificationView.swift */ = {isa = PBXFileReference; lastKnownFileType = sourcecode.swift; path = HomeNotificationView.swift; sourceTree = "<group>"; };
		35B3CD602A80086E00127259 /* MyPageProfile.swift */ = {isa = PBXFileReference; lastKnownFileType = sourcecode.swift; path = MyPageProfile.swift; sourceTree = "<group>"; };
		35B3CD622A80088500127259 /* MyPageProfileInfo.swift */ = {isa = PBXFileReference; lastKnownFileType = sourcecode.swift; path = MyPageProfileInfo.swift; sourceTree = "<group>"; };
		35B3CD642A8008A000127259 /* MyPageStoryInfo.swift */ = {isa = PBXFileReference; lastKnownFileType = sourcecode.swift; path = MyPageStoryInfo.swift; sourceTree = "<group>"; };
		35B3CD662A8008B300127259 /* MyPageProfilePhoto.swift */ = {isa = PBXFileReference; lastKnownFileType = sourcecode.swift; path = MyPageProfilePhoto.swift; sourceTree = "<group>"; };
		35B3CD712A81760700127259 /* EditMyPage.swift */ = {isa = PBXFileReference; lastKnownFileType = sourcecode.swift; path = EditMyPage.swift; sourceTree = "<group>"; };
		35BF302D2A89172300F43DB5 /* ReportView.swift */ = {isa = PBXFileReference; lastKnownFileType = sourcecode.swift; path = ReportView.swift; sourceTree = "<group>"; };
		883B47CC2A686C1D004C2D20 /* SettingView.swift */ = {isa = PBXFileReference; lastKnownFileType = sourcecode.swift; path = SettingView.swift; sourceTree = "<group>"; };
		883B47D12A686D17004C2D20 /* FamilyNameChangeView.swift */ = {isa = PBXFileReference; lastKnownFileType = sourcecode.swift; path = FamilyNameChangeView.swift; sourceTree = "<group>"; };
		883B47D32A686D25004C2D20 /* InviteView.swift */ = {isa = PBXFileReference; lastKnownFileType = sourcecode.swift; path = InviteView.swift; sourceTree = "<group>"; };
		883B47DA2A686E36004C2D20 /* CustomToggle.swift */ = {isa = PBXFileReference; lastKnownFileType = sourcecode.swift; path = CustomToggle.swift; sourceTree = "<group>"; };
		886F8DEB2A6C55E300D60BCC /* BackButton.swift */ = {isa = PBXFileReference; lastKnownFileType = sourcecode.swift; path = BackButton.swift; sourceTree = "<group>"; };
		886F8DF32A6C56C100D60BCC /* FamilyInitialPhoto.swift */ = {isa = PBXFileReference; lastKnownFileType = sourcecode.swift; path = FamilyInitialPhoto.swift; sourceTree = "<group>"; };
		886F8DF52A6C56E800D60BCC /* AddFamilyPhoto.swift */ = {isa = PBXFileReference; lastKnownFileType = sourcecode.swift; path = AddFamilyPhoto.swift; sourceTree = "<group>"; };
		886F8DF72A6C570500D60BCC /* ExistPhoto.swift */ = {isa = PBXFileReference; lastKnownFileType = sourcecode.swift; path = ExistPhoto.swift; sourceTree = "<group>"; };
		886F8DF92A6C578B00D60BCC /* DDayInitialCard.swift */ = {isa = PBXFileReference; lastKnownFileType = sourcecode.swift; path = DDayInitialCard.swift; sourceTree = "<group>"; };
		886F8DFB2A6C57E600D60BCC /* ProfileImage.swift */ = {isa = PBXFileReference; lastKnownFileType = sourcecode.swift; path = ProfileImage.swift; sourceTree = "<group>"; };
		886F8DFD2A6C582400D60BCC /* ProfileImageWithBadge.swift */ = {isa = PBXFileReference; lastKnownFileType = sourcecode.swift; path = ProfileImageWithBadge.swift; sourceTree = "<group>"; };
		886F8DFF2A6C584900D60BCC /* SelectEmotionBadge.swift */ = {isa = PBXFileReference; lastKnownFileType = sourcecode.swift; path = SelectEmotionBadge.swift; sourceTree = "<group>"; };
		886F8E012A6C586B00D60BCC /* ProfileEmotionBadge.swift */ = {isa = PBXFileReference; lastKnownFileType = sourcecode.swift; path = ProfileEmotionBadge.swift; sourceTree = "<group>"; };
		88A392D92A7003BB00ACBD71 /* BackCancel.swift */ = {isa = PBXFileReference; lastKnownFileType = sourcecode.swift; path = BackCancel.swift; sourceTree = "<group>"; };
		F3430F0B2A6701AD00DC1B1C /* Owori.app */ = {isa = PBXFileReference; explicitFileType = wrapper.application; includeInIndex = 0; path = Owori.app; sourceTree = BUILT_PRODUCTS_DIR; };
		F3430F0E2A6701AD00DC1B1C /* OworiApp.swift */ = {isa = PBXFileReference; lastKnownFileType = sourcecode.swift; path = OworiApp.swift; sourceTree = "<group>"; };
		F3430F122A6701AD00DC1B1C /* Assets.xcassets */ = {isa = PBXFileReference; lastKnownFileType = folder.assetcatalog; path = Assets.xcassets; sourceTree = "<group>"; };
		F3430F152A6701AD00DC1B1C /* Preview Assets.xcassets */ = {isa = PBXFileReference; lastKnownFileType = folder.assetcatalog; path = "Preview Assets.xcassets"; sourceTree = "<group>"; };
		F3430F1B2A6701AE00DC1B1C /* OworiTests.xctest */ = {isa = PBXFileReference; explicitFileType = wrapper.cfbundle; includeInIndex = 0; path = OworiTests.xctest; sourceTree = BUILT_PRODUCTS_DIR; };
		F3430F1F2A6701AE00DC1B1C /* OworiTests.swift */ = {isa = PBXFileReference; lastKnownFileType = sourcecode.swift; path = OworiTests.swift; sourceTree = "<group>"; };
		F3430F252A6701AE00DC1B1C /* OworiUITests.xctest */ = {isa = PBXFileReference; explicitFileType = wrapper.cfbundle; includeInIndex = 0; path = OworiUITests.xctest; sourceTree = BUILT_PRODUCTS_DIR; };
		F3430F292A6701AE00DC1B1C /* OworiUITests.swift */ = {isa = PBXFileReference; lastKnownFileType = sourcecode.swift; path = OworiUITests.swift; sourceTree = "<group>"; };
		F3430F2B2A6701AE00DC1B1C /* OworiUITestsLaunchTests.swift */ = {isa = PBXFileReference; lastKnownFileType = sourcecode.swift; path = OworiUITestsLaunchTests.swift; sourceTree = "<group>"; };
		F3430F3B2A6702EB00DC1B1C /* Info.plist */ = {isa = PBXFileReference; lastKnownFileType = text.plist; path = Info.plist; sourceTree = "<group>"; };
		F3430F412A67043200DC1B1C /* FamilyView.swift */ = {isa = PBXFileReference; fileEncoding = 4; lastKnownFileType = sourcecode.swift; path = FamilyView.swift; sourceTree = "<group>"; };
		F3430F452A67043200DC1B1C /* ProfileView.swift */ = {isa = PBXFileReference; fileEncoding = 4; lastKnownFileType = sourcecode.swift; path = ProfileView.swift; sourceTree = "<group>"; };
		F3430F472A67043200DC1B1C /* ProfileText.swift */ = {isa = PBXFileReference; fileEncoding = 4; lastKnownFileType = sourcecode.swift; path = ProfileText.swift; sourceTree = "<group>"; };
		F3430F4A2A67043200DC1B1C /* DDayView.swift */ = {isa = PBXFileReference; fileEncoding = 4; lastKnownFileType = sourcecode.swift; path = DDayView.swift; sourceTree = "<group>"; };
		F3430F502A67043200DC1B1C /* LoginView.swift */ = {isa = PBXFileReference; fileEncoding = 4; lastKnownFileType = sourcecode.swift; path = LoginView.swift; sourceTree = "<group>"; };
		F3430F512A67043200DC1B1C /* LoginTestView.swift */ = {isa = PBXFileReference; fileEncoding = 4; lastKnownFileType = sourcecode.swift; path = LoginTestView.swift; sourceTree = "<group>"; };
		F3430F532A67043200DC1B1C /* NumberIndicator.swift */ = {isa = PBXFileReference; fileEncoding = 4; lastKnownFileType = sourcecode.swift; path = NumberIndicator.swift; sourceTree = "<group>"; };
		F3430F562A67043200DC1B1C /* LoginButton.swift */ = {isa = PBXFileReference; fileEncoding = 4; lastKnownFileType = sourcecode.swift; path = LoginButton.swift; sourceTree = "<group>"; };
		F3430F582A67043200DC1B1C /* OnBoardingView.swift */ = {isa = PBXFileReference; fileEncoding = 4; lastKnownFileType = sourcecode.swift; path = OnBoardingView.swift; sourceTree = "<group>"; };
		F3430F5B2A67043200DC1B1C /* DailyStoryImageCell.swift */ = {isa = PBXFileReference; fileEncoding = 4; lastKnownFileType = sourcecode.swift; path = DailyStoryImageCell.swift; sourceTree = "<group>"; };
		F3430F5C2A67043200DC1B1C /* CurrentImageOrder.swift */ = {isa = PBXFileReference; fileEncoding = 4; lastKnownFileType = sourcecode.swift; path = CurrentImageOrder.swift; sourceTree = "<group>"; };
		F3430F5D2A67043200DC1B1C /* SortMenu.swift */ = {isa = PBXFileReference; fileEncoding = 4; lastKnownFileType = sourcecode.swift; path = SortMenu.swift; sourceTree = "<group>"; };
		F3430F5E2A67043200DC1B1C /* AlbumListButton.swift */ = {isa = PBXFileReference; fileEncoding = 4; lastKnownFileType = sourcecode.swift; path = AlbumListButton.swift; sourceTree = "<group>"; };
		F3430F602A67043200DC1B1C /* ContentText.swift */ = {isa = PBXFileReference; fileEncoding = 4; lastKnownFileType = sourcecode.swift; path = ContentText.swift; sourceTree = "<group>"; };
		F3430F612A67043200DC1B1C /* DetailImageCell.swift */ = {isa = PBXFileReference; fileEncoding = 4; lastKnownFileType = sourcecode.swift; path = DetailImageCell.swift; sourceTree = "<group>"; };
		F3430F622A67043200DC1B1C /* ContentTitle.swift */ = {isa = PBXFileReference; fileEncoding = 4; lastKnownFileType = sourcecode.swift; path = ContentTitle.swift; sourceTree = "<group>"; };
		F3430F632A67043200DC1B1C /* ImageTabView.swift */ = {isa = PBXFileReference; fileEncoding = 4; lastKnownFileType = sourcecode.swift; path = ImageTabView.swift; sourceTree = "<group>"; };
		F3430F642A67043200DC1B1C /* HorizontalImageScrollView.swift */ = {isa = PBXFileReference; fileEncoding = 4; lastKnownFileType = sourcecode.swift; path = HorizontalImageScrollView.swift; sourceTree = "<group>"; };
		F3430F652A67043200DC1B1C /* StoryDetailView.swift */ = {isa = PBXFileReference; fileEncoding = 4; lastKnownFileType = sourcecode.swift; path = StoryDetailView.swift; sourceTree = "<group>"; };
		F3430F662A67043200DC1B1C /* DetailContent.swift */ = {isa = PBXFileReference; fileEncoding = 4; lastKnownFileType = sourcecode.swift; path = DetailContent.swift; sourceTree = "<group>"; };
		F3430F672A67043200DC1B1C /* FavoriteButton.swift */ = {isa = PBXFileReference; fileEncoding = 4; lastKnownFileType = sourcecode.swift; path = FavoriteButton.swift; sourceTree = "<group>"; };
		F3430F692A67043200DC1B1C /* StoryListView.swift */ = {isa = PBXFileReference; fileEncoding = 4; lastKnownFileType = sourcecode.swift; path = StoryListView.swift; sourceTree = "<group>"; };
		F3430F6A2A67043200DC1B1C /* DailyStoryListCell.swift */ = {isa = PBXFileReference; fileEncoding = 4; lastKnownFileType = sourcecode.swift; path = DailyStoryListCell.swift; sourceTree = "<group>"; };
		F3430F6B2A67043200DC1B1C /* DailyStoryText.swift */ = {isa = PBXFileReference; fileEncoding = 4; lastKnownFileType = sourcecode.swift; path = DailyStoryText.swift; sourceTree = "<group>"; };
		F3430F6D2A67043200DC1B1C /* StoryAlbumView.swift */ = {isa = PBXFileReference; fileEncoding = 4; lastKnownFileType = sourcecode.swift; path = StoryAlbumView.swift; sourceTree = "<group>"; };
		F3430F6E2A67043200DC1B1C /* MonthlyStoryCollection.swift */ = {isa = PBXFileReference; fileEncoding = 4; lastKnownFileType = sourcecode.swift; path = MonthlyStoryCollection.swift; sourceTree = "<group>"; };
		F3430F6F2A67043200DC1B1C /* StoryView.swift */ = {isa = PBXFileReference; fileEncoding = 4; lastKnownFileType = sourcecode.swift; path = StoryView.swift; sourceTree = "<group>"; };
		F3430F722A67043200DC1B1C /* Family.swift */ = {isa = PBXFileReference; fileEncoding = 4; lastKnownFileType = sourcecode.swift; path = Family.swift; sourceTree = "<group>"; };
		F3430F752A67043200DC1B1C /* User.swift */ = {isa = PBXFileReference; fileEncoding = 4; lastKnownFileType = sourcecode.swift; path = User.swift; sourceTree = "<group>"; };
		F3430F762A67043200DC1B1C /* Story.swift */ = {isa = PBXFileReference; fileEncoding = 4; lastKnownFileType = sourcecode.swift; path = Story.swift; sourceTree = "<group>"; };
		F3430F772A67043200DC1B1C /* Token.swift */ = {isa = PBXFileReference; fileEncoding = 4; lastKnownFileType = sourcecode.swift; path = Token.swift; sourceTree = "<group>"; };
		F3430F792A67043200DC1B1C /* UserViewModel.swift */ = {isa = PBXFileReference; fileEncoding = 4; lastKnownFileType = sourcecode.swift; path = UserViewModel.swift; sourceTree = "<group>"; };
		F3430F7A2A67043200DC1B1C /* LoginViewModel.swift */ = {isa = PBXFileReference; fileEncoding = 4; lastKnownFileType = sourcecode.swift; path = LoginViewModel.swift; sourceTree = "<group>"; };
		F3430F7B2A67043200DC1B1C /* StoryViewModel.swift */ = {isa = PBXFileReference; fileEncoding = 4; lastKnownFileType = sourcecode.swift; path = StoryViewModel.swift; sourceTree = "<group>"; };
		F3430F7C2A67043200DC1B1C /* FamilyViewModel.swift */ = {isa = PBXFileReference; fileEncoding = 4; lastKnownFileType = sourcecode.swift; path = FamilyViewModel.swift; sourceTree = "<group>"; };
		F3430F7F2A67043200DC1B1C /* String+Extension.swift */ = {isa = PBXFileReference; fileEncoding = 4; lastKnownFileType = sourcecode.swift; path = "String+Extension.swift"; sourceTree = "<group>"; };
		F3430F802A67043200DC1B1C /* Color+Extension.swift */ = {isa = PBXFileReference; fileEncoding = 4; lastKnownFileType = sourcecode.swift; path = "Color+Extension.swift"; sourceTree = "<group>"; };
		F3430F812A67043200DC1B1C /* Image+Extension.swift */ = {isa = PBXFileReference; fileEncoding = 4; lastKnownFileType = sourcecode.swift; path = "Image+Extension.swift"; sourceTree = "<group>"; };
		F3430F822A67043200DC1B1C /* View+Extension.swift */ = {isa = PBXFileReference; fileEncoding = 4; lastKnownFileType = sourcecode.swift; path = "View+Extension.swift"; sourceTree = "<group>"; };
		F3463A522A8651DD0064B3E4 /* KakaoLoginButton.swift */ = {isa = PBXFileReference; lastKnownFileType = sourcecode.swift; path = KakaoLoginButton.swift; sourceTree = "<group>"; };
		F352856E2A7058E500466C61 /* SplashView.swift */ = {isa = PBXFileReference; lastKnownFileType = sourcecode.swift; path = SplashView.swift; sourceTree = "<group>"; };
		F35A44F52A8140260092F342 /* RecordButton.swift */ = {isa = PBXFileReference; lastKnownFileType = sourcecode.swift; path = RecordButton.swift; sourceTree = "<group>"; };
		F36508522A81278400A14217 /* StoryRecordView.swift */ = {isa = PBXFileReference; lastKnownFileType = sourcecode.swift; path = StoryRecordView.swift; sourceTree = "<group>"; };
		F36629232A8571F300503E76 /* RecordSuccessButton.swift */ = {isa = PBXFileReference; lastKnownFileType = sourcecode.swift; path = RecordSuccessButton.swift; sourceTree = "<group>"; };
		F36A82942A71921A00C6A90C /* BackToFamilyLinkViewButton.swift */ = {isa = PBXFileReference; lastKnownFileType = sourcecode.swift; path = BackToFamilyLinkViewButton.swift; sourceTree = "<group>"; };
		F3799FBE2A8E3449000F8C46 /* ImageLoader.swift */ = {isa = PBXFileReference; lastKnownFileType = sourcecode.swift; path = ImageLoader.swift; sourceTree = "<group>"; };
		F3799FC02A8E348C000F8C46 /* ImageCache.swift */ = {isa = PBXFileReference; lastKnownFileType = sourcecode.swift; path = ImageCache.swift; sourceTree = "<group>"; };
		F37CDD0E2A86578D0002FFFE /* AppleLoginButton.swift */ = {isa = PBXFileReference; lastKnownFileType = sourcecode.swift; path = AppleLoginButton.swift; sourceTree = "<group>"; };
		F37E88C42A93D9E000D760A1 /* YPImagePickerView.swift */ = {isa = PBXFileReference; lastKnownFileType = sourcecode.swift; path = YPImagePickerView.swift; sourceTree = "<group>"; };
		F38C12922A83920500DDAAA8 /* ZoomDetailImageCell.swift */ = {isa = PBXFileReference; lastKnownFileType = sourcecode.swift; path = ZoomDetailImageCell.swift; sourceTree = "<group>"; };
		F39B28482A8C02E3000D26C7 /* TestBackButton.swift */ = {isa = PBXFileReference; lastKnownFileType = sourcecode.swift; path = TestBackButton.swift; sourceTree = "<group>"; };
		F39EF2812A6B93E5005FD6DB /* JoinNickname.swift */ = {isa = PBXFileReference; lastKnownFileType = sourcecode.swift; path = JoinNickname.swift; sourceTree = "<group>"; };
		F39EF2832A6B95D3005FD6DB /* JoinBirthday.swift */ = {isa = PBXFileReference; lastKnownFileType = sourcecode.swift; path = JoinBirthday.swift; sourceTree = "<group>"; };
		F39EF2852A6B96A1005FD6DB /* JoinFamilyName.swift */ = {isa = PBXFileReference; lastKnownFileType = sourcecode.swift; path = JoinFamilyName.swift; sourceTree = "<group>"; };
		F39EF2872A6B972E005FD6DB /* JoinFamily.swift */ = {isa = PBXFileReference; lastKnownFileType = sourcecode.swift; path = JoinFamily.swift; sourceTree = "<group>"; };
		F39EF2892A6B9860005FD6DB /* InviteFamily.swift */ = {isa = PBXFileReference; lastKnownFileType = sourcecode.swift; path = InviteFamily.swift; sourceTree = "<group>"; };
		F39EF28B2A6BA429005FD6DB /* BeInviteFamily.swift */ = {isa = PBXFileReference; lastKnownFileType = sourcecode.swift; path = BeInviteFamily.swift; sourceTree = "<group>"; };
		F39EF28D2A6BA80F005FD6DB /* TermsOfUse.swift */ = {isa = PBXFileReference; lastKnownFileType = sourcecode.swift; path = TermsOfUse.swift; sourceTree = "<group>"; };
		F39EF2912A6DBA2C005FD6DB /* BackToLoginButton.swift */ = {isa = PBXFileReference; lastKnownFileType = sourcecode.swift; path = BackToLoginButton.swift; sourceTree = "<group>"; };
		F3A13F122A7821D40003D589 /* ZoomImages.swift */ = {isa = PBXFileReference; lastKnownFileType = sourcecode.swift; path = ZoomImages.swift; sourceTree = "<group>"; };
		F3A5E0CA2A8D0CFB002EEAC0 /* EditMyPageAlertView.swift */ = {isa = PBXFileReference; lastKnownFileType = sourcecode.swift; path = EditMyPageAlertView.swift; sourceTree = "<group>"; };
		F3A8ABBF2A84A661000F34F4 /* PhotosPickerButton.swift */ = {isa = PBXFileReference; lastKnownFileType = sourcecode.swift; path = PhotosPickerButton.swift; sourceTree = "<group>"; };
		F3A8ABC12A84D9B3000F34F4 /* UIImage+Extension.swift */ = {isa = PBXFileReference; lastKnownFileType = sourcecode.swift; path = "UIImage+Extension.swift"; sourceTree = "<group>"; };
		F3C1BE642A70F1C5002ADB3B /* UserViewModelTestView.swift */ = {isa = PBXFileReference; lastKnownFileType = sourcecode.swift; path = UserViewModelTestView.swift; sourceTree = "<group>"; };
		F3C1BE662A70F26E002ADB3B /* FamilyViewModelTestView.swift */ = {isa = PBXFileReference; lastKnownFileType = sourcecode.swift; path = FamilyViewModelTestView.swift; sourceTree = "<group>"; };
		F3C1BE682A70F2C6002ADB3B /* StoryViewModelTestView.swift */ = {isa = PBXFileReference; lastKnownFileType = sourcecode.swift; path = StoryViewModelTestView.swift; sourceTree = "<group>"; };
		F3C1BE6A2A710544002ADB3B /* MainView.swift */ = {isa = PBXFileReference; lastKnownFileType = sourcecode.swift; path = MainView.swift; sourceTree = "<group>"; };
		F3C1BE6C2A710820002ADB3B /* StoryViewHeader.swift */ = {isa = PBXFileReference; lastKnownFileType = sourcecode.swift; path = StoryViewHeader.swift; sourceTree = "<group>"; };
		F3C1BE702A711024002ADB3B /* StorySearchView.swift */ = {isa = PBXFileReference; lastKnownFileType = sourcecode.swift; path = StorySearchView.swift; sourceTree = "<group>"; };
		F3C1BE722A71147C002ADB3B /* RecentSearchList.swift */ = {isa = PBXFileReference; lastKnownFileType = sourcecode.swift; path = RecentSearchList.swift; sourceTree = "<group>"; };
		F3C1BE742A711D74002ADB3B /* CustomNavigationBackButton.swift */ = {isa = PBXFileReference; lastKnownFileType = sourcecode.swift; path = CustomNavigationBackButton.swift; sourceTree = "<group>"; };
		F3E8CDC92A810719007A0C3A /* ContentView.swift */ = {isa = PBXFileReference; lastKnownFileType = sourcecode.swift; path = ContentView.swift; sourceTree = "<group>"; };
		F3ECF9962A925C0D00B553D1 /* StoryModifyView.swift */ = {isa = PBXFileReference; lastKnownFileType = sourcecode.swift; path = StoryModifyView.swift; sourceTree = "<group>"; };
		F3ECF9982A925CC500B553D1 /* ModifySuccessButton.swift */ = {isa = PBXFileReference; lastKnownFileType = sourcecode.swift; path = ModifySuccessButton.swift; sourceTree = "<group>"; };
		F3ECF99B2A92A70D00B553D1 /* FamilyPhotosPickerButton.swift */ = {isa = PBXFileReference; lastKnownFileType = sourcecode.swift; path = FamilyPhotosPickerButton.swift; sourceTree = "<group>"; };
/* End PBXFileReference section */

/* Begin PBXFrameworksBuildPhase section */
		F3430F082A6701AD00DC1B1C /* Frameworks */ = {
			isa = PBXFrameworksBuildPhase;
			buildActionMask = 2147483647;
			files = (
				356A54472A84D66D006E22C8 /* SimpleToast in Frameworks */,
				F37E88C32A93D98400D760A1 /* YPImagePicker in Frameworks */,
				F3430F3A2A67024A00DC1B1C /* KakaoSDK in Frameworks */,
			);
			runOnlyForDeploymentPostprocessing = 0;
		};
		F3430F182A6701AE00DC1B1C /* Frameworks */ = {
			isa = PBXFrameworksBuildPhase;
			buildActionMask = 2147483647;
			files = (
			);
			runOnlyForDeploymentPostprocessing = 0;
		};
		F3430F222A6701AE00DC1B1C /* Frameworks */ = {
			isa = PBXFrameworksBuildPhase;
			buildActionMask = 2147483647;
			files = (
			);
			runOnlyForDeploymentPostprocessing = 0;
		};
/* End PBXFrameworksBuildPhase section */

/* Begin PBXGroup section */
		356A54492A84FD5B006E22C8 /* Calendar */ = {
			isa = PBXGroup;
			children = (
				356A544E2A855F30006E22C8 /* Models */,
				356A54532A855FE9006E22C8 /* EventsCalendarView.swift */,
				356A54552A856001006E22C8 /* CalendarView.swift */,
				356A54592A8560BA006E22C8 /* EventFormViewModel.swift */,
				356A545B2A8560D8006E22C8 /* EventFormView.swift */,
				356A545D2A8560F3006E22C8 /* EventFormType.swift */,
				356A54612A8565A0006E22C8 /* DaysEvents.swift */,
				356A54632A8565C3006E22C8 /* EventsListView.swift */,
				356A54652A8565E6006E22C8 /* ListViewRow.swift */,
			);
			path = Calendar;
			sourceTree = "<group>";
		};
		356A544E2A855F30006E22C8 /* Models */ = {
			isa = PBXGroup;
			children = (
				356A544F2A855F5D006E22C8 /* EventStore.swift */,
				356A54512A855F73006E22C8 /* Event.swift */,
			);
			path = Models;
			sourceTree = "<group>";
		};
		35B3CD5F2A80084F00127259 /* MyPageInfo */ = {
			isa = PBXGroup;
			children = (
				35B3CD602A80086E00127259 /* MyPageProfile.swift */,
				35B3CD622A80088500127259 /* MyPageProfileInfo.swift */,
				35B3CD642A8008A000127259 /* MyPageStoryInfo.swift */,
				35B3CD662A8008B300127259 /* MyPageProfilePhoto.swift */,
				35B3CD712A81760700127259 /* EditMyPage.swift */,
				F3A5E0CA2A8D0CFB002EEAC0 /* EditMyPageAlertView.swift */,
			);
			path = MyPageInfo;
			sourceTree = "<group>";
		};
		35B3CD682A8010F900127259 /* HomeHeaderButton */ = {
			isa = PBXGroup;
			children = (
				35B3CD5D2A8004A900127259 /* HomeNotificationView.swift */,
			);
			path = HomeHeaderButton;
			sourceTree = "<group>";
		};
		35BF302C2A89171300F43DB5 /* Report */ = {
			isa = PBXGroup;
			children = (
				35BF302D2A89172300F43DB5 /* ReportView.swift */,
			);
			path = Report;
			sourceTree = "<group>";
		};
		883B47CB2A686C05004C2D20 /* MyPage */ = {
			isa = PBXGroup;
			children = (
				35B3CD5F2A80084F00127259 /* MyPageInfo */,
				883B47CE2A686C2F004C2D20 /* Setting */,
			);
			path = MyPage;
			sourceTree = "<group>";
		};
		883B47CE2A686C2F004C2D20 /* Setting */ = {
			isa = PBXGroup;
			children = (
				883B47D92A686DFA004C2D20 /* SettingHelper */,
				883B47D02A686CF5004C2D20 /* Attribute */,
				883B47CC2A686C1D004C2D20 /* SettingView.swift */,
			);
			path = Setting;
			sourceTree = "<group>";
		};
		883B47D02A686CF5004C2D20 /* Attribute */ = {
			isa = PBXGroup;
			children = (
				883B47D12A686D17004C2D20 /* FamilyNameChangeView.swift */,
				883B47D32A686D25004C2D20 /* InviteView.swift */,
			);
			path = Attribute;
			sourceTree = "<group>";
		};
		883B47D92A686DFA004C2D20 /* SettingHelper */ = {
			isa = PBXGroup;
			children = (
				883B47DA2A686E36004C2D20 /* CustomToggle.swift */,
			);
			path = SettingHelper;
			sourceTree = "<group>";
		};
		F3430F022A6701AD00DC1B1C = {
			isa = PBXGroup;
			children = (
				F3430F0D2A6701AD00DC1B1C /* Owori */,
				F3430F1E2A6701AE00DC1B1C /* OworiTests */,
				F3430F282A6701AE00DC1B1C /* OworiUITests */,
				F3430F0C2A6701AD00DC1B1C /* Products */,
			);
			sourceTree = "<group>";
		};
		F3430F0C2A6701AD00DC1B1C /* Products */ = {
			isa = PBXGroup;
			children = (
				F3430F0B2A6701AD00DC1B1C /* Owori.app */,
				F3430F1B2A6701AE00DC1B1C /* OworiTests.xctest */,
				F3430F252A6701AE00DC1B1C /* OworiUITests.xctest */,
			);
			name = Products;
			sourceTree = "<group>";
		};
		F3430F0D2A6701AD00DC1B1C /* Owori */ = {
			isa = PBXGroup;
			children = (
				3580AFA12A6841DE00DC28F7 /* Owori.entitlements */,
				F3430F0E2A6701AD00DC1B1C /* OworiApp.swift */,
				F3430F3B2A6702EB00DC1B1C /* Info.plist */,
				F3430F7E2A67043200DC1B1C /* Extension */,
				F3430F702A67043200DC1B1C /* Model */,
				F3430F3C2A67043200DC1B1C /* View */,
				F3430F782A67043200DC1B1C /* ViewModel */,
				F3430F122A6701AD00DC1B1C /* Assets.xcassets */,
				F3430F142A6701AD00DC1B1C /* Preview Content */,
			);
			path = Owori;
			sourceTree = "<group>";
		};
		F3430F142A6701AD00DC1B1C /* Preview Content */ = {
			isa = PBXGroup;
			children = (
				F3430F152A6701AD00DC1B1C /* Preview Assets.xcassets */,
			);
			path = "Preview Content";
			sourceTree = "<group>";
		};
		F3430F1E2A6701AE00DC1B1C /* OworiTests */ = {
			isa = PBXGroup;
			children = (
				F3430F1F2A6701AE00DC1B1C /* OworiTests.swift */,
			);
			path = OworiTests;
			sourceTree = "<group>";
		};
		F3430F282A6701AE00DC1B1C /* OworiUITests */ = {
			isa = PBXGroup;
			children = (
				F3430F292A6701AE00DC1B1C /* OworiUITests.swift */,
				F3430F2B2A6701AE00DC1B1C /* OworiUITestsLaunchTests.swift */,
			);
			path = OworiUITests;
			sourceTree = "<group>";
		};
		F3430F3C2A67043200DC1B1C /* View */ = {
			isa = PBXGroup;
			children = (
				F3C1BE6A2A710544002ADB3B /* MainView.swift */,
				356A54492A84FD5B006E22C8 /* Calendar */,
				F3C1BE632A70F1A7002ADB3B /* TestView */,
				883B47CB2A686C05004C2D20 /* MyPage */,
				F3430F3D2A67043200DC1B1C /* Home */,
				F3430F4F2A67043200DC1B1C /* Login */,
				F3430F592A67043200DC1B1C /* Story */,
				F37E88C42A93D9E000D760A1 /* YPImagePickerView.swift */,
			);
			path = View;
			sourceTree = "<group>";
		};
		F3430F3D2A67043200DC1B1C /* Home */ = {
			isa = PBXGroup;
			children = (
				35BF302C2A89171300F43DB5 /* Report */,
				F3430F3E2A67043200DC1B1C /* Family */,
				F3430F442A67043200DC1B1C /* Profile */,
				F3430F482A67043200DC1B1C /* DDay */,
				F3430F4B2A67043200DC1B1C /* HomeHelper */,
				35A2D0FA2A781D3400FF8A5B /* RealHomeView.swift */,
				35B3CD682A8010F900127259 /* HomeHeaderButton */,
			);
			path = Home;
			sourceTree = "<group>";
		};
		F3430F3E2A67043200DC1B1C /* Family */ = {
			isa = PBXGroup;
			children = (
				F3ECF99A2A92A6DD00B553D1 /* Helper */,
				F3430F412A67043200DC1B1C /* FamilyView.swift */,
				886F8DF32A6C56C100D60BCC /* FamilyInitialPhoto.swift */,
				886F8DF72A6C570500D60BCC /* ExistPhoto.swift */,
				886F8DF52A6C56E800D60BCC /* AddFamilyPhoto.swift */,
			);
			path = Family;
			sourceTree = "<group>";
		};
		F3430F442A67043200DC1B1C /* Profile */ = {
			isa = PBXGroup;
			children = (
				F3430F452A67043200DC1B1C /* ProfileView.swift */,
				F3430F472A67043200DC1B1C /* ProfileText.swift */,
				886F8DFB2A6C57E600D60BCC /* ProfileImage.swift */,
				886F8DFD2A6C582400D60BCC /* ProfileImageWithBadge.swift */,
				886F8E012A6C586B00D60BCC /* ProfileEmotionBadge.swift */,
				886F8DFF2A6C584900D60BCC /* SelectEmotionBadge.swift */,
			);
			path = Profile;
			sourceTree = "<group>";
		};
		F3430F482A67043200DC1B1C /* DDay */ = {
			isa = PBXGroup;
			children = (
				F3430F4A2A67043200DC1B1C /* DDayView.swift */,
				886F8DF92A6C578B00D60BCC /* DDayInitialCard.swift */,
				35B3CD592A7D5CCF00127259 /* WriteDDay.swift */,
			);
			path = DDay;
			sourceTree = "<group>";
		};
		F3430F4B2A67043200DC1B1C /* HomeHelper */ = {
			isa = PBXGroup;
			children = (
				886F8DEB2A6C55E300D60BCC /* BackButton.swift */,
				88A392D92A7003BB00ACBD71 /* BackCancel.swift */,
			);
			path = HomeHelper;
			sourceTree = "<group>";
		};
		F3430F4F2A67043200DC1B1C /* Login */ = {
			isa = PBXGroup;
			children = (
				F3430F502A67043200DC1B1C /* LoginView.swift */,
				F3430F522A67043200DC1B1C /* JoinView */,
				F3430F552A67043200DC1B1C /* Helper */,
				F3430F572A67043200DC1B1C /* OnBoarding */,
			);
			path = Login;
			sourceTree = "<group>";
		};
		F3430F522A67043200DC1B1C /* JoinView */ = {
			isa = PBXGroup;
			children = (
				F3430F532A67043200DC1B1C /* NumberIndicator.swift */,
				F39EF2812A6B93E5005FD6DB /* JoinNickname.swift */,
				F39EF2832A6B95D3005FD6DB /* JoinBirthday.swift */,
				F39EF28D2A6BA80F005FD6DB /* TermsOfUse.swift */,
				F39EF2872A6B972E005FD6DB /* JoinFamily.swift */,
				F39EF2892A6B9860005FD6DB /* InviteFamily.swift */,
				F39EF2852A6B96A1005FD6DB /* JoinFamilyName.swift */,
				F39EF28B2A6BA429005FD6DB /* BeInviteFamily.swift */,
			);
			path = JoinView;
			sourceTree = "<group>";
		};
		F3430F552A67043200DC1B1C /* Helper */ = {
			isa = PBXGroup;
			children = (
				F3463A522A8651DD0064B3E4 /* KakaoLoginButton.swift */,
				F39EF2912A6DBA2C005FD6DB /* BackToLoginButton.swift */,
				F3430F562A67043200DC1B1C /* LoginButton.swift */,
				F36A82942A71921A00C6A90C /* BackToFamilyLinkViewButton.swift */,
				F37CDD0E2A86578D0002FFFE /* AppleLoginButton.swift */,
			);
			path = Helper;
			sourceTree = "<group>";
		};
		F3430F572A67043200DC1B1C /* OnBoarding */ = {
			isa = PBXGroup;
			children = (
				F3430F582A67043200DC1B1C /* OnBoardingView.swift */,
				F352856E2A7058E500466C61 /* SplashView.swift */,
			);
			path = OnBoarding;
			sourceTree = "<group>";
		};
		F3430F592A67043200DC1B1C /* Story */ = {
			isa = PBXGroup;
			children = (
				F36508512A81262E00A14217 /* Record */,
				F3C1BE6E2A711008002ADB3B /* Search */,
				F3430F5A2A67043200DC1B1C /* StoryHelper */,
				F3430F5F2A67043200DC1B1C /* Detail */,
				F3430F682A67043200DC1B1C /* List */,
				F3430F6C2A67043200DC1B1C /* Album */,
				F3430F6F2A67043200DC1B1C /* StoryView.swift */,
			);
			path = Story;
			sourceTree = "<group>";
		};
		F3430F5A2A67043200DC1B1C /* StoryHelper */ = {
			isa = PBXGroup;
			children = (
				F3A8ABBF2A84A661000F34F4 /* PhotosPickerButton.swift */,
				F3430F5B2A67043200DC1B1C /* DailyStoryImageCell.swift */,
				F3430F5C2A67043200DC1B1C /* CurrentImageOrder.swift */,
				F3430F5D2A67043200DC1B1C /* SortMenu.swift */,
				F3430F5E2A67043200DC1B1C /* AlbumListButton.swift */,
				F3C1BE6C2A710820002ADB3B /* StoryViewHeader.swift */,
				F3C1BE742A711D74002ADB3B /* CustomNavigationBackButton.swift */,
				F35A44F52A8140260092F342 /* RecordButton.swift */,
			);
			path = StoryHelper;
			sourceTree = "<group>";
		};
		F3430F5F2A67043200DC1B1C /* Detail */ = {
			isa = PBXGroup;
			children = (
				F3430F602A67043200DC1B1C /* ContentText.swift */,
				F3430F612A67043200DC1B1C /* DetailImageCell.swift */,
				F3430F622A67043200DC1B1C /* ContentTitle.swift */,
				F3430F632A67043200DC1B1C /* ImageTabView.swift */,
				F3430F642A67043200DC1B1C /* HorizontalImageScrollView.swift */,
				F3430F652A67043200DC1B1C /* StoryDetailView.swift */,
				F3430F662A67043200DC1B1C /* DetailContent.swift */,
				F3430F672A67043200DC1B1C /* FavoriteButton.swift */,
				F3A13F122A7821D40003D589 /* ZoomImages.swift */,
				F38C12922A83920500DDAAA8 /* ZoomDetailImageCell.swift */,
				357F6FDD2A8DF7A20022E224 /* Comment.swift */,
				357F6FE12A8E25760022E224 /* CommentsView.swift */,
				357F6FDF2A8DF7C60022E224 /* Recomment.swift */,
				F3ECF9962A925C0D00B553D1 /* StoryModifyView.swift */,
				F3ECF9982A925CC500B553D1 /* ModifySuccessButton.swift */,
			);
			path = Detail;
			sourceTree = "<group>";
		};
		F3430F682A67043200DC1B1C /* List */ = {
			isa = PBXGroup;
			children = (
				F3430F692A67043200DC1B1C /* StoryListView.swift */,
				F3430F6A2A67043200DC1B1C /* DailyStoryListCell.swift */,
				F3430F6B2A67043200DC1B1C /* DailyStoryText.swift */,
			);
			path = List;
			sourceTree = "<group>";
		};
		F3430F6C2A67043200DC1B1C /* Album */ = {
			isa = PBXGroup;
			children = (
				F3430F6D2A67043200DC1B1C /* StoryAlbumView.swift */,
				F3430F6E2A67043200DC1B1C /* MonthlyStoryCollection.swift */,
			);
			path = Album;
			sourceTree = "<group>";
		};
		F3430F702A67043200DC1B1C /* Model */ = {
			isa = PBXGroup;
			children = (
				F3430F722A67043200DC1B1C /* Family.swift */,
				F3430F752A67043200DC1B1C /* User.swift */,
				F3430F762A67043200DC1B1C /* Story.swift */,
				F3430F772A67043200DC1B1C /* Token.swift */,
			);
			path = Model;
			sourceTree = "<group>";
		};
		F3430F782A67043200DC1B1C /* ViewModel */ = {
			isa = PBXGroup;
			children = (
				F3430F792A67043200DC1B1C /* UserViewModel.swift */,
				F3430F7A2A67043200DC1B1C /* LoginViewModel.swift */,
				F3430F7B2A67043200DC1B1C /* StoryViewModel.swift */,
				F3430F7C2A67043200DC1B1C /* FamilyViewModel.swift */,
				F3799FBE2A8E3449000F8C46 /* ImageLoader.swift */,
				F3799FC02A8E348C000F8C46 /* ImageCache.swift */,
			);
			path = ViewModel;
			sourceTree = "<group>";
		};
		F3430F7E2A67043200DC1B1C /* Extension */ = {
			isa = PBXGroup;
			children = (
				F3430F7F2A67043200DC1B1C /* String+Extension.swift */,
				F3430F802A67043200DC1B1C /* Color+Extension.swift */,
				F3430F812A67043200DC1B1C /* Image+Extension.swift */,
				F3430F822A67043200DC1B1C /* View+Extension.swift */,
				F3A8ABC12A84D9B3000F34F4 /* UIImage+Extension.swift */,
				356A54692A860D70006E22C8 /* Date+Extension.swift */,
			);
			path = Extension;
			sourceTree = "<group>";
		};
		F36508512A81262E00A14217 /* Record */ = {
			isa = PBXGroup;
			children = (
				F36508522A81278400A14217 /* StoryRecordView.swift */,
				F36629232A8571F300503E76 /* RecordSuccessButton.swift */,
			);
			path = Record;
			sourceTree = "<group>";
		};
		F3C1BE632A70F1A7002ADB3B /* TestView */ = {
			isa = PBXGroup;
			children = (
				F3430F512A67043200DC1B1C /* LoginTestView.swift */,
				3580AFA22A6844DB00DC28F7 /* AppleLoginTestView.swift */,
				F3C1BE642A70F1C5002ADB3B /* UserViewModelTestView.swift */,
				F3C1BE662A70F26E002ADB3B /* FamilyViewModelTestView.swift */,
				F3C1BE682A70F2C6002ADB3B /* StoryViewModelTestView.swift */,
				F3E8CDC92A810719007A0C3A /* ContentView.swift */,
				F39B28482A8C02E3000D26C7 /* TestBackButton.swift */,
			);
			path = TestView;
			sourceTree = "<group>";
		};
		F3C1BE6E2A711008002ADB3B /* Search */ = {
			isa = PBXGroup;
			children = (
				F3C1BE702A711024002ADB3B /* StorySearchView.swift */,
				F3C1BE722A71147C002ADB3B /* RecentSearchList.swift */,
			);
			path = Search;
			sourceTree = "<group>";
		};
		F3ECF99A2A92A6DD00B553D1 /* Helper */ = {
			isa = PBXGroup;
			children = (
				F3ECF99B2A92A70D00B553D1 /* FamilyPhotosPickerButton.swift */,
			);
			path = Helper;
			sourceTree = "<group>";
		};
/* End PBXGroup section */

/* Begin PBXNativeTarget section */
		F3430F0A2A6701AD00DC1B1C /* Owori */ = {
			isa = PBXNativeTarget;
			buildConfigurationList = F3430F2F2A6701AE00DC1B1C /* Build configuration list for PBXNativeTarget "Owori" */;
			buildPhases = (
				F3430F072A6701AD00DC1B1C /* Sources */,
				F3430F082A6701AD00DC1B1C /* Frameworks */,
				F3430F092A6701AD00DC1B1C /* Resources */,
			);
			buildRules = (
			);
			dependencies = (
			);
			name = Owori;
			packageProductDependencies = (
				F3430F392A67024A00DC1B1C /* KakaoSDK */,
				356A54462A84D66D006E22C8 /* SimpleToast */,
				F37E88C22A93D98400D760A1 /* YPImagePicker */,
			);
			productName = Owori;
			productReference = F3430F0B2A6701AD00DC1B1C /* Owori.app */;
			productType = "com.apple.product-type.application";
		};
		F3430F1A2A6701AE00DC1B1C /* OworiTests */ = {
			isa = PBXNativeTarget;
			buildConfigurationList = F3430F322A6701AE00DC1B1C /* Build configuration list for PBXNativeTarget "OworiTests" */;
			buildPhases = (
				F3430F172A6701AE00DC1B1C /* Sources */,
				F3430F182A6701AE00DC1B1C /* Frameworks */,
				F3430F192A6701AE00DC1B1C /* Resources */,
			);
			buildRules = (
			);
			dependencies = (
				F3430F1D2A6701AE00DC1B1C /* PBXTargetDependency */,
			);
			name = OworiTests;
			productName = OworiTests;
			productReference = F3430F1B2A6701AE00DC1B1C /* OworiTests.xctest */;
			productType = "com.apple.product-type.bundle.unit-test";
		};
		F3430F242A6701AE00DC1B1C /* OworiUITests */ = {
			isa = PBXNativeTarget;
			buildConfigurationList = F3430F352A6701AE00DC1B1C /* Build configuration list for PBXNativeTarget "OworiUITests" */;
			buildPhases = (
				F3430F212A6701AE00DC1B1C /* Sources */,
				F3430F222A6701AE00DC1B1C /* Frameworks */,
				F3430F232A6701AE00DC1B1C /* Resources */,
			);
			buildRules = (
			);
			dependencies = (
				F3430F272A6701AE00DC1B1C /* PBXTargetDependency */,
			);
			name = OworiUITests;
			productName = OworiUITests;
			productReference = F3430F252A6701AE00DC1B1C /* OworiUITests.xctest */;
			productType = "com.apple.product-type.bundle.ui-testing";
		};
/* End PBXNativeTarget section */

/* Begin PBXProject section */
		F3430F032A6701AD00DC1B1C /* Project object */ = {
			isa = PBXProject;
			attributes = {
				BuildIndependentTargetsInParallel = 1;
				LastSwiftUpdateCheck = 1430;
				LastUpgradeCheck = 1430;
				TargetAttributes = {
					F3430F0A2A6701AD00DC1B1C = {
						CreatedOnToolsVersion = 14.3.1;
					};
					F3430F1A2A6701AE00DC1B1C = {
						CreatedOnToolsVersion = 14.3.1;
						TestTargetID = F3430F0A2A6701AD00DC1B1C;
					};
					F3430F242A6701AE00DC1B1C = {
						CreatedOnToolsVersion = 14.3.1;
						TestTargetID = F3430F0A2A6701AD00DC1B1C;
					};
				};
			};
			buildConfigurationList = F3430F062A6701AD00DC1B1C /* Build configuration list for PBXProject "Owori" */;
			compatibilityVersion = "Xcode 14.0";
			developmentRegion = en;
			hasScannedForEncodings = 0;
			knownRegions = (
				en,
				Base,
			);
			mainGroup = F3430F022A6701AD00DC1B1C;
			packageReferences = (
				F3430F382A67024A00DC1B1C /* XCRemoteSwiftPackageReference "kakao-ios-sdk" */,
				356A54452A84D66D006E22C8 /* XCRemoteSwiftPackageReference "SimpleToast" */,
				F37E88C12A93D98400D760A1 /* XCRemoteSwiftPackageReference "YPImagePicker" */,
			);
			productRefGroup = F3430F0C2A6701AD00DC1B1C /* Products */;
			projectDirPath = "";
			projectRoot = "";
			targets = (
				F3430F0A2A6701AD00DC1B1C /* Owori */,
				F3430F1A2A6701AE00DC1B1C /* OworiTests */,
				F3430F242A6701AE00DC1B1C /* OworiUITests */,
			);
		};
/* End PBXProject section */

/* Begin PBXResourcesBuildPhase section */
		F3430F092A6701AD00DC1B1C /* Resources */ = {
			isa = PBXResourcesBuildPhase;
			buildActionMask = 2147483647;
			files = (
				F3430F162A6701AD00DC1B1C /* Preview Assets.xcassets in Resources */,
				F3430F132A6701AD00DC1B1C /* Assets.xcassets in Resources */,
			);
			runOnlyForDeploymentPostprocessing = 0;
		};
		F3430F192A6701AE00DC1B1C /* Resources */ = {
			isa = PBXResourcesBuildPhase;
			buildActionMask = 2147483647;
			files = (
			);
			runOnlyForDeploymentPostprocessing = 0;
		};
		F3430F232A6701AE00DC1B1C /* Resources */ = {
			isa = PBXResourcesBuildPhase;
			buildActionMask = 2147483647;
			files = (
			);
			runOnlyForDeploymentPostprocessing = 0;
		};
/* End PBXResourcesBuildPhase section */

/* Begin PBXSourcesBuildPhase section */
		F3430F072A6701AD00DC1B1C /* Sources */ = {
			isa = PBXSourcesBuildPhase;
			buildActionMask = 2147483647;
			files = (
				F3430F882A67043200DC1B1C /* ProfileView.swift in Sources */,
				F3ECF9992A925CC500B553D1 /* ModifySuccessButton.swift in Sources */,
				F352856F2A7058E500466C61 /* SplashView.swift in Sources */,
				357F6FE22A8E25760022E224 /* CommentsView.swift in Sources */,
				F3430F852A67043200DC1B1C /* FamilyView.swift in Sources */,
				886F8E002A6C584900D60BCC /* SelectEmotionBadge.swift in Sources */,
				F3C1BE732A71147C002ADB3B /* RecentSearchList.swift in Sources */,
				F3C1BE652A70F1C5002ADB3B /* UserViewModelTestView.swift in Sources */,
				F3430F8C2A67043200DC1B1C /* DDayView.swift in Sources */,
				F39EF28C2A6BA429005FD6DB /* BeInviteFamily.swift in Sources */,
				356A54522A855F73006E22C8 /* Event.swift in Sources */,
				357F6FDE2A8DF7A20022E224 /* Comment.swift in Sources */,
				F3430F942A67043200DC1B1C /* LoginButton.swift in Sources */,
				F3430FB72A67043200DC1B1C /* View+Extension.swift in Sources */,
				F38C12932A83920500DDAAA8 /* ZoomDetailImageCell.swift in Sources */,
				F3430F982A67043200DC1B1C /* SortMenu.swift in Sources */,
				F3430F992A67043200DC1B1C /* AlbumListButton.swift in Sources */,
				356A54542A855FE9006E22C8 /* EventsCalendarView.swift in Sources */,
				F3A13F132A7821D40003D589 /* ZoomImages.swift in Sources */,
				F3430FA72A67043200DC1B1C /* StoryView.swift in Sources */,
				356A54642A8565C3006E22C8 /* EventsListView.swift in Sources */,
				886F8DFC2A6C57E600D60BCC /* ProfileImage.swift in Sources */,
				F3463A532A8651DD0064B3E4 /* KakaoLoginButton.swift in Sources */,
				F3430FA12A67043200DC1B1C /* FavoriteButton.swift in Sources */,
				F3430FA52A67043200DC1B1C /* StoryAlbumView.swift in Sources */,
				F3A8ABC02A84A661000F34F4 /* PhotosPickerButton.swift in Sources */,
				883B47D22A686D17004C2D20 /* FamilyNameChangeView.swift in Sources */,
				356A54502A855F5D006E22C8 /* EventStore.swift in Sources */,
				886F8DFA2A6C578B00D60BCC /* DDayInitialCard.swift in Sources */,
				356A546A2A860D70006E22C8 /* Date+Extension.swift in Sources */,
				F3430F9D2A67043200DC1B1C /* ImageTabView.swift in Sources */,
				356A545E2A8560F3006E22C8 /* EventFormType.swift in Sources */,
				F3C1BE6B2A710544002ADB3B /* MainView.swift in Sources */,
				F3430FB22A67043200DC1B1C /* FamilyViewModel.swift in Sources */,
				F3430F8A2A67043200DC1B1C /* ProfileText.swift in Sources */,
				F39EF28A2A6B9860005FD6DB /* InviteFamily.swift in Sources */,
				356A545C2A8560D8006E22C8 /* EventFormView.swift in Sources */,
				F3430F952A67043200DC1B1C /* OnBoardingView.swift in Sources */,
				F3A8ABC22A84D9B3000F34F4 /* UIImage+Extension.swift in Sources */,
				F3E8CDCA2A810719007A0C3A /* ContentView.swift in Sources */,
				35B3CD672A8008B300127259 /* MyPageProfilePhoto.swift in Sources */,
				F37E88C52A93D9E000D760A1 /* YPImagePickerView.swift in Sources */,
				F3ECF9972A925C0D00B553D1 /* StoryModifyView.swift in Sources */,
				35B3CD722A81760700127259 /* EditMyPage.swift in Sources */,
				886F8DFE2A6C582400D60BCC /* ProfileImageWithBadge.swift in Sources */,
				F3799FC12A8E348C000F8C46 /* ImageCache.swift in Sources */,
				883B47CD2A686C1D004C2D20 /* SettingView.swift in Sources */,
				F3430FA22A67043200DC1B1C /* StoryListView.swift in Sources */,
				886F8DF42A6C56C100D60BCC /* FamilyInitialPhoto.swift in Sources */,
				35BF302E2A89172300F43DB5 /* ReportView.swift in Sources */,
				F3C1BE712A711024002ADB3B /* StorySearchView.swift in Sources */,
				F3C1BE692A70F2C6002ADB3B /* StoryViewModelTestView.swift in Sources */,
				F39EF2882A6B972E005FD6DB /* JoinFamily.swift in Sources */,
				35B3CD652A8008A000127259 /* MyPageStoryInfo.swift in Sources */,
				F39EF2862A6B96A1005FD6DB /* JoinFamilyName.swift in Sources */,
				F3430FAF2A67043200DC1B1C /* UserViewModel.swift in Sources */,
				F3430FB02A67043200DC1B1C /* LoginViewModel.swift in Sources */,
				F3C1BE672A70F26E002ADB3B /* FamilyViewModelTestView.swift in Sources */,
				F3430FAE2A67043200DC1B1C /* Token.swift in Sources */,
				F36629242A8571F300503E76 /* RecordSuccessButton.swift in Sources */,
				F3430F9E2A67043200DC1B1C /* HorizontalImageScrollView.swift in Sources */,
				35B3CD632A80088500127259 /* MyPageProfileInfo.swift in Sources */,
				F3430F9F2A67043200DC1B1C /* StoryDetailView.swift in Sources */,
				F3430F922A67043200DC1B1C /* NumberIndicator.swift in Sources */,
				886F8DF62A6C56E800D60BCC /* AddFamilyPhoto.swift in Sources */,
				F3430F9C2A67043200DC1B1C /* ContentTitle.swift in Sources */,
				F39EF2842A6B95D3005FD6DB /* JoinBirthday.swift in Sources */,
				F3430FB62A67043200DC1B1C /* Image+Extension.swift in Sources */,
				F3430FB12A67043200DC1B1C /* StoryViewModel.swift in Sources */,
				F39EF2922A6DBA2C005FD6DB /* BackToLoginButton.swift in Sources */,
				F3430FA62A67043200DC1B1C /* MonthlyStoryCollection.swift in Sources */,
				F39EF2822A6B93E5005FD6DB /* JoinNickname.swift in Sources */,
				F3430FA92A67043200DC1B1C /* Family.swift in Sources */,
				F3430FB42A67043200DC1B1C /* String+Extension.swift in Sources */,
				F3430F9B2A67043200DC1B1C /* DetailImageCell.swift in Sources */,
				88A392DA2A7003BB00ACBD71 /* BackCancel.swift in Sources */,
				F36508532A81278400A14217 /* StoryRecordView.swift in Sources */,
				F3430FB52A67043200DC1B1C /* Color+Extension.swift in Sources */,
				356A54622A8565A0006E22C8 /* DaysEvents.swift in Sources */,
				F37CDD0F2A86578D0002FFFE /* AppleLoginButton.swift in Sources */,
				F3C1BE6D2A710820002ADB3B /* StoryViewHeader.swift in Sources */,
				F36A82952A71921A00C6A90C /* BackToFamilyLinkViewButton.swift in Sources */,
				883B47D42A686D25004C2D20 /* InviteView.swift in Sources */,
				883B47DB2A686E36004C2D20 /* CustomToggle.swift in Sources */,
				F3A5E0CB2A8D0CFB002EEAC0 /* EditMyPageAlertView.swift in Sources */,
				F3430F0F2A6701AD00DC1B1C /* OworiApp.swift in Sources */,
				35B3CD5E2A8004A900127259 /* HomeNotificationView.swift in Sources */,
				F3430F972A67043200DC1B1C /* CurrentImageOrder.swift in Sources */,
				35B3CD5A2A7D5CCF00127259 /* WriteDDay.swift in Sources */,
				F3430FAC2A67043200DC1B1C /* User.swift in Sources */,
				F3430FA32A67043200DC1B1C /* DailyStoryListCell.swift in Sources */,
				F39B28492A8C02E3000D26C7 /* TestBackButton.swift in Sources */,
				F3430F912A67043200DC1B1C /* LoginTestView.swift in Sources */,
				357F6FE02A8DF7C60022E224 /* Recomment.swift in Sources */,
				356A54562A856001006E22C8 /* CalendarView.swift in Sources */,
				F3799FBF2A8E3449000F8C46 /* ImageLoader.swift in Sources */,
				F3430F9A2A67043200DC1B1C /* ContentText.swift in Sources */,
				35A2D0FB2A781D3400FF8A5B /* RealHomeView.swift in Sources */,
				F3ECF99C2A92A70D00B553D1 /* FamilyPhotosPickerButton.swift in Sources */,
				F3430FA02A67043200DC1B1C /* DetailContent.swift in Sources */,
				F3430FA42A67043200DC1B1C /* DailyStoryText.swift in Sources */,
				F3430F962A67043200DC1B1C /* DailyStoryImageCell.swift in Sources */,
				F3430F902A67043200DC1B1C /* LoginView.swift in Sources */,
				886F8DEC2A6C55E300D60BCC /* BackButton.swift in Sources */,
				886F8E022A6C586B00D60BCC /* ProfileEmotionBadge.swift in Sources */,
				35B3CD612A80086E00127259 /* MyPageProfile.swift in Sources */,
				F39EF28E2A6BA80F005FD6DB /* TermsOfUse.swift in Sources */,
				F3430FAD2A67043200DC1B1C /* Story.swift in Sources */,
				F35A44F62A8140260092F342 /* RecordButton.swift in Sources */,
				356A54662A8565E6006E22C8 /* ListViewRow.swift in Sources */,
				F3C1BE752A711D74002ADB3B /* CustomNavigationBackButton.swift in Sources */,
				3580AFA32A6844DB00DC28F7 /* AppleLoginTestView.swift in Sources */,
				886F8DF82A6C570500D60BCC /* ExistPhoto.swift in Sources */,
				356A545A2A8560BA006E22C8 /* EventFormViewModel.swift in Sources */,
			);
			runOnlyForDeploymentPostprocessing = 0;
		};
		F3430F172A6701AE00DC1B1C /* Sources */ = {
			isa = PBXSourcesBuildPhase;
			buildActionMask = 2147483647;
			files = (
				F3430F202A6701AE00DC1B1C /* OworiTests.swift in Sources */,
			);
			runOnlyForDeploymentPostprocessing = 0;
		};
		F3430F212A6701AE00DC1B1C /* Sources */ = {
			isa = PBXSourcesBuildPhase;
			buildActionMask = 2147483647;
			files = (
				F3430F2A2A6701AE00DC1B1C /* OworiUITests.swift in Sources */,
				F3430F2C2A6701AE00DC1B1C /* OworiUITestsLaunchTests.swift in Sources */,
			);
			runOnlyForDeploymentPostprocessing = 0;
		};
/* End PBXSourcesBuildPhase section */

/* Begin PBXTargetDependency section */
		F3430F1D2A6701AE00DC1B1C /* PBXTargetDependency */ = {
			isa = PBXTargetDependency;
			target = F3430F0A2A6701AD00DC1B1C /* Owori */;
			targetProxy = F3430F1C2A6701AE00DC1B1C /* PBXContainerItemProxy */;
		};
		F3430F272A6701AE00DC1B1C /* PBXTargetDependency */ = {
			isa = PBXTargetDependency;
			target = F3430F0A2A6701AD00DC1B1C /* Owori */;
			targetProxy = F3430F262A6701AE00DC1B1C /* PBXContainerItemProxy */;
		};
/* End PBXTargetDependency section */

/* Begin XCBuildConfiguration section */
		F3430F2D2A6701AE00DC1B1C /* Debug */ = {
			isa = XCBuildConfiguration;
			buildSettings = {
				ALWAYS_SEARCH_USER_PATHS = NO;
				CLANG_ANALYZER_NONNULL = YES;
				CLANG_ANALYZER_NUMBER_OBJECT_CONVERSION = YES_AGGRESSIVE;
				CLANG_CXX_LANGUAGE_STANDARD = "gnu++20";
				CLANG_ENABLE_MODULES = YES;
				CLANG_ENABLE_OBJC_ARC = YES;
				CLANG_ENABLE_OBJC_WEAK = YES;
				CLANG_WARN_BLOCK_CAPTURE_AUTORELEASING = YES;
				CLANG_WARN_BOOL_CONVERSION = YES;
				CLANG_WARN_COMMA = YES;
				CLANG_WARN_CONSTANT_CONVERSION = YES;
				CLANG_WARN_DEPRECATED_OBJC_IMPLEMENTATIONS = YES;
				CLANG_WARN_DIRECT_OBJC_ISA_USAGE = YES_ERROR;
				CLANG_WARN_DOCUMENTATION_COMMENTS = YES;
				CLANG_WARN_EMPTY_BODY = YES;
				CLANG_WARN_ENUM_CONVERSION = YES;
				CLANG_WARN_INFINITE_RECURSION = YES;
				CLANG_WARN_INT_CONVERSION = YES;
				CLANG_WARN_NON_LITERAL_NULL_CONVERSION = YES;
				CLANG_WARN_OBJC_IMPLICIT_RETAIN_SELF = YES;
				CLANG_WARN_OBJC_LITERAL_CONVERSION = YES;
				CLANG_WARN_OBJC_ROOT_CLASS = YES_ERROR;
				CLANG_WARN_QUOTED_INCLUDE_IN_FRAMEWORK_HEADER = YES;
				CLANG_WARN_RANGE_LOOP_ANALYSIS = YES;
				CLANG_WARN_STRICT_PROTOTYPES = YES;
				CLANG_WARN_SUSPICIOUS_MOVE = YES;
				CLANG_WARN_UNGUARDED_AVAILABILITY = YES_AGGRESSIVE;
				CLANG_WARN_UNREACHABLE_CODE = YES;
				CLANG_WARN__DUPLICATE_METHOD_MATCH = YES;
				COPY_PHASE_STRIP = NO;
				DEBUG_INFORMATION_FORMAT = dwarf;
				ENABLE_STRICT_OBJC_MSGSEND = YES;
				ENABLE_TESTABILITY = YES;
				GCC_C_LANGUAGE_STANDARD = gnu11;
				GCC_DYNAMIC_NO_PIC = NO;
				GCC_NO_COMMON_BLOCKS = YES;
				GCC_OPTIMIZATION_LEVEL = 0;
				GCC_PREPROCESSOR_DEFINITIONS = (
					"DEBUG=1",
					"$(inherited)",
				);
				GCC_WARN_64_TO_32_BIT_CONVERSION = YES;
				GCC_WARN_ABOUT_RETURN_TYPE = YES_ERROR;
				GCC_WARN_UNDECLARED_SELECTOR = YES;
				GCC_WARN_UNINITIALIZED_AUTOS = YES_AGGRESSIVE;
				GCC_WARN_UNUSED_FUNCTION = YES;
				GCC_WARN_UNUSED_VARIABLE = YES;
				IPHONEOS_DEPLOYMENT_TARGET = 16.4;
				MTL_ENABLE_DEBUG_INFO = INCLUDE_SOURCE;
				MTL_FAST_MATH = YES;
				ONLY_ACTIVE_ARCH = YES;
				SDKROOT = iphoneos;
				SWIFT_ACTIVE_COMPILATION_CONDITIONS = DEBUG;
				SWIFT_OPTIMIZATION_LEVEL = "-Onone";
			};
			name = Debug;
		};
		F3430F2E2A6701AE00DC1B1C /* Release */ = {
			isa = XCBuildConfiguration;
			buildSettings = {
				ALWAYS_SEARCH_USER_PATHS = NO;
				CLANG_ANALYZER_NONNULL = YES;
				CLANG_ANALYZER_NUMBER_OBJECT_CONVERSION = YES_AGGRESSIVE;
				CLANG_CXX_LANGUAGE_STANDARD = "gnu++20";
				CLANG_ENABLE_MODULES = YES;
				CLANG_ENABLE_OBJC_ARC = YES;
				CLANG_ENABLE_OBJC_WEAK = YES;
				CLANG_WARN_BLOCK_CAPTURE_AUTORELEASING = YES;
				CLANG_WARN_BOOL_CONVERSION = YES;
				CLANG_WARN_COMMA = YES;
				CLANG_WARN_CONSTANT_CONVERSION = YES;
				CLANG_WARN_DEPRECATED_OBJC_IMPLEMENTATIONS = YES;
				CLANG_WARN_DIRECT_OBJC_ISA_USAGE = YES_ERROR;
				CLANG_WARN_DOCUMENTATION_COMMENTS = YES;
				CLANG_WARN_EMPTY_BODY = YES;
				CLANG_WARN_ENUM_CONVERSION = YES;
				CLANG_WARN_INFINITE_RECURSION = YES;
				CLANG_WARN_INT_CONVERSION = YES;
				CLANG_WARN_NON_LITERAL_NULL_CONVERSION = YES;
				CLANG_WARN_OBJC_IMPLICIT_RETAIN_SELF = YES;
				CLANG_WARN_OBJC_LITERAL_CONVERSION = YES;
				CLANG_WARN_OBJC_ROOT_CLASS = YES_ERROR;
				CLANG_WARN_QUOTED_INCLUDE_IN_FRAMEWORK_HEADER = YES;
				CLANG_WARN_RANGE_LOOP_ANALYSIS = YES;
				CLANG_WARN_STRICT_PROTOTYPES = YES;
				CLANG_WARN_SUSPICIOUS_MOVE = YES;
				CLANG_WARN_UNGUARDED_AVAILABILITY = YES_AGGRESSIVE;
				CLANG_WARN_UNREACHABLE_CODE = YES;
				CLANG_WARN__DUPLICATE_METHOD_MATCH = YES;
				COPY_PHASE_STRIP = NO;
				DEBUG_INFORMATION_FORMAT = "dwarf-with-dsym";
				ENABLE_NS_ASSERTIONS = NO;
				ENABLE_STRICT_OBJC_MSGSEND = YES;
				GCC_C_LANGUAGE_STANDARD = gnu11;
				GCC_NO_COMMON_BLOCKS = YES;
				GCC_WARN_64_TO_32_BIT_CONVERSION = YES;
				GCC_WARN_ABOUT_RETURN_TYPE = YES_ERROR;
				GCC_WARN_UNDECLARED_SELECTOR = YES;
				GCC_WARN_UNINITIALIZED_AUTOS = YES_AGGRESSIVE;
				GCC_WARN_UNUSED_FUNCTION = YES;
				GCC_WARN_UNUSED_VARIABLE = YES;
				IPHONEOS_DEPLOYMENT_TARGET = 16.4;
				MTL_ENABLE_DEBUG_INFO = NO;
				MTL_FAST_MATH = YES;
				SDKROOT = iphoneos;
				SWIFT_COMPILATION_MODE = wholemodule;
				SWIFT_OPTIMIZATION_LEVEL = "-O";
				VALIDATE_PRODUCT = YES;
			};
			name = Release;
		};
		F3430F302A6701AE00DC1B1C /* Debug */ = {
			isa = XCBuildConfiguration;
			buildSettings = {
				ASSETCATALOG_COMPILER_APPICON_NAME = AppIcon;
				ASSETCATALOG_COMPILER_GLOBAL_ACCENT_COLOR_NAME = AccentColor;
				CODE_SIGN_ENTITLEMENTS = Owori/Owori.entitlements;
				CODE_SIGN_STYLE = Automatic;
				CURRENT_PROJECT_VERSION = 1;
				DEVELOPMENT_ASSET_PATHS = "\"Owori/Preview Content\"";
				DEVELOPMENT_TEAM = G64N5NJ4Q6;
				ENABLE_PREVIEWS = YES;
				GENERATE_INFOPLIST_FILE = YES;
				INFOPLIST_FILE = Owori/Info.plist;
				INFOPLIST_KEY_UIApplicationSceneManifest_Generation = YES;
				INFOPLIST_KEY_UIApplicationSupportsIndirectInputEvents = YES;
				INFOPLIST_KEY_UILaunchScreen_Generation = YES;
				INFOPLIST_KEY_UISupportedInterfaceOrientations_iPad = "UIInterfaceOrientationPortrait UIInterfaceOrientationPortraitUpsideDown UIInterfaceOrientationLandscapeLeft UIInterfaceOrientationLandscapeRight";
				INFOPLIST_KEY_UISupportedInterfaceOrientations_iPhone = "UIInterfaceOrientationPortrait UIInterfaceOrientationLandscapeLeft UIInterfaceOrientationLandscapeRight";
				LD_RUNPATH_SEARCH_PATHS = (
					"$(inherited)",
					"@executable_path/Frameworks",
				);
				MARKETING_VERSION = 1.0;
				PRODUCT_BUNDLE_IDENTIFIER = com.umcblue4th.Owori;
				PRODUCT_NAME = "$(TARGET_NAME)";
				SWIFT_EMIT_LOC_STRINGS = YES;
				SWIFT_VERSION = 5.0;
				TARGETED_DEVICE_FAMILY = "1,2";
			};
			name = Debug;
		};
		F3430F312A6701AE00DC1B1C /* Release */ = {
			isa = XCBuildConfiguration;
			buildSettings = {
				ASSETCATALOG_COMPILER_APPICON_NAME = AppIcon;
				ASSETCATALOG_COMPILER_GLOBAL_ACCENT_COLOR_NAME = AccentColor;
				CODE_SIGN_ENTITLEMENTS = Owori/Owori.entitlements;
				CODE_SIGN_STYLE = Automatic;
				CURRENT_PROJECT_VERSION = 1;
				DEVELOPMENT_ASSET_PATHS = "\"Owori/Preview Content\"";
				DEVELOPMENT_TEAM = G64N5NJ4Q6;
				ENABLE_PREVIEWS = YES;
				GENERATE_INFOPLIST_FILE = YES;
				INFOPLIST_FILE = Owori/Info.plist;
				INFOPLIST_KEY_UIApplicationSceneManifest_Generation = YES;
				INFOPLIST_KEY_UIApplicationSupportsIndirectInputEvents = YES;
				INFOPLIST_KEY_UILaunchScreen_Generation = YES;
				INFOPLIST_KEY_UISupportedInterfaceOrientations_iPad = "UIInterfaceOrientationPortrait UIInterfaceOrientationPortraitUpsideDown UIInterfaceOrientationLandscapeLeft UIInterfaceOrientationLandscapeRight";
				INFOPLIST_KEY_UISupportedInterfaceOrientations_iPhone = "UIInterfaceOrientationPortrait UIInterfaceOrientationLandscapeLeft UIInterfaceOrientationLandscapeRight";
				LD_RUNPATH_SEARCH_PATHS = (
					"$(inherited)",
					"@executable_path/Frameworks",
				);
				MARKETING_VERSION = 1.0;
				PRODUCT_BUNDLE_IDENTIFIER = com.umcblue4th.Owori;
				PRODUCT_NAME = "$(TARGET_NAME)";
				SWIFT_EMIT_LOC_STRINGS = YES;
				SWIFT_VERSION = 5.0;
				TARGETED_DEVICE_FAMILY = "1,2";
			};
			name = Release;
		};
		F3430F332A6701AE00DC1B1C /* Debug */ = {
			isa = XCBuildConfiguration;
			buildSettings = {
				ALWAYS_EMBED_SWIFT_STANDARD_LIBRARIES = YES;
				BUNDLE_LOADER = "$(TEST_HOST)";
				CODE_SIGN_STYLE = Automatic;
				CURRENT_PROJECT_VERSION = 1;
				GENERATE_INFOPLIST_FILE = YES;
				IPHONEOS_DEPLOYMENT_TARGET = 16.4;
				MARKETING_VERSION = 1.0;
				PRODUCT_BUNDLE_IDENTIFIER = com.TeamOwori.OworiTests;
				PRODUCT_NAME = "$(TARGET_NAME)";
				SWIFT_EMIT_LOC_STRINGS = NO;
				SWIFT_VERSION = 5.0;
				TARGETED_DEVICE_FAMILY = "1,2";
				TEST_HOST = "$(BUILT_PRODUCTS_DIR)/Owori.app/$(BUNDLE_EXECUTABLE_FOLDER_PATH)/Owori";
			};
			name = Debug;
		};
		F3430F342A6701AE00DC1B1C /* Release */ = {
			isa = XCBuildConfiguration;
			buildSettings = {
				ALWAYS_EMBED_SWIFT_STANDARD_LIBRARIES = YES;
				BUNDLE_LOADER = "$(TEST_HOST)";
				CODE_SIGN_STYLE = Automatic;
				CURRENT_PROJECT_VERSION = 1;
				GENERATE_INFOPLIST_FILE = YES;
				IPHONEOS_DEPLOYMENT_TARGET = 16.4;
				MARKETING_VERSION = 1.0;
				PRODUCT_BUNDLE_IDENTIFIER = com.TeamOwori.OworiTests;
				PRODUCT_NAME = "$(TARGET_NAME)";
				SWIFT_EMIT_LOC_STRINGS = NO;
				SWIFT_VERSION = 5.0;
				TARGETED_DEVICE_FAMILY = "1,2";
				TEST_HOST = "$(BUILT_PRODUCTS_DIR)/Owori.app/$(BUNDLE_EXECUTABLE_FOLDER_PATH)/Owori";
			};
			name = Release;
		};
		F3430F362A6701AE00DC1B1C /* Debug */ = {
			isa = XCBuildConfiguration;
			buildSettings = {
				ALWAYS_EMBED_SWIFT_STANDARD_LIBRARIES = YES;
				CODE_SIGN_STYLE = Automatic;
				CURRENT_PROJECT_VERSION = 1;
				GENERATE_INFOPLIST_FILE = YES;
				MARKETING_VERSION = 1.0;
				PRODUCT_BUNDLE_IDENTIFIER = com.TeamOwori.OworiUITests;
				PRODUCT_NAME = "$(TARGET_NAME)";
				SWIFT_EMIT_LOC_STRINGS = NO;
				SWIFT_VERSION = 5.0;
				TARGETED_DEVICE_FAMILY = "1,2";
				TEST_TARGET_NAME = Owori;
			};
			name = Debug;
		};
		F3430F372A6701AE00DC1B1C /* Release */ = {
			isa = XCBuildConfiguration;
			buildSettings = {
				ALWAYS_EMBED_SWIFT_STANDARD_LIBRARIES = YES;
				CODE_SIGN_STYLE = Automatic;
				CURRENT_PROJECT_VERSION = 1;
				GENERATE_INFOPLIST_FILE = YES;
				MARKETING_VERSION = 1.0;
				PRODUCT_BUNDLE_IDENTIFIER = com.TeamOwori.OworiUITests;
				PRODUCT_NAME = "$(TARGET_NAME)";
				SWIFT_EMIT_LOC_STRINGS = NO;
				SWIFT_VERSION = 5.0;
				TARGETED_DEVICE_FAMILY = "1,2";
				TEST_TARGET_NAME = Owori;
			};
			name = Release;
		};
/* End XCBuildConfiguration section */

/* Begin XCConfigurationList section */
		F3430F062A6701AD00DC1B1C /* Build configuration list for PBXProject "Owori" */ = {
			isa = XCConfigurationList;
			buildConfigurations = (
				F3430F2D2A6701AE00DC1B1C /* Debug */,
				F3430F2E2A6701AE00DC1B1C /* Release */,
			);
			defaultConfigurationIsVisible = 0;
			defaultConfigurationName = Release;
		};
		F3430F2F2A6701AE00DC1B1C /* Build configuration list for PBXNativeTarget "Owori" */ = {
			isa = XCConfigurationList;
			buildConfigurations = (
				F3430F302A6701AE00DC1B1C /* Debug */,
				F3430F312A6701AE00DC1B1C /* Release */,
			);
			defaultConfigurationIsVisible = 0;
			defaultConfigurationName = Release;
		};
		F3430F322A6701AE00DC1B1C /* Build configuration list for PBXNativeTarget "OworiTests" */ = {
			isa = XCConfigurationList;
			buildConfigurations = (
				F3430F332A6701AE00DC1B1C /* Debug */,
				F3430F342A6701AE00DC1B1C /* Release */,
			);
			defaultConfigurationIsVisible = 0;
			defaultConfigurationName = Release;
		};
		F3430F352A6701AE00DC1B1C /* Build configuration list for PBXNativeTarget "OworiUITests" */ = {
			isa = XCConfigurationList;
			buildConfigurations = (
				F3430F362A6701AE00DC1B1C /* Debug */,
				F3430F372A6701AE00DC1B1C /* Release */,
			);
			defaultConfigurationIsVisible = 0;
			defaultConfigurationName = Release;
		};
/* End XCConfigurationList section */

/* Begin XCRemoteSwiftPackageReference section */
		356A54452A84D66D006E22C8 /* XCRemoteSwiftPackageReference "SimpleToast" */ = {
			isa = XCRemoteSwiftPackageReference;
			repositoryURL = "https://github.com/sanzaru/SimpleToast.git";
			requirement = {
				kind = upToNextMajorVersion;
				minimumVersion = 0.7.2;
			};
		};
		F3430F382A67024A00DC1B1C /* XCRemoteSwiftPackageReference "kakao-ios-sdk" */ = {
			isa = XCRemoteSwiftPackageReference;
			repositoryURL = "https://github.com/kakao/kakao-ios-sdk";
			requirement = {
				kind = upToNextMajorVersion;
				minimumVersion = 2.0.0;
			};
		};
		F37E88C12A93D98400D760A1 /* XCRemoteSwiftPackageReference "YPImagePicker" */ = {
			isa = XCRemoteSwiftPackageReference;
			repositoryURL = "https://github.com/Yummypets/YPImagePicker";
			requirement = {
				kind = upToNextMajorVersion;
				minimumVersion = 5.0.0;
			};
		};
/* End XCRemoteSwiftPackageReference section */

/* Begin XCSwiftPackageProductDependency section */
		356A54462A84D66D006E22C8 /* SimpleToast */ = {
			isa = XCSwiftPackageProductDependency;
			package = 356A54452A84D66D006E22C8 /* XCRemoteSwiftPackageReference "SimpleToast" */;
			productName = SimpleToast;
		};
		F3430F392A67024A00DC1B1C /* KakaoSDK */ = {
			isa = XCSwiftPackageProductDependency;
			package = F3430F382A67024A00DC1B1C /* XCRemoteSwiftPackageReference "kakao-ios-sdk" */;
			productName = KakaoSDK;
		};
		F37E88C22A93D98400D760A1 /* YPImagePicker */ = {
			isa = XCSwiftPackageProductDependency;
			package = F37E88C12A93D98400D760A1 /* XCRemoteSwiftPackageReference "YPImagePicker" */;
			productName = YPImagePicker;
		};
/* End XCSwiftPackageProductDependency section */
	};
	rootObject = F3430F032A6701AD00DC1B1C /* Project object */;
}
