// !$*UTF8*$!
{
	archiveVersion = 1;
	classes = {
	};
	objectVersion = 56;
	objects = {

/* Begin PBXBuildFile section */
		3580AFA32A6844DB00DC28F7 /* AppleLoginTestView.swift in Sources */ = {isa = PBXBuildFile; fileRef = 3580AFA22A6844DB00DC28F7 /* AppleLoginTestView.swift */; };
		883B47CD2A686C1D004C2D20 /* SettingView.swift in Sources */ = {isa = PBXBuildFile; fileRef = 883B47CC2A686C1D004C2D20 /* SettingView.swift */; };
		883B47D22A686D17004C2D20 /* FamilyNameChangeView.swift in Sources */ = {isa = PBXBuildFile; fileRef = 883B47D12A686D17004C2D20 /* FamilyNameChangeView.swift */; };
		883B47D42A686D25004C2D20 /* InviteView.swift in Sources */ = {isa = PBXBuildFile; fileRef = 883B47D32A686D25004C2D20 /* InviteView.swift */; };
		883B47D62A686D44004C2D20 /* LogoutView.swift in Sources */ = {isa = PBXBuildFile; fileRef = 883B47D52A686D44004C2D20 /* LogoutView.swift */; };
		883B47D82A686D90004C2D20 /* WithdrawalView.swift in Sources */ = {isa = PBXBuildFile; fileRef = 883B47D72A686D90004C2D20 /* WithdrawalView.swift */; };
		883B47DB2A686E36004C2D20 /* CustomToggle.swift in Sources */ = {isa = PBXBuildFile; fileRef = 883B47DA2A686E36004C2D20 /* CustomToggle.swift */; };
		F3430F0F2A6701AD00DC1B1C /* OworiApp.swift in Sources */ = {isa = PBXBuildFile; fileRef = F3430F0E2A6701AD00DC1B1C /* OworiApp.swift */; };
		F3430F132A6701AD00DC1B1C /* Assets.xcassets in Resources */ = {isa = PBXBuildFile; fileRef = F3430F122A6701AD00DC1B1C /* Assets.xcassets */; };
		F3430F162A6701AD00DC1B1C /* Preview Assets.xcassets in Resources */ = {isa = PBXBuildFile; fileRef = F3430F152A6701AD00DC1B1C /* Preview Assets.xcassets */; };
		F3430F202A6701AE00DC1B1C /* OworiTests.swift in Sources */ = {isa = PBXBuildFile; fileRef = F3430F1F2A6701AE00DC1B1C /* OworiTests.swift */; };
		F3430F2A2A6701AE00DC1B1C /* OworiUITests.swift in Sources */ = {isa = PBXBuildFile; fileRef = F3430F292A6701AE00DC1B1C /* OworiUITests.swift */; };
		F3430F2C2A6701AE00DC1B1C /* OworiUITestsLaunchTests.swift in Sources */ = {isa = PBXBuildFile; fileRef = F3430F2B2A6701AE00DC1B1C /* OworiUITestsLaunchTests.swift */; };
		F3430F3A2A67024A00DC1B1C /* KakaoSDK in Frameworks */ = {isa = PBXBuildFile; productRef = F3430F392A67024A00DC1B1C /* KakaoSDK */; };
		F3430F832A67043200DC1B1C /* FamilyCarousel.swift in Sources */ = {isa = PBXBuildFile; fileRef = F3430F3F2A67043200DC1B1C /* FamilyCarousel.swift */; };
		F3430F842A67043200DC1B1C /* FamilyPhotoItem.swift in Sources */ = {isa = PBXBuildFile; fileRef = F3430F402A67043200DC1B1C /* FamilyPhotoItem.swift */; };
		F3430F852A67043200DC1B1C /* FamilyView.swift in Sources */ = {isa = PBXBuildFile; fileRef = F3430F412A67043200DC1B1C /* FamilyView.swift */; };
		F3430F862A67043200DC1B1C /* FamilyPhoto.swift in Sources */ = {isa = PBXBuildFile; fileRef = F3430F422A67043200DC1B1C /* FamilyPhoto.swift */; };
		F3430F872A67043200DC1B1C /* HomeView.swift in Sources */ = {isa = PBXBuildFile; fileRef = F3430F432A67043200DC1B1C /* HomeView.swift */; };
		F3430F882A67043200DC1B1C /* ProfileView.swift in Sources */ = {isa = PBXBuildFile; fileRef = F3430F452A67043200DC1B1C /* ProfileView.swift */; };
		F3430F892A67043200DC1B1C /* ProfilePhoto.swift in Sources */ = {isa = PBXBuildFile; fileRef = F3430F462A67043200DC1B1C /* ProfilePhoto.swift */; };
		F3430F8A2A67043200DC1B1C /* ProfileText.swift in Sources */ = {isa = PBXBuildFile; fileRef = F3430F472A67043200DC1B1C /* ProfileText.swift */; };
		F3430F8B2A67043200DC1B1C /* DDayCard.swift in Sources */ = {isa = PBXBuildFile; fileRef = F3430F492A67043200DC1B1C /* DDayCard.swift */; };
		F3430F8C2A67043200DC1B1C /* DDayView.swift in Sources */ = {isa = PBXBuildFile; fileRef = F3430F4A2A67043200DC1B1C /* DDayView.swift */; };
		F3430F8D2A67043200DC1B1C /* Carousel.swift in Sources */ = {isa = PBXBuildFile; fileRef = F3430F4C2A67043200DC1B1C /* Carousel.swift */; };
		F3430F8E2A67043200DC1B1C /* Canvas.swift in Sources */ = {isa = PBXBuildFile; fileRef = F3430F4D2A67043200DC1B1C /* Canvas.swift */; };
		F3430F902A67043200DC1B1C /* LoginView.swift in Sources */ = {isa = PBXBuildFile; fileRef = F3430F502A67043200DC1B1C /* LoginView.swift */; };
		F3430F912A67043200DC1B1C /* LoginTestView.swift in Sources */ = {isa = PBXBuildFile; fileRef = F3430F512A67043200DC1B1C /* LoginTestView.swift */; };
		F3430F922A67043200DC1B1C /* NumberIndicator.swift in Sources */ = {isa = PBXBuildFile; fileRef = F3430F532A67043200DC1B1C /* NumberIndicator.swift */; };
		F3430F932A67043200DC1B1C /* LoginTabView.swift in Sources */ = {isa = PBXBuildFile; fileRef = F3430F542A67043200DC1B1C /* LoginTabView.swift */; };
		F3430F942A67043200DC1B1C /* LoginButton.swift in Sources */ = {isa = PBXBuildFile; fileRef = F3430F562A67043200DC1B1C /* LoginButton.swift */; };
		F3430F952A67043200DC1B1C /* OnBoardingView.swift in Sources */ = {isa = PBXBuildFile; fileRef = F3430F582A67043200DC1B1C /* OnBoardingView.swift */; };
		F3430F962A67043200DC1B1C /* DailyStoryImageCell.swift in Sources */ = {isa = PBXBuildFile; fileRef = F3430F5B2A67043200DC1B1C /* DailyStoryImageCell.swift */; };
		F3430F972A67043200DC1B1C /* CurrentImageOrder.swift in Sources */ = {isa = PBXBuildFile; fileRef = F3430F5C2A67043200DC1B1C /* CurrentImageOrder.swift */; };
		F3430F982A67043200DC1B1C /* SortMenu.swift in Sources */ = {isa = PBXBuildFile; fileRef = F3430F5D2A67043200DC1B1C /* SortMenu.swift */; };
		F3430F992A67043200DC1B1C /* AlbumListButton.swift in Sources */ = {isa = PBXBuildFile; fileRef = F3430F5E2A67043200DC1B1C /* AlbumListButton.swift */; };
		F3430F9A2A67043200DC1B1C /* ContentText.swift in Sources */ = {isa = PBXBuildFile; fileRef = F3430F602A67043200DC1B1C /* ContentText.swift */; };
		F3430F9B2A67043200DC1B1C /* DetailImageCell.swift in Sources */ = {isa = PBXBuildFile; fileRef = F3430F612A67043200DC1B1C /* DetailImageCell.swift */; };
		F3430F9C2A67043200DC1B1C /* ContentTitle.swift in Sources */ = {isa = PBXBuildFile; fileRef = F3430F622A67043200DC1B1C /* ContentTitle.swift */; };
		F3430F9D2A67043200DC1B1C /* ImageTabView.swift in Sources */ = {isa = PBXBuildFile; fileRef = F3430F632A67043200DC1B1C /* ImageTabView.swift */; };
		F3430F9E2A67043200DC1B1C /* HorizontalImageScrollView.swift in Sources */ = {isa = PBXBuildFile; fileRef = F3430F642A67043200DC1B1C /* HorizontalImageScrollView.swift */; };
		F3430F9F2A67043200DC1B1C /* StoryDetailView.swift in Sources */ = {isa = PBXBuildFile; fileRef = F3430F652A67043200DC1B1C /* StoryDetailView.swift */; };
		F3430FA02A67043200DC1B1C /* DetailContent.swift in Sources */ = {isa = PBXBuildFile; fileRef = F3430F662A67043200DC1B1C /* DetailContent.swift */; };
		F3430FA12A67043200DC1B1C /* FavoriteButton.swift in Sources */ = {isa = PBXBuildFile; fileRef = F3430F672A67043200DC1B1C /* FavoriteButton.swift */; };
		F3430FA22A67043200DC1B1C /* StoryListView.swift in Sources */ = {isa = PBXBuildFile; fileRef = F3430F692A67043200DC1B1C /* StoryListView.swift */; };
		F3430FA32A67043200DC1B1C /* DailyStoryListCell.swift in Sources */ = {isa = PBXBuildFile; fileRef = F3430F6A2A67043200DC1B1C /* DailyStoryListCell.swift */; };
		F3430FA42A67043200DC1B1C /* DailyStoryText.swift in Sources */ = {isa = PBXBuildFile; fileRef = F3430F6B2A67043200DC1B1C /* DailyStoryText.swift */; };
		F3430FA52A67043200DC1B1C /* StoryAlbumView.swift in Sources */ = {isa = PBXBuildFile; fileRef = F3430F6D2A67043200DC1B1C /* StoryAlbumView.swift */; };
		F3430FA62A67043200DC1B1C /* MonthlyStoryCollection.swift in Sources */ = {isa = PBXBuildFile; fileRef = F3430F6E2A67043200DC1B1C /* MonthlyStoryCollection.swift */; };
		F3430FA72A67043200DC1B1C /* StoryView.swift in Sources */ = {isa = PBXBuildFile; fileRef = F3430F6F2A67043200DC1B1C /* StoryView.swift */; };
		F3430FA82A67043200DC1B1C /* TestModel.swift in Sources */ = {isa = PBXBuildFile; fileRef = F3430F712A67043200DC1B1C /* TestModel.swift */; };
		F3430FA92A67043200DC1B1C /* Family.swift in Sources */ = {isa = PBXBuildFile; fileRef = F3430F722A67043200DC1B1C /* Family.swift */; };
		F3430FAA2A67043200DC1B1C /* UIStateModel.swift in Sources */ = {isa = PBXBuildFile; fileRef = F3430F732A67043200DC1B1C /* UIStateModel.swift */; };
		F3430FAB2A67043200DC1B1C /* CardModel.swift in Sources */ = {isa = PBXBuildFile; fileRef = F3430F742A67043200DC1B1C /* CardModel.swift */; };
		F3430FAC2A67043200DC1B1C /* User.swift in Sources */ = {isa = PBXBuildFile; fileRef = F3430F752A67043200DC1B1C /* User.swift */; };
		F3430FAD2A67043200DC1B1C /* Story.swift in Sources */ = {isa = PBXBuildFile; fileRef = F3430F762A67043200DC1B1C /* Story.swift */; };
		F3430FAE2A67043200DC1B1C /* Token.swift in Sources */ = {isa = PBXBuildFile; fileRef = F3430F772A67043200DC1B1C /* Token.swift */; };
		F3430FAF2A67043200DC1B1C /* UserViewModel.swift in Sources */ = {isa = PBXBuildFile; fileRef = F3430F792A67043200DC1B1C /* UserViewModel.swift */; };
		F3430FB02A67043200DC1B1C /* LoginViewModel.swift in Sources */ = {isa = PBXBuildFile; fileRef = F3430F7A2A67043200DC1B1C /* LoginViewModel.swift */; };
		F3430FB12A67043200DC1B1C /* StoryViewModel.swift in Sources */ = {isa = PBXBuildFile; fileRef = F3430F7B2A67043200DC1B1C /* StoryViewModel.swift */; };
		F3430FB22A67043200DC1B1C /* FamilyViewModel.swift in Sources */ = {isa = PBXBuildFile; fileRef = F3430F7C2A67043200DC1B1C /* FamilyViewModel.swift */; };
		F3430FB32A67043200DC1B1C /* CarouselViewModel.swift in Sources */ = {isa = PBXBuildFile; fileRef = F3430F7D2A67043200DC1B1C /* CarouselViewModel.swift */; };
		F3430FB42A67043200DC1B1C /* String+Extension.swift in Sources */ = {isa = PBXBuildFile; fileRef = F3430F7F2A67043200DC1B1C /* String+Extension.swift */; };
		F3430FB52A67043200DC1B1C /* Color+Extension.swift in Sources */ = {isa = PBXBuildFile; fileRef = F3430F802A67043200DC1B1C /* Color+Extension.swift */; };
		F3430FB62A67043200DC1B1C /* Image+Extension.swift in Sources */ = {isa = PBXBuildFile; fileRef = F3430F812A67043200DC1B1C /* Image+Extension.swift */; };
		F3430FB72A67043200DC1B1C /* View+Extension.swift in Sources */ = {isa = PBXBuildFile; fileRef = F3430F822A67043200DC1B1C /* View+Extension.swift */; };
/* End PBXBuildFile section */

/* Begin PBXContainerItemProxy section */
		F3430F1C2A6701AE00DC1B1C /* PBXContainerItemProxy */ = {
			isa = PBXContainerItemProxy;
			containerPortal = F3430F032A6701AD00DC1B1C /* Project object */;
			proxyType = 1;
			remoteGlobalIDString = F3430F0A2A6701AD00DC1B1C;
			remoteInfo = Owori;
		};
		F3430F262A6701AE00DC1B1C /* PBXContainerItemProxy */ = {
			isa = PBXContainerItemProxy;
			containerPortal = F3430F032A6701AD00DC1B1C /* Project object */;
			proxyType = 1;
			remoteGlobalIDString = F3430F0A2A6701AD00DC1B1C;
			remoteInfo = Owori;
		};
/* End PBXContainerItemProxy section */

/* Begin PBXFileReference section */
		3580AFA12A6841DE00DC28F7 /* Owori.entitlements */ = {isa = PBXFileReference; lastKnownFileType = text.plist.entitlements; path = Owori.entitlements; sourceTree = "<group>"; };
		3580AFA22A6844DB00DC28F7 /* AppleLoginTestView.swift */ = {isa = PBXFileReference; lastKnownFileType = sourcecode.swift; path = AppleLoginTestView.swift; sourceTree = "<group>"; };
		883B47CC2A686C1D004C2D20 /* SettingView.swift */ = {isa = PBXFileReference; lastKnownFileType = sourcecode.swift; path = SettingView.swift; sourceTree = "<group>"; };
		883B47D12A686D17004C2D20 /* FamilyNameChangeView.swift */ = {isa = PBXFileReference; lastKnownFileType = sourcecode.swift; path = FamilyNameChangeView.swift; sourceTree = "<group>"; };
		883B47D32A686D25004C2D20 /* InviteView.swift */ = {isa = PBXFileReference; lastKnownFileType = sourcecode.swift; path = InviteView.swift; sourceTree = "<group>"; };
		883B47D52A686D44004C2D20 /* LogoutView.swift */ = {isa = PBXFileReference; lastKnownFileType = sourcecode.swift; path = LogoutView.swift; sourceTree = "<group>"; };
		883B47D72A686D90004C2D20 /* WithdrawalView.swift */ = {isa = PBXFileReference; lastKnownFileType = sourcecode.swift; path = WithdrawalView.swift; sourceTree = "<group>"; };
		883B47DA2A686E36004C2D20 /* CustomToggle.swift */ = {isa = PBXFileReference; lastKnownFileType = sourcecode.swift; path = CustomToggle.swift; sourceTree = "<group>"; };
		F3430F0B2A6701AD00DC1B1C /* Owori.app */ = {isa = PBXFileReference; explicitFileType = wrapper.application; includeInIndex = 0; path = Owori.app; sourceTree = BUILT_PRODUCTS_DIR; };
		F3430F0E2A6701AD00DC1B1C /* OworiApp.swift */ = {isa = PBXFileReference; lastKnownFileType = sourcecode.swift; path = OworiApp.swift; sourceTree = "<group>"; };
		F3430F122A6701AD00DC1B1C /* Assets.xcassets */ = {isa = PBXFileReference; lastKnownFileType = folder.assetcatalog; path = Assets.xcassets; sourceTree = "<group>"; };
		F3430F152A6701AD00DC1B1C /* Preview Assets.xcassets */ = {isa = PBXFileReference; lastKnownFileType = folder.assetcatalog; path = "Preview Assets.xcassets"; sourceTree = "<group>"; };
		F3430F1B2A6701AE00DC1B1C /* OworiTests.xctest */ = {isa = PBXFileReference; explicitFileType = wrapper.cfbundle; includeInIndex = 0; path = OworiTests.xctest; sourceTree = BUILT_PRODUCTS_DIR; };
		F3430F1F2A6701AE00DC1B1C /* OworiTests.swift */ = {isa = PBXFileReference; lastKnownFileType = sourcecode.swift; path = OworiTests.swift; sourceTree = "<group>"; };
		F3430F252A6701AE00DC1B1C /* OworiUITests.xctest */ = {isa = PBXFileReference; explicitFileType = wrapper.cfbundle; includeInIndex = 0; path = OworiUITests.xctest; sourceTree = BUILT_PRODUCTS_DIR; };
		F3430F292A6701AE00DC1B1C /* OworiUITests.swift */ = {isa = PBXFileReference; lastKnownFileType = sourcecode.swift; path = OworiUITests.swift; sourceTree = "<group>"; };
		F3430F2B2A6701AE00DC1B1C /* OworiUITestsLaunchTests.swift */ = {isa = PBXFileReference; lastKnownFileType = sourcecode.swift; path = OworiUITestsLaunchTests.swift; sourceTree = "<group>"; };
		F3430F3B2A6702EB00DC1B1C /* Info.plist */ = {isa = PBXFileReference; lastKnownFileType = text.plist; path = Info.plist; sourceTree = "<group>"; };
		F3430F3F2A67043200DC1B1C /* FamilyCarousel.swift */ = {isa = PBXFileReference; fileEncoding = 4; lastKnownFileType = sourcecode.swift; path = FamilyCarousel.swift; sourceTree = "<group>"; };
		F3430F402A67043200DC1B1C /* FamilyPhotoItem.swift */ = {isa = PBXFileReference; fileEncoding = 4; lastKnownFileType = sourcecode.swift; path = FamilyPhotoItem.swift; sourceTree = "<group>"; };
		F3430F412A67043200DC1B1C /* FamilyView.swift */ = {isa = PBXFileReference; fileEncoding = 4; lastKnownFileType = sourcecode.swift; path = FamilyView.swift; sourceTree = "<group>"; };
		F3430F422A67043200DC1B1C /* FamilyPhoto.swift */ = {isa = PBXFileReference; fileEncoding = 4; lastKnownFileType = sourcecode.swift; path = FamilyPhoto.swift; sourceTree = "<group>"; };
		F3430F432A67043200DC1B1C /* HomeView.swift */ = {isa = PBXFileReference; fileEncoding = 4; lastKnownFileType = sourcecode.swift; path = HomeView.swift; sourceTree = "<group>"; };
		F3430F452A67043200DC1B1C /* ProfileView.swift */ = {isa = PBXFileReference; fileEncoding = 4; lastKnownFileType = sourcecode.swift; path = ProfileView.swift; sourceTree = "<group>"; };
		F3430F462A67043200DC1B1C /* ProfilePhoto.swift */ = {isa = PBXFileReference; fileEncoding = 4; lastKnownFileType = sourcecode.swift; path = ProfilePhoto.swift; sourceTree = "<group>"; };
		F3430F472A67043200DC1B1C /* ProfileText.swift */ = {isa = PBXFileReference; fileEncoding = 4; lastKnownFileType = sourcecode.swift; path = ProfileText.swift; sourceTree = "<group>"; };
		F3430F492A67043200DC1B1C /* DDayCard.swift */ = {isa = PBXFileReference; fileEncoding = 4; lastKnownFileType = sourcecode.swift; path = DDayCard.swift; sourceTree = "<group>"; };
		F3430F4A2A67043200DC1B1C /* DDayView.swift */ = {isa = PBXFileReference; fileEncoding = 4; lastKnownFileType = sourcecode.swift; path = DDayView.swift; sourceTree = "<group>"; };
		F3430F4C2A67043200DC1B1C /* Carousel.swift */ = {isa = PBXFileReference; fileEncoding = 4; lastKnownFileType = sourcecode.swift; path = Carousel.swift; sourceTree = "<group>"; };
		F3430F4D2A67043200DC1B1C /* Canvas.swift */ = {isa = PBXFileReference; fileEncoding = 4; lastKnownFileType = sourcecode.swift; path = Canvas.swift; sourceTree = "<group>"; };
		F3430F502A67043200DC1B1C /* LoginView.swift */ = {isa = PBXFileReference; fileEncoding = 4; lastKnownFileType = sourcecode.swift; path = LoginView.swift; sourceTree = "<group>"; };
		F3430F512A67043200DC1B1C /* LoginTestView.swift */ = {isa = PBXFileReference; fileEncoding = 4; lastKnownFileType = sourcecode.swift; path = LoginTestView.swift; sourceTree = "<group>"; };
		F3430F532A67043200DC1B1C /* NumberIndicator.swift */ = {isa = PBXFileReference; fileEncoding = 4; lastKnownFileType = sourcecode.swift; path = NumberIndicator.swift; sourceTree = "<group>"; };
		F3430F542A67043200DC1B1C /* LoginTabView.swift */ = {isa = PBXFileReference; fileEncoding = 4; lastKnownFileType = sourcecode.swift; path = LoginTabView.swift; sourceTree = "<group>"; };
		F3430F562A67043200DC1B1C /* LoginButton.swift */ = {isa = PBXFileReference; fileEncoding = 4; lastKnownFileType = sourcecode.swift; path = LoginButton.swift; sourceTree = "<group>"; };
		F3430F582A67043200DC1B1C /* OnBoardingView.swift */ = {isa = PBXFileReference; fileEncoding = 4; lastKnownFileType = sourcecode.swift; path = OnBoardingView.swift; sourceTree = "<group>"; };
		F3430F5B2A67043200DC1B1C /* DailyStoryImageCell.swift */ = {isa = PBXFileReference; fileEncoding = 4; lastKnownFileType = sourcecode.swift; path = DailyStoryImageCell.swift; sourceTree = "<group>"; };
		F3430F5C2A67043200DC1B1C /* CurrentImageOrder.swift */ = {isa = PBXFileReference; fileEncoding = 4; lastKnownFileType = sourcecode.swift; path = CurrentImageOrder.swift; sourceTree = "<group>"; };
		F3430F5D2A67043200DC1B1C /* SortMenu.swift */ = {isa = PBXFileReference; fileEncoding = 4; lastKnownFileType = sourcecode.swift; path = SortMenu.swift; sourceTree = "<group>"; };
		F3430F5E2A67043200DC1B1C /* AlbumListButton.swift */ = {isa = PBXFileReference; fileEncoding = 4; lastKnownFileType = sourcecode.swift; path = AlbumListButton.swift; sourceTree = "<group>"; };
		F3430F602A67043200DC1B1C /* ContentText.swift */ = {isa = PBXFileReference; fileEncoding = 4; lastKnownFileType = sourcecode.swift; path = ContentText.swift; sourceTree = "<group>"; };
		F3430F612A67043200DC1B1C /* DetailImageCell.swift */ = {isa = PBXFileReference; fileEncoding = 4; lastKnownFileType = sourcecode.swift; path = DetailImageCell.swift; sourceTree = "<group>"; };
		F3430F622A67043200DC1B1C /* ContentTitle.swift */ = {isa = PBXFileReference; fileEncoding = 4; lastKnownFileType = sourcecode.swift; path = ContentTitle.swift; sourceTree = "<group>"; };
		F3430F632A67043200DC1B1C /* ImageTabView.swift */ = {isa = PBXFileReference; fileEncoding = 4; lastKnownFileType = sourcecode.swift; path = ImageTabView.swift; sourceTree = "<group>"; };
		F3430F642A67043200DC1B1C /* HorizontalImageScrollView.swift */ = {isa = PBXFileReference; fileEncoding = 4; lastKnownFileType = sourcecode.swift; path = HorizontalImageScrollView.swift; sourceTree = "<group>"; };
		F3430F652A67043200DC1B1C /* StoryDetailView.swift */ = {isa = PBXFileReference; fileEncoding = 4; lastKnownFileType = sourcecode.swift; path = StoryDetailView.swift; sourceTree = "<group>"; };
		F3430F662A67043200DC1B1C /* DetailContent.swift */ = {isa = PBXFileReference; fileEncoding = 4; lastKnownFileType = sourcecode.swift; path = DetailContent.swift; sourceTree = "<group>"; };
		F3430F672A67043200DC1B1C /* FavoriteButton.swift */ = {isa = PBXFileReference; fileEncoding = 4; lastKnownFileType = sourcecode.swift; path = FavoriteButton.swift; sourceTree = "<group>"; };
		F3430F692A67043200DC1B1C /* StoryListView.swift */ = {isa = PBXFileReference; fileEncoding = 4; lastKnownFileType = sourcecode.swift; path = StoryListView.swift; sourceTree = "<group>"; };
		F3430F6A2A67043200DC1B1C /* DailyStoryListCell.swift */ = {isa = PBXFileReference; fileEncoding = 4; lastKnownFileType = sourcecode.swift; path = DailyStoryListCell.swift; sourceTree = "<group>"; };
		F3430F6B2A67043200DC1B1C /* DailyStoryText.swift */ = {isa = PBXFileReference; fileEncoding = 4; lastKnownFileType = sourcecode.swift; path = DailyStoryText.swift; sourceTree = "<group>"; };
		F3430F6D2A67043200DC1B1C /* StoryAlbumView.swift */ = {isa = PBXFileReference; fileEncoding = 4; lastKnownFileType = sourcecode.swift; path = StoryAlbumView.swift; sourceTree = "<group>"; };
		F3430F6E2A67043200DC1B1C /* MonthlyStoryCollection.swift */ = {isa = PBXFileReference; fileEncoding = 4; lastKnownFileType = sourcecode.swift; path = MonthlyStoryCollection.swift; sourceTree = "<group>"; };
		F3430F6F2A67043200DC1B1C /* StoryView.swift */ = {isa = PBXFileReference; fileEncoding = 4; lastKnownFileType = sourcecode.swift; path = StoryView.swift; sourceTree = "<group>"; };
		F3430F712A67043200DC1B1C /* TestModel.swift */ = {isa = PBXFileReference; fileEncoding = 4; lastKnownFileType = sourcecode.swift; path = TestModel.swift; sourceTree = "<group>"; };
		F3430F722A67043200DC1B1C /* Family.swift */ = {isa = PBXFileReference; fileEncoding = 4; lastKnownFileType = sourcecode.swift; path = Family.swift; sourceTree = "<group>"; };
		F3430F732A67043200DC1B1C /* UIStateModel.swift */ = {isa = PBXFileReference; fileEncoding = 4; lastKnownFileType = sourcecode.swift; path = UIStateModel.swift; sourceTree = "<group>"; };
		F3430F742A67043200DC1B1C /* CardModel.swift */ = {isa = PBXFileReference; fileEncoding = 4; lastKnownFileType = sourcecode.swift; path = CardModel.swift; sourceTree = "<group>"; };
		F3430F752A67043200DC1B1C /* User.swift */ = {isa = PBXFileReference; fileEncoding = 4; lastKnownFileType = sourcecode.swift; path = User.swift; sourceTree = "<group>"; };
		F3430F762A67043200DC1B1C /* Story.swift */ = {isa = PBXFileReference; fileEncoding = 4; lastKnownFileType = sourcecode.swift; path = Story.swift; sourceTree = "<group>"; };
		F3430F772A67043200DC1B1C /* Token.swift */ = {isa = PBXFileReference; fileEncoding = 4; lastKnownFileType = sourcecode.swift; path = Token.swift; sourceTree = "<group>"; };
		F3430F792A67043200DC1B1C /* UserViewModel.swift */ = {isa = PBXFileReference; fileEncoding = 4; lastKnownFileType = sourcecode.swift; path = UserViewModel.swift; sourceTree = "<group>"; };
		F3430F7A2A67043200DC1B1C /* LoginViewModel.swift */ = {isa = PBXFileReference; fileEncoding = 4; lastKnownFileType = sourcecode.swift; path = LoginViewModel.swift; sourceTree = "<group>"; };
		F3430F7B2A67043200DC1B1C /* StoryViewModel.swift */ = {isa = PBXFileReference; fileEncoding = 4; lastKnownFileType = sourcecode.swift; path = StoryViewModel.swift; sourceTree = "<group>"; };
		F3430F7C2A67043200DC1B1C /* FamilyViewModel.swift */ = {isa = PBXFileReference; fileEncoding = 4; lastKnownFileType = sourcecode.swift; path = FamilyViewModel.swift; sourceTree = "<group>"; };
		F3430F7D2A67043200DC1B1C /* CarouselViewModel.swift */ = {isa = PBXFileReference; fileEncoding = 4; lastKnownFileType = sourcecode.swift; path = CarouselViewModel.swift; sourceTree = "<group>"; };
		F3430F7F2A67043200DC1B1C /* String+Extension.swift */ = {isa = PBXFileReference; fileEncoding = 4; lastKnownFileType = sourcecode.swift; path = "String+Extension.swift"; sourceTree = "<group>"; };
		F3430F802A67043200DC1B1C /* Color+Extension.swift */ = {isa = PBXFileReference; fileEncoding = 4; lastKnownFileType = sourcecode.swift; path = "Color+Extension.swift"; sourceTree = "<group>"; };
		F3430F812A67043200DC1B1C /* Image+Extension.swift */ = {isa = PBXFileReference; fileEncoding = 4; lastKnownFileType = sourcecode.swift; path = "Image+Extension.swift"; sourceTree = "<group>"; };
		F3430F822A67043200DC1B1C /* View+Extension.swift */ = {isa = PBXFileReference; fileEncoding = 4; lastKnownFileType = sourcecode.swift; path = "View+Extension.swift"; sourceTree = "<group>"; };
/* End PBXFileReference section */

/* Begin PBXFrameworksBuildPhase section */
		F3430F082A6701AD00DC1B1C /* Frameworks */ = {
			isa = PBXFrameworksBuildPhase;
			buildActionMask = 2147483647;
			files = (
				F3430F3A2A67024A00DC1B1C /* KakaoSDK in Frameworks */,
			);
			runOnlyForDeploymentPostprocessing = 0;
		};
		F3430F182A6701AE00DC1B1C /* Frameworks */ = {
			isa = PBXFrameworksBuildPhase;
			buildActionMask = 2147483647;
			files = (
			);
			runOnlyForDeploymentPostprocessing = 0;
		};
		F3430F222A6701AE00DC1B1C /* Frameworks */ = {
			isa = PBXFrameworksBuildPhase;
			buildActionMask = 2147483647;
			files = (
			);
			runOnlyForDeploymentPostprocessing = 0;
		};
/* End PBXFrameworksBuildPhase section */

/* Begin PBXGroup section */
		883B47CB2A686C05004C2D20 /* MyPage */ = {
			isa = PBXGroup;
			children = (
				883B47CE2A686C2F004C2D20 /* Setting */,
			);
			path = MyPage;
			sourceTree = "<group>";
		};
		883B47CE2A686C2F004C2D20 /* Setting */ = {
			isa = PBXGroup;
			children = (
				883B47D92A686DFA004C2D20 /* SettingHelper */,
				883B47D02A686CF5004C2D20 /* Attribute */,
				883B47CC2A686C1D004C2D20 /* SettingView.swift */,
			);
			path = Setting;
			sourceTree = "<group>";
		};
		883B47D02A686CF5004C2D20 /* Attribute */ = {
			isa = PBXGroup;
			children = (
				883B47D12A686D17004C2D20 /* FamilyNameChangeView.swift */,
				883B47D32A686D25004C2D20 /* InviteView.swift */,
				883B47D52A686D44004C2D20 /* LogoutView.swift */,
				883B47D72A686D90004C2D20 /* WithdrawalView.swift */,
			);
			path = Attribute;
			sourceTree = "<group>";
		};
		883B47D92A686DFA004C2D20 /* SettingHelper */ = {
			isa = PBXGroup;
			children = (
				883B47DA2A686E36004C2D20 /* CustomToggle.swift */,
			);
			path = SettingHelper;
			sourceTree = "<group>";
		};
		F3430F022A6701AD00DC1B1C = {
			isa = PBXGroup;
			children = (
				F3430F0D2A6701AD00DC1B1C /* Owori */,
				F3430F1E2A6701AE00DC1B1C /* OworiTests */,
				F3430F282A6701AE00DC1B1C /* OworiUITests */,
				F3430F0C2A6701AD00DC1B1C /* Products */,
			);
			sourceTree = "<group>";
		};
		F3430F0C2A6701AD00DC1B1C /* Products */ = {
			isa = PBXGroup;
			children = (
				F3430F0B2A6701AD00DC1B1C /* Owori.app */,
				F3430F1B2A6701AE00DC1B1C /* OworiTests.xctest */,
				F3430F252A6701AE00DC1B1C /* OworiUITests.xctest */,
			);
			name = Products;
			sourceTree = "<group>";
		};
		F3430F0D2A6701AD00DC1B1C /* Owori */ = {
			isa = PBXGroup;
			children = (
				3580AFA12A6841DE00DC28F7 /* Owori.entitlements */,
				F3430F0E2A6701AD00DC1B1C /* OworiApp.swift */,
				F3430F3B2A6702EB00DC1B1C /* Info.plist */,
				F3430F7E2A67043200DC1B1C /* Extension */,
				F3430F702A67043200DC1B1C /* Model */,
				F3430F3C2A67043200DC1B1C /* View */,
				F3430F782A67043200DC1B1C /* ViewModel */,
				F3430F122A6701AD00DC1B1C /* Assets.xcassets */,
				F3430F142A6701AD00DC1B1C /* Preview Content */,
			);
			path = Owori;
			sourceTree = "<group>";
		};
		F3430F142A6701AD00DC1B1C /* Preview Content */ = {
			isa = PBXGroup;
			children = (
				F3430F152A6701AD00DC1B1C /* Preview Assets.xcassets */,
			);
			path = "Preview Content";
			sourceTree = "<group>";
		};
		F3430F1E2A6701AE00DC1B1C /* OworiTests */ = {
			isa = PBXGroup;
			children = (
				F3430F1F2A6701AE00DC1B1C /* OworiTests.swift */,
			);
			path = OworiTests;
			sourceTree = "<group>";
		};
		F3430F282A6701AE00DC1B1C /* OworiUITests */ = {
			isa = PBXGroup;
			children = (
				F3430F292A6701AE00DC1B1C /* OworiUITests.swift */,
				F3430F2B2A6701AE00DC1B1C /* OworiUITestsLaunchTests.swift */,
			);
			path = OworiUITests;
			sourceTree = "<group>";
		};
		F3430F3C2A67043200DC1B1C /* View */ = {
			isa = PBXGroup;
			children = (
				883B47CB2A686C05004C2D20 /* MyPage */,
				F3430F512A67043200DC1B1C /* LoginTestView.swift */,
				3580AFA22A6844DB00DC28F7 /* AppleLoginTestView.swift */,
				F3430F3D2A67043200DC1B1C /* Home */,
				F3430F4F2A67043200DC1B1C /* Login */,
				F3430F592A67043200DC1B1C /* Story */,
			);
			path = View;
			sourceTree = "<group>";
		};
		F3430F3D2A67043200DC1B1C /* Home */ = {
			isa = PBXGroup;
			children = (
				F3430F3E2A67043200DC1B1C /* Family */,
				F3430F432A67043200DC1B1C /* HomeView.swift */,
				F3430F442A67043200DC1B1C /* Profile */,
				F3430F482A67043200DC1B1C /* DDay */,
				F3430F4B2A67043200DC1B1C /* HomeHelper */,
			);
			path = Home;
			sourceTree = "<group>";
		};
		F3430F3E2A67043200DC1B1C /* Family */ = {
			isa = PBXGroup;
			children = (
				F3430F3F2A67043200DC1B1C /* FamilyCarousel.swift */,
				F3430F402A67043200DC1B1C /* FamilyPhotoItem.swift */,
				F3430F412A67043200DC1B1C /* FamilyView.swift */,
				F3430F422A67043200DC1B1C /* FamilyPhoto.swift */,
			);
			path = Family;
			sourceTree = "<group>";
		};
		F3430F442A67043200DC1B1C /* Profile */ = {
			isa = PBXGroup;
			children = (
				F3430F452A67043200DC1B1C /* ProfileView.swift */,
				F3430F462A67043200DC1B1C /* ProfilePhoto.swift */,
				F3430F472A67043200DC1B1C /* ProfileText.swift */,
			);
			path = Profile;
			sourceTree = "<group>";
		};
		F3430F482A67043200DC1B1C /* DDay */ = {
			isa = PBXGroup;
			children = (
				F3430F492A67043200DC1B1C /* DDayCard.swift */,
				F3430F4A2A67043200DC1B1C /* DDayView.swift */,
			);
			path = DDay;
			sourceTree = "<group>";
		};
		F3430F4B2A67043200DC1B1C /* HomeHelper */ = {
			isa = PBXGroup;
			children = (
				F3430F4C2A67043200DC1B1C /* Carousel.swift */,
				F3430F4D2A67043200DC1B1C /* Canvas.swift */,
			);
			path = HomeHelper;
			sourceTree = "<group>";
		};
		F3430F4F2A67043200DC1B1C /* Login */ = {
			isa = PBXGroup;
			children = (
				F3430F502A67043200DC1B1C /* LoginView.swift */,
				F3430F522A67043200DC1B1C /* LoginTabView */,
				F3430F552A67043200DC1B1C /* Helper */,
				F3430F572A67043200DC1B1C /* OnBoarding */,
			);
			path = Login;
			sourceTree = "<group>";
		};
		F3430F522A67043200DC1B1C /* LoginTabView */ = {
			isa = PBXGroup;
			children = (
				F3430F532A67043200DC1B1C /* NumberIndicator.swift */,
				F3430F542A67043200DC1B1C /* LoginTabView.swift */,
			);
			path = LoginTabView;
			sourceTree = "<group>";
		};
		F3430F552A67043200DC1B1C /* Helper */ = {
			isa = PBXGroup;
			children = (
				F3430F562A67043200DC1B1C /* LoginButton.swift */,
			);
			path = Helper;
			sourceTree = "<group>";
		};
		F3430F572A67043200DC1B1C /* OnBoarding */ = {
			isa = PBXGroup;
			children = (
				F3430F582A67043200DC1B1C /* OnBoardingView.swift */,
			);
			path = OnBoarding;
			sourceTree = "<group>";
		};
		F3430F592A67043200DC1B1C /* Story */ = {
			isa = PBXGroup;
			children = (
				F3430F5A2A67043200DC1B1C /* StoryHelper */,
				F3430F5F2A67043200DC1B1C /* Detail */,
				F3430F682A67043200DC1B1C /* List */,
				F3430F6C2A67043200DC1B1C /* Album */,
				F3430F6F2A67043200DC1B1C /* StoryView.swift */,
			);
			path = Story;
			sourceTree = "<group>";
		};
		F3430F5A2A67043200DC1B1C /* StoryHelper */ = {
			isa = PBXGroup;
			children = (
				F3430F5B2A67043200DC1B1C /* DailyStoryImageCell.swift */,
				F3430F5C2A67043200DC1B1C /* CurrentImageOrder.swift */,
				F3430F5D2A67043200DC1B1C /* SortMenu.swift */,
				F3430F5E2A67043200DC1B1C /* AlbumListButton.swift */,
			);
			path = StoryHelper;
			sourceTree = "<group>";
		};
		F3430F5F2A67043200DC1B1C /* Detail */ = {
			isa = PBXGroup;
			children = (
				F3430F602A67043200DC1B1C /* ContentText.swift */,
				F3430F612A67043200DC1B1C /* DetailImageCell.swift */,
				F3430F622A67043200DC1B1C /* ContentTitle.swift */,
				F3430F632A67043200DC1B1C /* ImageTabView.swift */,
				F3430F642A67043200DC1B1C /* HorizontalImageScrollView.swift */,
				F3430F652A67043200DC1B1C /* StoryDetailView.swift */,
				F3430F662A67043200DC1B1C /* DetailContent.swift */,
				F3430F672A67043200DC1B1C /* FavoriteButton.swift */,
			);
			path = Detail;
			sourceTree = "<group>";
		};
		F3430F682A67043200DC1B1C /* List */ = {
			isa = PBXGroup;
			children = (
				F3430F692A67043200DC1B1C /* StoryListView.swift */,
				F3430F6A2A67043200DC1B1C /* DailyStoryListCell.swift */,
				F3430F6B2A67043200DC1B1C /* DailyStoryText.swift */,
			);
			path = List;
			sourceTree = "<group>";
		};
		F3430F6C2A67043200DC1B1C /* Album */ = {
			isa = PBXGroup;
			children = (
				F3430F6D2A67043200DC1B1C /* StoryAlbumView.swift */,
				F3430F6E2A67043200DC1B1C /* MonthlyStoryCollection.swift */,
			);
			path = Album;
			sourceTree = "<group>";
		};
		F3430F702A67043200DC1B1C /* Model */ = {
			isa = PBXGroup;
			children = (
				F3430F712A67043200DC1B1C /* TestModel.swift */,
				F3430F722A67043200DC1B1C /* Family.swift */,
				F3430F732A67043200DC1B1C /* UIStateModel.swift */,
				F3430F742A67043200DC1B1C /* CardModel.swift */,
				F3430F752A67043200DC1B1C /* User.swift */,
				F3430F762A67043200DC1B1C /* Story.swift */,
				F3430F772A67043200DC1B1C /* Token.swift */,
			);
			path = Model;
			sourceTree = "<group>";
		};
		F3430F782A67043200DC1B1C /* ViewModel */ = {
			isa = PBXGroup;
			children = (
				F3430F792A67043200DC1B1C /* UserViewModel.swift */,
				F3430F7A2A67043200DC1B1C /* LoginViewModel.swift */,
				F3430F7B2A67043200DC1B1C /* StoryViewModel.swift */,
				F3430F7C2A67043200DC1B1C /* FamilyViewModel.swift */,
				F3430F7D2A67043200DC1B1C /* CarouselViewModel.swift */,
			);
			path = ViewModel;
			sourceTree = "<group>";
		};
		F3430F7E2A67043200DC1B1C /* Extension */ = {
			isa = PBXGroup;
			children = (
				F3430F7F2A67043200DC1B1C /* String+Extension.swift */,
				F3430F802A67043200DC1B1C /* Color+Extension.swift */,
				F3430F812A67043200DC1B1C /* Image+Extension.swift */,
				F3430F822A67043200DC1B1C /* View+Extension.swift */,
			);
			path = Extension;
			sourceTree = "<group>";
		};
/* End PBXGroup section */

/* Begin PBXNativeTarget section */
		F3430F0A2A6701AD00DC1B1C /* Owori */ = {
			isa = PBXNativeTarget;
			buildConfigurationList = F3430F2F2A6701AE00DC1B1C /* Build configuration list for PBXNativeTarget "Owori" */;
			buildPhases = (
				F3430F072A6701AD00DC1B1C /* Sources */,
				F3430F082A6701AD00DC1B1C /* Frameworks */,
				F3430F092A6701AD00DC1B1C /* Resources */,
			);
			buildRules = (
			);
			dependencies = (
			);
			name = Owori;
			packageProductDependencies = (
				F3430F392A67024A00DC1B1C /* KakaoSDK */,
			);
			productName = Owori;
			productReference = F3430F0B2A6701AD00DC1B1C /* Owori.app */;
			productType = "com.apple.product-type.application";
		};
		F3430F1A2A6701AE00DC1B1C /* OworiTests */ = {
			isa = PBXNativeTarget;
			buildConfigurationList = F3430F322A6701AE00DC1B1C /* Build configuration list for PBXNativeTarget "OworiTests" */;
			buildPhases = (
				F3430F172A6701AE00DC1B1C /* Sources */,
				F3430F182A6701AE00DC1B1C /* Frameworks */,
				F3430F192A6701AE00DC1B1C /* Resources */,
			);
			buildRules = (
			);
			dependencies = (
				F3430F1D2A6701AE00DC1B1C /* PBXTargetDependency */,
			);
			name = OworiTests;
			productName = OworiTests;
			productReference = F3430F1B2A6701AE00DC1B1C /* OworiTests.xctest */;
			productType = "com.apple.product-type.bundle.unit-test";
		};
		F3430F242A6701AE00DC1B1C /* OworiUITests */ = {
			isa = PBXNativeTarget;
			buildConfigurationList = F3430F352A6701AE00DC1B1C /* Build configuration list for PBXNativeTarget "OworiUITests" */;
			buildPhases = (
				F3430F212A6701AE00DC1B1C /* Sources */,
				F3430F222A6701AE00DC1B1C /* Frameworks */,
				F3430F232A6701AE00DC1B1C /* Resources */,
			);
			buildRules = (
			);
			dependencies = (
				F3430F272A6701AE00DC1B1C /* PBXTargetDependency */,
			);
			name = OworiUITests;
			productName = OworiUITests;
			productReference = F3430F252A6701AE00DC1B1C /* OworiUITests.xctest */;
			productType = "com.apple.product-type.bundle.ui-testing";
		};
/* End PBXNativeTarget section */

/* Begin PBXProject section */
		F3430F032A6701AD00DC1B1C /* Project object */ = {
			isa = PBXProject;
			attributes = {
				BuildIndependentTargetsInParallel = 1;
				LastSwiftUpdateCheck = 1430;
				LastUpgradeCheck = 1430;
				TargetAttributes = {
					F3430F0A2A6701AD00DC1B1C = {
						CreatedOnToolsVersion = 14.3.1;
					};
					F3430F1A2A6701AE00DC1B1C = {
						CreatedOnToolsVersion = 14.3.1;
						TestTargetID = F3430F0A2A6701AD00DC1B1C;
					};
					F3430F242A6701AE00DC1B1C = {
						CreatedOnToolsVersion = 14.3.1;
						TestTargetID = F3430F0A2A6701AD00DC1B1C;
					};
				};
			};
			buildConfigurationList = F3430F062A6701AD00DC1B1C /* Build configuration list for PBXProject "Owori" */;
			compatibilityVersion = "Xcode 14.0";
			developmentRegion = en;
			hasScannedForEncodings = 0;
			knownRegions = (
				en,
				Base,
			);
			mainGroup = F3430F022A6701AD00DC1B1C;
			packageReferences = (
				F3430F382A67024A00DC1B1C /* XCRemoteSwiftPackageReference "kakao-ios-sdk" */,
			);
			productRefGroup = F3430F0C2A6701AD00DC1B1C /* Products */;
			projectDirPath = "";
			projectRoot = "";
			targets = (
				F3430F0A2A6701AD00DC1B1C /* Owori */,
				F3430F1A2A6701AE00DC1B1C /* OworiTests */,
				F3430F242A6701AE00DC1B1C /* OworiUITests */,
			);
		};
/* End PBXProject section */

/* Begin PBXResourcesBuildPhase section */
		F3430F092A6701AD00DC1B1C /* Resources */ = {
			isa = PBXResourcesBuildPhase;
			buildActionMask = 2147483647;
			files = (
				F3430F162A6701AD00DC1B1C /* Preview Assets.xcassets in Resources */,
				F3430F132A6701AD00DC1B1C /* Assets.xcassets in Resources */,
			);
			runOnlyForDeploymentPostprocessing = 0;
		};
		F3430F192A6701AE00DC1B1C /* Resources */ = {
			isa = PBXResourcesBuildPhase;
			buildActionMask = 2147483647;
			files = (
			);
			runOnlyForDeploymentPostprocessing = 0;
		};
		F3430F232A6701AE00DC1B1C /* Resources */ = {
			isa = PBXResourcesBuildPhase;
			buildActionMask = 2147483647;
			files = (
			);
			runOnlyForDeploymentPostprocessing = 0;
		};
/* End PBXResourcesBuildPhase section */

/* Begin PBXSourcesBuildPhase section */
		F3430F072A6701AD00DC1B1C /* Sources */ = {
			isa = PBXSourcesBuildPhase;
			buildActionMask = 2147483647;
			files = (
				F3430F932A67043200DC1B1C /* LoginTabView.swift in Sources */,
				F3430F882A67043200DC1B1C /* ProfileView.swift in Sources */,
				F3430F852A67043200DC1B1C /* FamilyView.swift in Sources */,
				F3430F8D2A67043200DC1B1C /* Carousel.swift in Sources */,
				F3430F8C2A67043200DC1B1C /* DDayView.swift in Sources */,
				F3430FAA2A67043200DC1B1C /* UIStateModel.swift in Sources */,
				F3430F942A67043200DC1B1C /* LoginButton.swift in Sources */,
				F3430FB72A67043200DC1B1C /* View+Extension.swift in Sources */,
				F3430FAB2A67043200DC1B1C /* CardModel.swift in Sources */,
				F3430F982A67043200DC1B1C /* SortMenu.swift in Sources */,
				F3430F892A67043200DC1B1C /* ProfilePhoto.swift in Sources */,
				F3430F992A67043200DC1B1C /* AlbumListButton.swift in Sources */,
				F3430FA72A67043200DC1B1C /* StoryView.swift in Sources */,
				F3430FA12A67043200DC1B1C /* FavoriteButton.swift in Sources */,
				F3430FB32A67043200DC1B1C /* CarouselViewModel.swift in Sources */,
				F3430FA52A67043200DC1B1C /* StoryAlbumView.swift in Sources */,
				F3430F872A67043200DC1B1C /* HomeView.swift in Sources */,
				883B47D22A686D17004C2D20 /* FamilyNameChangeView.swift in Sources */,
				F3430F9D2A67043200DC1B1C /* ImageTabView.swift in Sources */,
				F3430FB22A67043200DC1B1C /* FamilyViewModel.swift in Sources */,
				F3430F8A2A67043200DC1B1C /* ProfileText.swift in Sources */,
				F3430F952A67043200DC1B1C /* OnBoardingView.swift in Sources */,
				883B47CD2A686C1D004C2D20 /* SettingView.swift in Sources */,
				F3430FA22A67043200DC1B1C /* StoryListView.swift in Sources */,
				F3430FAF2A67043200DC1B1C /* UserViewModel.swift in Sources */,
				F3430FB02A67043200DC1B1C /* LoginViewModel.swift in Sources */,
				F3430FAE2A67043200DC1B1C /* Token.swift in Sources */,
				F3430F9E2A67043200DC1B1C /* HorizontalImageScrollView.swift in Sources */,
				F3430F9F2A67043200DC1B1C /* StoryDetailView.swift in Sources */,
				F3430F8E2A67043200DC1B1C /* Canvas.swift in Sources */,
				F3430F922A67043200DC1B1C /* NumberIndicator.swift in Sources */,
				F3430F9C2A67043200DC1B1C /* ContentTitle.swift in Sources */,
				883B47D82A686D90004C2D20 /* WithdrawalView.swift in Sources */,
				F3430FB62A67043200DC1B1C /* Image+Extension.swift in Sources */,
				F3430FB12A67043200DC1B1C /* StoryViewModel.swift in Sources */,
				F3430FA62A67043200DC1B1C /* MonthlyStoryCollection.swift in Sources */,
				F3430FA92A67043200DC1B1C /* Family.swift in Sources */,
				F3430FB42A67043200DC1B1C /* String+Extension.swift in Sources */,
				F3430F9B2A67043200DC1B1C /* DetailImageCell.swift in Sources */,
				F3430FB52A67043200DC1B1C /* Color+Extension.swift in Sources */,
				F3430F862A67043200DC1B1C /* FamilyPhoto.swift in Sources */,
				883B47D42A686D25004C2D20 /* InviteView.swift in Sources */,
				883B47DB2A686E36004C2D20 /* CustomToggle.swift in Sources */,
				F3430F0F2A6701AD00DC1B1C /* OworiApp.swift in Sources */,
				F3430FA82A67043200DC1B1C /* TestModel.swift in Sources */,
				F3430F972A67043200DC1B1C /* CurrentImageOrder.swift in Sources */,
				F3430FAC2A67043200DC1B1C /* User.swift in Sources */,
				F3430FA32A67043200DC1B1C /* DailyStoryListCell.swift in Sources */,
				F3430F832A67043200DC1B1C /* FamilyCarousel.swift in Sources */,
				883B47D62A686D44004C2D20 /* LogoutView.swift in Sources */,
				F3430F912A67043200DC1B1C /* LoginTestView.swift in Sources */,
				F3430F842A67043200DC1B1C /* FamilyPhotoItem.swift in Sources */,
				F3430F9A2A67043200DC1B1C /* ContentText.swift in Sources */,
				F3430FA02A67043200DC1B1C /* DetailContent.swift in Sources */,
				F3430FA42A67043200DC1B1C /* DailyStoryText.swift in Sources */,
				F3430F962A67043200DC1B1C /* DailyStoryImageCell.swift in Sources */,
				F3430F902A67043200DC1B1C /* LoginView.swift in Sources */,
				F3430F8B2A67043200DC1B1C /* DDayCard.swift in Sources */,
				F3430FAD2A67043200DC1B1C /* Story.swift in Sources */,
				3580AFA32A6844DB00DC28F7 /* AppleLoginTestView.swift in Sources */,
			);
			runOnlyForDeploymentPostprocessing = 0;
		};
		F3430F172A6701AE00DC1B1C /* Sources */ = {
			isa = PBXSourcesBuildPhase;
			buildActionMask = 2147483647;
			files = (
				F3430F202A6701AE00DC1B1C /* OworiTests.swift in Sources */,
			);
			runOnlyForDeploymentPostprocessing = 0;
		};
		F3430F212A6701AE00DC1B1C /* Sources */ = {
			isa = PBXSourcesBuildPhase;
			buildActionMask = 2147483647;
			files = (
				F3430F2A2A6701AE00DC1B1C /* OworiUITests.swift in Sources */,
				F3430F2C2A6701AE00DC1B1C /* OworiUITestsLaunchTests.swift in Sources */,
			);
			runOnlyForDeploymentPostprocessing = 0;
		};
/* End PBXSourcesBuildPhase section */

/* Begin PBXTargetDependency section */
		F3430F1D2A6701AE00DC1B1C /* PBXTargetDependency */ = {
			isa = PBXTargetDependency;
			target = F3430F0A2A6701AD00DC1B1C /* Owori */;
			targetProxy = F3430F1C2A6701AE00DC1B1C /* PBXContainerItemProxy */;
		};
		F3430F272A6701AE00DC1B1C /* PBXTargetDependency */ = {
			isa = PBXTargetDependency;
			target = F3430F0A2A6701AD00DC1B1C /* Owori */;
			targetProxy = F3430F262A6701AE00DC1B1C /* PBXContainerItemProxy */;
		};
/* End PBXTargetDependency section */

/* Begin XCBuildConfiguration section */
		F3430F2D2A6701AE00DC1B1C /* Debug */ = {
			isa = XCBuildConfiguration;
			buildSettings = {
				ALWAYS_SEARCH_USER_PATHS = NO;
				CLANG_ANALYZER_NONNULL = YES;
				CLANG_ANALYZER_NUMBER_OBJECT_CONVERSION = YES_AGGRESSIVE;
				CLANG_CXX_LANGUAGE_STANDARD = "gnu++20";
				CLANG_ENABLE_MODULES = YES;
				CLANG_ENABLE_OBJC_ARC = YES;
				CLANG_ENABLE_OBJC_WEAK = YES;
				CLANG_WARN_BLOCK_CAPTURE_AUTORELEASING = YES;
				CLANG_WARN_BOOL_CONVERSION = YES;
				CLANG_WARN_COMMA = YES;
				CLANG_WARN_CONSTANT_CONVERSION = YES;
				CLANG_WARN_DEPRECATED_OBJC_IMPLEMENTATIONS = YES;
				CLANG_WARN_DIRECT_OBJC_ISA_USAGE = YES_ERROR;
				CLANG_WARN_DOCUMENTATION_COMMENTS = YES;
				CLANG_WARN_EMPTY_BODY = YES;
				CLANG_WARN_ENUM_CONVERSION = YES;
				CLANG_WARN_INFINITE_RECURSION = YES;
				CLANG_WARN_INT_CONVERSION = YES;
				CLANG_WARN_NON_LITERAL_NULL_CONVERSION = YES;
				CLANG_WARN_OBJC_IMPLICIT_RETAIN_SELF = YES;
				CLANG_WARN_OBJC_LITERAL_CONVERSION = YES;
				CLANG_WARN_OBJC_ROOT_CLASS = YES_ERROR;
				CLANG_WARN_QUOTED_INCLUDE_IN_FRAMEWORK_HEADER = YES;
				CLANG_WARN_RANGE_LOOP_ANALYSIS = YES;
				CLANG_WARN_STRICT_PROTOTYPES = YES;
				CLANG_WARN_SUSPICIOUS_MOVE = YES;
				CLANG_WARN_UNGUARDED_AVAILABILITY = YES_AGGRESSIVE;
				CLANG_WARN_UNREACHABLE_CODE = YES;
				CLANG_WARN__DUPLICATE_METHOD_MATCH = YES;
				COPY_PHASE_STRIP = NO;
				DEBUG_INFORMATION_FORMAT = dwarf;
				ENABLE_STRICT_OBJC_MSGSEND = YES;
				ENABLE_TESTABILITY = YES;
				GCC_C_LANGUAGE_STANDARD = gnu11;
				GCC_DYNAMIC_NO_PIC = NO;
				GCC_NO_COMMON_BLOCKS = YES;
				GCC_OPTIMIZATION_LEVEL = 0;
				GCC_PREPROCESSOR_DEFINITIONS = (
					"DEBUG=1",
					"$(inherited)",
				);
				GCC_WARN_64_TO_32_BIT_CONVERSION = YES;
				GCC_WARN_ABOUT_RETURN_TYPE = YES_ERROR;
				GCC_WARN_UNDECLARED_SELECTOR = YES;
				GCC_WARN_UNINITIALIZED_AUTOS = YES_AGGRESSIVE;
				GCC_WARN_UNUSED_FUNCTION = YES;
				GCC_WARN_UNUSED_VARIABLE = YES;
				IPHONEOS_DEPLOYMENT_TARGET = 16.4;
				MTL_ENABLE_DEBUG_INFO = INCLUDE_SOURCE;
				MTL_FAST_MATH = YES;
				ONLY_ACTIVE_ARCH = YES;
				SDKROOT = iphoneos;
				SWIFT_ACTIVE_COMPILATION_CONDITIONS = DEBUG;
				SWIFT_OPTIMIZATION_LEVEL = "-Onone";
			};
			name = Debug;
		};
		F3430F2E2A6701AE00DC1B1C /* Release */ = {
			isa = XCBuildConfiguration;
			buildSettings = {
				ALWAYS_SEARCH_USER_PATHS = NO;
				CLANG_ANALYZER_NONNULL = YES;
				CLANG_ANALYZER_NUMBER_OBJECT_CONVERSION = YES_AGGRESSIVE;
				CLANG_CXX_LANGUAGE_STANDARD = "gnu++20";
				CLANG_ENABLE_MODULES = YES;
				CLANG_ENABLE_OBJC_ARC = YES;
				CLANG_ENABLE_OBJC_WEAK = YES;
				CLANG_WARN_BLOCK_CAPTURE_AUTORELEASING = YES;
				CLANG_WARN_BOOL_CONVERSION = YES;
				CLANG_WARN_COMMA = YES;
				CLANG_WARN_CONSTANT_CONVERSION = YES;
				CLANG_WARN_DEPRECATED_OBJC_IMPLEMENTATIONS = YES;
				CLANG_WARN_DIRECT_OBJC_ISA_USAGE = YES_ERROR;
				CLANG_WARN_DOCUMENTATION_COMMENTS = YES;
				CLANG_WARN_EMPTY_BODY = YES;
				CLANG_WARN_ENUM_CONVERSION = YES;
				CLANG_WARN_INFINITE_RECURSION = YES;
				CLANG_WARN_INT_CONVERSION = YES;
				CLANG_WARN_NON_LITERAL_NULL_CONVERSION = YES;
				CLANG_WARN_OBJC_IMPLICIT_RETAIN_SELF = YES;
				CLANG_WARN_OBJC_LITERAL_CONVERSION = YES;
				CLANG_WARN_OBJC_ROOT_CLASS = YES_ERROR;
				CLANG_WARN_QUOTED_INCLUDE_IN_FRAMEWORK_HEADER = YES;
				CLANG_WARN_RANGE_LOOP_ANALYSIS = YES;
				CLANG_WARN_STRICT_PROTOTYPES = YES;
				CLANG_WARN_SUSPICIOUS_MOVE = YES;
				CLANG_WARN_UNGUARDED_AVAILABILITY = YES_AGGRESSIVE;
				CLANG_WARN_UNREACHABLE_CODE = YES;
				CLANG_WARN__DUPLICATE_METHOD_MATCH = YES;
				COPY_PHASE_STRIP = NO;
				DEBUG_INFORMATION_FORMAT = "dwarf-with-dsym";
				ENABLE_NS_ASSERTIONS = NO;
				ENABLE_STRICT_OBJC_MSGSEND = YES;
				GCC_C_LANGUAGE_STANDARD = gnu11;
				GCC_NO_COMMON_BLOCKS = YES;
				GCC_WARN_64_TO_32_BIT_CONVERSION = YES;
				GCC_WARN_ABOUT_RETURN_TYPE = YES_ERROR;
				GCC_WARN_UNDECLARED_SELECTOR = YES;
				GCC_WARN_UNINITIALIZED_AUTOS = YES_AGGRESSIVE;
				GCC_WARN_UNUSED_FUNCTION = YES;
				GCC_WARN_UNUSED_VARIABLE = YES;
				IPHONEOS_DEPLOYMENT_TARGET = 16.4;
				MTL_ENABLE_DEBUG_INFO = NO;
				MTL_FAST_MATH = YES;
				SDKROOT = iphoneos;
				SWIFT_COMPILATION_MODE = wholemodule;
				SWIFT_OPTIMIZATION_LEVEL = "-O";
				VALIDATE_PRODUCT = YES;
			};
			name = Release;
		};
		F3430F302A6701AE00DC1B1C /* Debug */ = {
			isa = XCBuildConfiguration;
			buildSettings = {
				ASSETCATALOG_COMPILER_APPICON_NAME = AppIcon;
				ASSETCATALOG_COMPILER_GLOBAL_ACCENT_COLOR_NAME = AccentColor;
				CODE_SIGN_ENTITLEMENTS = Owori/Owori.entitlements;
				CODE_SIGN_STYLE = Automatic;
				CURRENT_PROJECT_VERSION = 1;
				DEVELOPMENT_ASSET_PATHS = "\"Owori/Preview Content\"";
				DEVELOPMENT_TEAM = "";
				ENABLE_PREVIEWS = YES;
				GENERATE_INFOPLIST_FILE = YES;
				INFOPLIST_FILE = Owori/Info.plist;
				INFOPLIST_KEY_UIApplicationSceneManifest_Generation = YES;
				INFOPLIST_KEY_UIApplicationSupportsIndirectInputEvents = YES;
				INFOPLIST_KEY_UILaunchScreen_Generation = YES;
				INFOPLIST_KEY_UISupportedInterfaceOrientations_iPad = "UIInterfaceOrientationPortrait UIInterfaceOrientationPortraitUpsideDown UIInterfaceOrientationLandscapeLeft UIInterfaceOrientationLandscapeRight";
				INFOPLIST_KEY_UISupportedInterfaceOrientations_iPhone = "UIInterfaceOrientationPortrait UIInterfaceOrientationLandscapeLeft UIInterfaceOrientationLandscapeRight";
				LD_RUNPATH_SEARCH_PATHS = (
					"$(inherited)",
					"@executable_path/Frameworks",
				);
				MARKETING_VERSION = 1.0;
				PRODUCT_BUNDLE_IDENTIFIER = com.umcblue4th.Owori;
				PRODUCT_NAME = "$(TARGET_NAME)";
				SWIFT_EMIT_LOC_STRINGS = YES;
				SWIFT_VERSION = 5.0;
				TARGETED_DEVICE_FAMILY = "1,2";
			};
			name = Debug;
		};
		F3430F312A6701AE00DC1B1C /* Release */ = {
			isa = XCBuildConfiguration;
			buildSettings = {
				ASSETCATALOG_COMPILER_APPICON_NAME = AppIcon;
				ASSETCATALOG_COMPILER_GLOBAL_ACCENT_COLOR_NAME = AccentColor;
				CODE_SIGN_ENTITLEMENTS = Owori/Owori.entitlements;
				CODE_SIGN_STYLE = Automatic;
				CURRENT_PROJECT_VERSION = 1;
				DEVELOPMENT_ASSET_PATHS = "\"Owori/Preview Content\"";
				DEVELOPMENT_TEAM = "";
				ENABLE_PREVIEWS = YES;
				GENERATE_INFOPLIST_FILE = YES;
				INFOPLIST_FILE = Owori/Info.plist;
				INFOPLIST_KEY_UIApplicationSceneManifest_Generation = YES;
				INFOPLIST_KEY_UIApplicationSupportsIndirectInputEvents = YES;
				INFOPLIST_KEY_UILaunchScreen_Generation = YES;
				INFOPLIST_KEY_UISupportedInterfaceOrientations_iPad = "UIInterfaceOrientationPortrait UIInterfaceOrientationPortraitUpsideDown UIInterfaceOrientationLandscapeLeft UIInterfaceOrientationLandscapeRight";
				INFOPLIST_KEY_UISupportedInterfaceOrientations_iPhone = "UIInterfaceOrientationPortrait UIInterfaceOrientationLandscapeLeft UIInterfaceOrientationLandscapeRight";
				LD_RUNPATH_SEARCH_PATHS = (
					"$(inherited)",
					"@executable_path/Frameworks",
				);
				MARKETING_VERSION = 1.0;
				PRODUCT_BUNDLE_IDENTIFIER = com.umcblue4th.Owori;
				PRODUCT_NAME = "$(TARGET_NAME)";
				SWIFT_EMIT_LOC_STRINGS = YES;
				SWIFT_VERSION = 5.0;
				TARGETED_DEVICE_FAMILY = "1,2";
			};
			name = Release;
		};
		F3430F332A6701AE00DC1B1C /* Debug */ = {
			isa = XCBuildConfiguration;
			buildSettings = {
				ALWAYS_EMBED_SWIFT_STANDARD_LIBRARIES = YES;
				BUNDLE_LOADER = "$(TEST_HOST)";
				CODE_SIGN_STYLE = Automatic;
				CURRENT_PROJECT_VERSION = 1;
				GENERATE_INFOPLIST_FILE = YES;
				IPHONEOS_DEPLOYMENT_TARGET = 16.4;
				MARKETING_VERSION = 1.0;
				PRODUCT_BUNDLE_IDENTIFIER = com.TeamOwori.OworiTests;
				PRODUCT_NAME = "$(TARGET_NAME)";
				SWIFT_EMIT_LOC_STRINGS = NO;
				SWIFT_VERSION = 5.0;
				TARGETED_DEVICE_FAMILY = "1,2";
				TEST_HOST = "$(BUILT_PRODUCTS_DIR)/Owori.app/$(BUNDLE_EXECUTABLE_FOLDER_PATH)/Owori";
			};
			name = Debug;
		};
		F3430F342A6701AE00DC1B1C /* Release */ = {
			isa = XCBuildConfiguration;
			buildSettings = {
				ALWAYS_EMBED_SWIFT_STANDARD_LIBRARIES = YES;
				BUNDLE_LOADER = "$(TEST_HOST)";
				CODE_SIGN_STYLE = Automatic;
				CURRENT_PROJECT_VERSION = 1;
				GENERATE_INFOPLIST_FILE = YES;
				IPHONEOS_DEPLOYMENT_TARGET = 16.4;
				MARKETING_VERSION = 1.0;
				PRODUCT_BUNDLE_IDENTIFIER = com.TeamOwori.OworiTests;
				PRODUCT_NAME = "$(TARGET_NAME)";
				SWIFT_EMIT_LOC_STRINGS = NO;
				SWIFT_VERSION = 5.0;
				TARGETED_DEVICE_FAMILY = "1,2";
				TEST_HOST = "$(BUILT_PRODUCTS_DIR)/Owori.app/$(BUNDLE_EXECUTABLE_FOLDER_PATH)/Owori";
			};
			name = Release;
		};
		F3430F362A6701AE00DC1B1C /* Debug */ = {
			isa = XCBuildConfiguration;
			buildSettings = {
				ALWAYS_EMBED_SWIFT_STANDARD_LIBRARIES = YES;
				CODE_SIGN_STYLE = Automatic;
				CURRENT_PROJECT_VERSION = 1;
				GENERATE_INFOPLIST_FILE = YES;
				MARKETING_VERSION = 1.0;
				PRODUCT_BUNDLE_IDENTIFIER = com.TeamOwori.OworiUITests;
				PRODUCT_NAME = "$(TARGET_NAME)";
				SWIFT_EMIT_LOC_STRINGS = NO;
				SWIFT_VERSION = 5.0;
				TARGETED_DEVICE_FAMILY = "1,2";
				TEST_TARGET_NAME = Owori;
			};
			name = Debug;
		};
		F3430F372A6701AE00DC1B1C /* Release */ = {
			isa = XCBuildConfiguration;
			buildSettings = {
				ALWAYS_EMBED_SWIFT_STANDARD_LIBRARIES = YES;
				CODE_SIGN_STYLE = Automatic;
				CURRENT_PROJECT_VERSION = 1;
				GENERATE_INFOPLIST_FILE = YES;
				MARKETING_VERSION = 1.0;
				PRODUCT_BUNDLE_IDENTIFIER = com.TeamOwori.OworiUITests;
				PRODUCT_NAME = "$(TARGET_NAME)";
				SWIFT_EMIT_LOC_STRINGS = NO;
				SWIFT_VERSION = 5.0;
				TARGETED_DEVICE_FAMILY = "1,2";
				TEST_TARGET_NAME = Owori;
			};
			name = Release;
		};
/* End XCBuildConfiguration section */

/* Begin XCConfigurationList section */
		F3430F062A6701AD00DC1B1C /* Build configuration list for PBXProject "Owori" */ = {
			isa = XCConfigurationList;
			buildConfigurations = (
				F3430F2D2A6701AE00DC1B1C /* Debug */,
				F3430F2E2A6701AE00DC1B1C /* Release */,
			);
			defaultConfigurationIsVisible = 0;
			defaultConfigurationName = Release;
		};
		F3430F2F2A6701AE00DC1B1C /* Build configuration list for PBXNativeTarget "Owori" */ = {
			isa = XCConfigurationList;
			buildConfigurations = (
				F3430F302A6701AE00DC1B1C /* Debug */,
				F3430F312A6701AE00DC1B1C /* Release */,
			);
			defaultConfigurationIsVisible = 0;
			defaultConfigurationName = Release;
		};
		F3430F322A6701AE00DC1B1C /* Build configuration list for PBXNativeTarget "OworiTests" */ = {
			isa = XCConfigurationList;
			buildConfigurations = (
				F3430F332A6701AE00DC1B1C /* Debug */,
				F3430F342A6701AE00DC1B1C /* Release */,
			);
			defaultConfigurationIsVisible = 0;
			defaultConfigurationName = Release;
		};
		F3430F352A6701AE00DC1B1C /* Build configuration list for PBXNativeTarget "OworiUITests" */ = {
			isa = XCConfigurationList;
			buildConfigurations = (
				F3430F362A6701AE00DC1B1C /* Debug */,
				F3430F372A6701AE00DC1B1C /* Release */,
			);
			defaultConfigurationIsVisible = 0;
			defaultConfigurationName = Release;
		};
/* End XCConfigurationList section */

/* Begin XCRemoteSwiftPackageReference section */
		F3430F382A67024A00DC1B1C /* XCRemoteSwiftPackageReference "kakao-ios-sdk" */ = {
			isa = XCRemoteSwiftPackageReference;
			repositoryURL = "https://github.com/kakao/kakao-ios-sdk";
			requirement = {
				kind = upToNextMajorVersion;
				minimumVersion = 2.0.0;
			};
		};
/* End XCRemoteSwiftPackageReference section */

/* Begin XCSwiftPackageProductDependency section */
		F3430F392A67024A00DC1B1C /* KakaoSDK */ = {
			isa = XCSwiftPackageProductDependency;
			package = F3430F382A67024A00DC1B1C /* XCRemoteSwiftPackageReference "kakao-ios-sdk" */;
			productName = KakaoSDK;
		};
/* End XCSwiftPackageProductDependency section */
	};
	rootObject = F3430F032A6701AD00DC1B1C /* Project object */;
}
