// !$*UTF8*$!
{
	archiveVersion = 1;
	classes = {
	};
	objectVersion = 56;
	objects = {

/* Begin PBXBuildFile section */
		350A42B32A5BDEBD004B3F50 /* LoginButton.swift in Sources */ = {isa = PBXBuildFile; fileRef = 350A42B22A5BDEBD004B3F50 /* LoginButton.swift */; };
		350A42B52A5BDED0004B3F50 /* LoginView.swift in Sources */ = {isa = PBXBuildFile; fileRef = 350A42B42A5BDED0004B3F50 /* LoginView.swift */; };
		350A42BA2A5BEAF6004B3F50 /* OnBoardingView.swift in Sources */ = {isa = PBXBuildFile; fileRef = 350A42B92A5BEAF6004B3F50 /* OnBoardingView.swift */; };
		350A42BF2A5E8BAE004B3F50 /* LoginTabView.swift in Sources */ = {isa = PBXBuildFile; fileRef = 350A42BE2A5E8BAE004B3F50 /* LoginTabView.swift */; };
		350A42C12A5E93B1004B3F50 /* NumberIndicator.swift in Sources */ = {isa = PBXBuildFile; fileRef = 350A42C02A5E93B1004B3F50 /* NumberIndicator.swift */; };
		8886DAAA2A619A2D00525BA0 /* FamilyCarousel.swift in Sources */ = {isa = PBXBuildFile; fileRef = 8886DAA92A619A2D00525BA0 /* FamilyCarousel.swift */; };
		8886DAB32A619B9200525BA0 /* Carousel.swift in Sources */ = {isa = PBXBuildFile; fileRef = 8886DAB22A619B9200525BA0 /* Carousel.swift */; };
		8886DAB52A619BE600525BA0 /* Canvas.swift in Sources */ = {isa = PBXBuildFile; fileRef = 8886DAB42A619BE600525BA0 /* Canvas.swift */; };
		8886DAB72A619C0600525BA0 /* FamilyPhotoItem.swift in Sources */ = {isa = PBXBuildFile; fileRef = 8886DAB62A619C0600525BA0 /* FamilyPhotoItem.swift */; };
		88D572052A5CF029005580EC /* FamilyView.swift in Sources */ = {isa = PBXBuildFile; fileRef = 88D571FB2A5CF029005580EC /* FamilyView.swift */; };
		88D572062A5CF029005580EC /* FamilyPhoto.swift in Sources */ = {isa = PBXBuildFile; fileRef = 88D571FC2A5CF029005580EC /* FamilyPhoto.swift */; };
		88D572072A5CF029005580EC /* HomeView.swift in Sources */ = {isa = PBXBuildFile; fileRef = 88D571FD2A5CF029005580EC /* HomeView.swift */; };
		88D572082A5CF029005580EC /* ProfileView.swift in Sources */ = {isa = PBXBuildFile; fileRef = 88D571FF2A5CF029005580EC /* ProfileView.swift */; };
		88D572092A5CF029005580EC /* ProfilePhoto.swift in Sources */ = {isa = PBXBuildFile; fileRef = 88D572002A5CF029005580EC /* ProfilePhoto.swift */; };
		88D5720A2A5CF029005580EC /* ProfileText.swift in Sources */ = {isa = PBXBuildFile; fileRef = 88D572012A5CF029005580EC /* ProfileText.swift */; };
		88D5720B2A5CF029005580EC /* DDayView.swift in Sources */ = {isa = PBXBuildFile; fileRef = 88D572032A5CF029005580EC /* DDayView.swift */; };
		88D5720C2A5CF029005580EC /* DDayCard.swift in Sources */ = {isa = PBXBuildFile; fileRef = 88D572042A5CF029005580EC /* DDayCard.swift */; };
		F37221E32A549F3C004F2E5A /* Image+Extension.swift in Sources */ = {isa = PBXBuildFile; fileRef = F37221E22A549F3C004F2E5A /* Image+Extension.swift */; };
		F3A558542A62FF6400527CE9 /* CarouselViewModel.swift in Sources */ = {isa = PBXBuildFile; fileRef = F3A558532A62FF6400527CE9 /* CarouselViewModel.swift */; };
		F3A558562A62FF7B00527CE9 /* UIStateModel.swift in Sources */ = {isa = PBXBuildFile; fileRef = F3A558552A62FF7B00527CE9 /* UIStateModel.swift */; };
		F3A558582A62FFDC00527CE9 /* CardModel.swift in Sources */ = {isa = PBXBuildFile; fileRef = F3A558572A62FFDC00527CE9 /* CardModel.swift */; };
		F3A57ABC2A5BCF4E00880FDC /* HorizontalImageScrollView.swift in Sources */ = {isa = PBXBuildFile; fileRef = F3A57ABB2A5BCF4E00880FDC /* HorizontalImageScrollView.swift */; };
		F3B93DD52A56FCE10074B9AD /* StoryDetailView.swift in Sources */ = {isa = PBXBuildFile; fileRef = F3B93DD42A56FCE10074B9AD /* StoryDetailView.swift */; };
		F3B93DD82A570A0D0074B9AD /* ImageTabView.swift in Sources */ = {isa = PBXBuildFile; fileRef = F3B93DD72A570A0D0074B9AD /* ImageTabView.swift */; };
		F3B93DDA2A5716880074B9AD /* CurrentImageOrder.swift in Sources */ = {isa = PBXBuildFile; fileRef = F3B93DD92A5716880074B9AD /* CurrentImageOrder.swift */; };
		F3BC635C2A52C6AE00999F54 /* OworiApp.swift in Sources */ = {isa = PBXBuildFile; fileRef = F3BC635B2A52C6AE00999F54 /* OworiApp.swift */; };
		F3BC635E2A52C6AE00999F54 /* ContentView.swift in Sources */ = {isa = PBXBuildFile; fileRef = F3BC635D2A52C6AE00999F54 /* ContentView.swift */; };
		F3BC63602A52C6AF00999F54 /* Assets.xcassets in Resources */ = {isa = PBXBuildFile; fileRef = F3BC635F2A52C6AF00999F54 /* Assets.xcassets */; };
		F3BC63632A52C6AF00999F54 /* Preview Assets.xcassets in Resources */ = {isa = PBXBuildFile; fileRef = F3BC63622A52C6AF00999F54 /* Preview Assets.xcassets */; };
		F3BC63942A52DCE100999F54 /* TestModel.swift in Sources */ = {isa = PBXBuildFile; fileRef = F3BC63932A52DCE100999F54 /* TestModel.swift */; };
		F3BC63962A52DCF400999F54 /* StoryViewModel.swift in Sources */ = {isa = PBXBuildFile; fileRef = F3BC63952A52DCF400999F54 /* StoryViewModel.swift */; };
		F3BC63B92A53261F00999F54 /* DailyStoryImageCell.swift in Sources */ = {isa = PBXBuildFile; fileRef = F3BC63B82A53261F00999F54 /* DailyStoryImageCell.swift */; };
		F3BC63BC2A53266900999F54 /* MonthlyStoryCollection.swift in Sources */ = {isa = PBXBuildFile; fileRef = F3BC63BB2A53266900999F54 /* MonthlyStoryCollection.swift */; };
		F3BC63BF2A53268600999F54 /* String+Extension.swift in Sources */ = {isa = PBXBuildFile; fileRef = F3BC63BE2A53268600999F54 /* String+Extension.swift */; };
		F3BC63C42A532B0400999F54 /* StoryAlbumView.swift in Sources */ = {isa = PBXBuildFile; fileRef = F3BC63C32A532B0400999F54 /* StoryAlbumView.swift */; };
		F3BC63C62A532CB300999F54 /* DailyStoryText.swift in Sources */ = {isa = PBXBuildFile; fileRef = F3BC63C52A532CB300999F54 /* DailyStoryText.swift */; };
		F3BC63C82A5333CB00999F54 /* DailyStoryListCell.swift in Sources */ = {isa = PBXBuildFile; fileRef = F3BC63C72A5333CB00999F54 /* DailyStoryListCell.swift */; };
		F3BC63CA2A533A6400999F54 /* StoryListView.swift in Sources */ = {isa = PBXBuildFile; fileRef = F3BC63C92A533A6400999F54 /* StoryListView.swift */; };
		F3BC63CF2A53449700999F54 /* StoryView.swift in Sources */ = {isa = PBXBuildFile; fileRef = F3BC63CE2A53449700999F54 /* StoryView.swift */; };
		F3BC63D12A5345DC00999F54 /* AlbumListButton.swift in Sources */ = {isa = PBXBuildFile; fileRef = F3BC63D02A5345DC00999F54 /* AlbumListButton.swift */; };
		F3BE38592A6003BE00C2B66F /* LoginViewModel.swift in Sources */ = {isa = PBXBuildFile; fileRef = F3BE38582A6003BE00C2B66F /* LoginViewModel.swift */; };
		F3BE385C2A60048B00C2B66F /* KakaoSDK in Frameworks */ = {isa = PBXBuildFile; productRef = F3BE385B2A60048B00C2B66F /* KakaoSDK */; };
		F3BE385E2A600DDD00C2B66F /* LoginTestView.swift in Sources */ = {isa = PBXBuildFile; fileRef = F3BE385D2A600DDD00C2B66F /* LoginTestView.swift */; };
		F3BE38612A60893B00C2B66F /* Token.swift in Sources */ = {isa = PBXBuildFile; fileRef = F3BE38602A60893B00C2B66F /* Token.swift */; };
		F3BE38632A60944400C2B66F /* User.swift in Sources */ = {isa = PBXBuildFile; fileRef = F3BE38622A60944400C2B66F /* User.swift */; };
		F3C786EC2A612708004281FA /* Story.swift in Sources */ = {isa = PBXBuildFile; fileRef = F3C786EB2A612708004281FA /* Story.swift */; };
		F3C786EE2A6144CE004281FA /* UserViewModel.swift in Sources */ = {isa = PBXBuildFile; fileRef = F3C786ED2A6144CE004281FA /* UserViewModel.swift */; };
		F3CCE4492A66EF3B001CBB8A /* Family.swift in Sources */ = {isa = PBXBuildFile; fileRef = F3CCE4482A66EF3B001CBB8A /* Family.swift */; };
		F3DCCD302A55F0F6007B55A2 /* Color+Extension.swift in Sources */ = {isa = PBXBuildFile; fileRef = F3DCCD2F2A55F0F6007B55A2 /* Color+Extension.swift */; };
		F3DCCD332A56006A007B55A2 /* SortMenu.swift in Sources */ = {isa = PBXBuildFile; fileRef = F3DCCD322A56006A007B55A2 /* SortMenu.swift */; };
		F3DEBE4C2A5D847D00375B8D /* View+Extension.swift in Sources */ = {isa = PBXBuildFile; fileRef = F3DEBE4B2A5D847D00375B8D /* View+Extension.swift */; };
		F3DEBE4E2A5DC43F00375B8D /* ContentTitle.swift in Sources */ = {isa = PBXBuildFile; fileRef = F3DEBE4D2A5DC43F00375B8D /* ContentTitle.swift */; };
		F3DEBE502A5DC98A00375B8D /* ContentText.swift in Sources */ = {isa = PBXBuildFile; fileRef = F3DEBE4F2A5DC98A00375B8D /* ContentText.swift */; };
		F3ECF1D22A5BF023004CE4A6 /* DetailImageCell.swift in Sources */ = {isa = PBXBuildFile; fileRef = F3ECF1D12A5BF023004CE4A6 /* DetailImageCell.swift */; };
		F3ECF1D62A5C11DE004CE4A6 /* FavoriteButton.swift in Sources */ = {isa = PBXBuildFile; fileRef = F3ECF1D52A5C11DE004CE4A6 /* FavoriteButton.swift */; };
		F3ECF1D82A5C185D004CE4A6 /* DetailContent.swift in Sources */ = {isa = PBXBuildFile; fileRef = F3ECF1D72A5C185D004CE4A6 /* DetailContent.swift */; };
/* End PBXBuildFile section */

/* Begin PBXFileReference section */
		350A42B22A5BDEBD004B3F50 /* LoginButton.swift */ = {isa = PBXFileReference; lastKnownFileType = sourcecode.swift; path = LoginButton.swift; sourceTree = "<group>"; };
		350A42B42A5BDED0004B3F50 /* LoginView.swift */ = {isa = PBXFileReference; lastKnownFileType = sourcecode.swift; path = LoginView.swift; sourceTree = "<group>"; };
		350A42B92A5BEAF6004B3F50 /* OnBoardingView.swift */ = {isa = PBXFileReference; lastKnownFileType = sourcecode.swift; path = OnBoardingView.swift; sourceTree = "<group>"; };
		350A42BE2A5E8BAE004B3F50 /* LoginTabView.swift */ = {isa = PBXFileReference; lastKnownFileType = sourcecode.swift; path = LoginTabView.swift; sourceTree = "<group>"; };
		350A42C02A5E93B1004B3F50 /* NumberIndicator.swift */ = {isa = PBXFileReference; lastKnownFileType = sourcecode.swift; path = NumberIndicator.swift; sourceTree = "<group>"; };
		8886DAA92A619A2D00525BA0 /* FamilyCarousel.swift */ = {isa = PBXFileReference; lastKnownFileType = sourcecode.swift; path = FamilyCarousel.swift; sourceTree = "<group>"; };
		8886DAB22A619B9200525BA0 /* Carousel.swift */ = {isa = PBXFileReference; lastKnownFileType = sourcecode.swift; path = Carousel.swift; sourceTree = "<group>"; };
		8886DAB42A619BE600525BA0 /* Canvas.swift */ = {isa = PBXFileReference; lastKnownFileType = sourcecode.swift; path = Canvas.swift; sourceTree = "<group>"; };
		8886DAB62A619C0600525BA0 /* FamilyPhotoItem.swift */ = {isa = PBXFileReference; lastKnownFileType = sourcecode.swift; path = FamilyPhotoItem.swift; sourceTree = "<group>"; };
		88D571FB2A5CF029005580EC /* FamilyView.swift */ = {isa = PBXFileReference; fileEncoding = 4; lastKnownFileType = sourcecode.swift; path = FamilyView.swift; sourceTree = "<group>"; };
		88D571FC2A5CF029005580EC /* FamilyPhoto.swift */ = {isa = PBXFileReference; fileEncoding = 4; lastKnownFileType = sourcecode.swift; path = FamilyPhoto.swift; sourceTree = "<group>"; };
		88D571FD2A5CF029005580EC /* HomeView.swift */ = {isa = PBXFileReference; fileEncoding = 4; lastKnownFileType = sourcecode.swift; path = HomeView.swift; sourceTree = "<group>"; };
		88D571FF2A5CF029005580EC /* ProfileView.swift */ = {isa = PBXFileReference; fileEncoding = 4; lastKnownFileType = sourcecode.swift; path = ProfileView.swift; sourceTree = "<group>"; };
		88D572002A5CF029005580EC /* ProfilePhoto.swift */ = {isa = PBXFileReference; fileEncoding = 4; lastKnownFileType = sourcecode.swift; path = ProfilePhoto.swift; sourceTree = "<group>"; };
		88D572012A5CF029005580EC /* ProfileText.swift */ = {isa = PBXFileReference; fileEncoding = 4; lastKnownFileType = sourcecode.swift; path = ProfileText.swift; sourceTree = "<group>"; };
		88D572032A5CF029005580EC /* DDayView.swift */ = {isa = PBXFileReference; fileEncoding = 4; lastKnownFileType = sourcecode.swift; path = DDayView.swift; sourceTree = "<group>"; };
		88D572042A5CF029005580EC /* DDayCard.swift */ = {isa = PBXFileReference; fileEncoding = 4; lastKnownFileType = sourcecode.swift; path = DDayCard.swift; sourceTree = "<group>"; };
		F37221E22A549F3C004F2E5A /* Image+Extension.swift */ = {isa = PBXFileReference; lastKnownFileType = sourcecode.swift; path = "Image+Extension.swift"; sourceTree = "<group>"; };
		F3A558532A62FF6400527CE9 /* CarouselViewModel.swift */ = {isa = PBXFileReference; fileEncoding = 4; lastKnownFileType = sourcecode.swift; path = CarouselViewModel.swift; sourceTree = "<group>"; };
		F3A558552A62FF7B00527CE9 /* UIStateModel.swift */ = {isa = PBXFileReference; fileEncoding = 4; lastKnownFileType = sourcecode.swift; path = UIStateModel.swift; sourceTree = "<group>"; };
		F3A558572A62FFDC00527CE9 /* CardModel.swift */ = {isa = PBXFileReference; fileEncoding = 4; lastKnownFileType = sourcecode.swift; path = CardModel.swift; sourceTree = "<group>"; };
		F3A57ABB2A5BCF4E00880FDC /* HorizontalImageScrollView.swift */ = {isa = PBXFileReference; lastKnownFileType = sourcecode.swift; path = HorizontalImageScrollView.swift; sourceTree = "<group>"; };
		F3B93DD42A56FCE10074B9AD /* StoryDetailView.swift */ = {isa = PBXFileReference; lastKnownFileType = sourcecode.swift; path = StoryDetailView.swift; sourceTree = "<group>"; };
		F3B93DD72A570A0D0074B9AD /* ImageTabView.swift */ = {isa = PBXFileReference; lastKnownFileType = sourcecode.swift; path = ImageTabView.swift; sourceTree = "<group>"; };
		F3B93DD92A5716880074B9AD /* CurrentImageOrder.swift */ = {isa = PBXFileReference; lastKnownFileType = sourcecode.swift; path = CurrentImageOrder.swift; sourceTree = "<group>"; };
		F3BC635B2A52C6AE00999F54 /* OworiApp.swift */ = {isa = PBXFileReference; lastKnownFileType = sourcecode.swift; path = OworiApp.swift; sourceTree = "<group>"; };
		F3BC635D2A52C6AE00999F54 /* ContentView.swift */ = {isa = PBXFileReference; lastKnownFileType = sourcecode.swift; path = ContentView.swift; sourceTree = "<group>"; };
		F3BC635F2A52C6AF00999F54 /* Assets.xcassets */ = {isa = PBXFileReference; lastKnownFileType = folder.assetcatalog; path = Assets.xcassets; sourceTree = "<group>"; };
		F3BC63622A52C6AF00999F54 /* Preview Assets.xcassets */ = {isa = PBXFileReference; lastKnownFileType = folder.assetcatalog; path = "Preview Assets.xcassets"; sourceTree = "<group>"; };
		F3BC63932A52DCE100999F54 /* TestModel.swift */ = {isa = PBXFileReference; lastKnownFileType = sourcecode.swift; path = TestModel.swift; sourceTree = "<group>"; };
		F3BC63952A52DCF400999F54 /* StoryViewModel.swift */ = {isa = PBXFileReference; lastKnownFileType = sourcecode.swift; path = StoryViewModel.swift; sourceTree = "<group>"; };
		F3BC63B82A53261F00999F54 /* DailyStoryImageCell.swift */ = {isa = PBXFileReference; lastKnownFileType = sourcecode.swift; path = DailyStoryImageCell.swift; sourceTree = "<group>"; };
		F3BC63BB2A53266900999F54 /* MonthlyStoryCollection.swift */ = {isa = PBXFileReference; lastKnownFileType = sourcecode.swift; path = MonthlyStoryCollection.swift; sourceTree = "<group>"; };
		F3BC63BE2A53268600999F54 /* String+Extension.swift */ = {isa = PBXFileReference; lastKnownFileType = sourcecode.swift; path = "String+Extension.swift"; sourceTree = "<group>"; };
		F3BC63C32A532B0400999F54 /* StoryAlbumView.swift */ = {isa = PBXFileReference; lastKnownFileType = sourcecode.swift; path = StoryAlbumView.swift; sourceTree = "<group>"; };
		F3BC63C52A532CB300999F54 /* DailyStoryText.swift */ = {isa = PBXFileReference; lastKnownFileType = sourcecode.swift; path = DailyStoryText.swift; sourceTree = "<group>"; };
		F3BC63C72A5333CB00999F54 /* DailyStoryListCell.swift */ = {isa = PBXFileReference; lastKnownFileType = sourcecode.swift; path = DailyStoryListCell.swift; sourceTree = "<group>"; };
		F3BC63C92A533A6400999F54 /* StoryListView.swift */ = {isa = PBXFileReference; lastKnownFileType = sourcecode.swift; path = StoryListView.swift; sourceTree = "<group>"; };
		F3BC63CE2A53449700999F54 /* StoryView.swift */ = {isa = PBXFileReference; lastKnownFileType = sourcecode.swift; path = StoryView.swift; sourceTree = "<group>"; };
		F3BC63D02A5345DC00999F54 /* AlbumListButton.swift */ = {isa = PBXFileReference; lastKnownFileType = sourcecode.swift; path = AlbumListButton.swift; sourceTree = "<group>"; };
		F3BE38582A6003BE00C2B66F /* LoginViewModel.swift */ = {isa = PBXFileReference; lastKnownFileType = sourcecode.swift; path = LoginViewModel.swift; sourceTree = "<group>"; };
		F3BE385D2A600DDD00C2B66F /* LoginTestView.swift */ = {isa = PBXFileReference; lastKnownFileType = sourcecode.swift; path = LoginTestView.swift; sourceTree = "<group>"; };
		F3BE385F2A601B8E00C2B66F /* Info.plist */ = {isa = PBXFileReference; lastKnownFileType = text.plist; path = Info.plist; sourceTree = "<group>"; };
		F3BE38602A60893B00C2B66F /* Token.swift */ = {isa = PBXFileReference; lastKnownFileType = sourcecode.swift; path = Token.swift; sourceTree = "<group>"; };
		F3BE38622A60944400C2B66F /* User.swift */ = {isa = PBXFileReference; lastKnownFileType = sourcecode.swift; path = User.swift; sourceTree = "<group>"; };
		F3C786EB2A612708004281FA /* Story.swift */ = {isa = PBXFileReference; lastKnownFileType = sourcecode.swift; path = Story.swift; sourceTree = "<group>"; };
		F3C786ED2A6144CE004281FA /* UserViewModel.swift */ = {isa = PBXFileReference; lastKnownFileType = sourcecode.swift; path = UserViewModel.swift; sourceTree = "<group>"; };
		F3CCE4482A66EF3B001CBB8A /* Family.swift */ = {isa = PBXFileReference; lastKnownFileType = sourcecode.swift; path = Family.swift; sourceTree = "<group>"; };
		F3CCE4692A66FBAB001CBB8A /* Owori.app */ = {isa = PBXFileReference; explicitFileType = wrapper.application; includeInIndex = 0; name = Owori.app; path = "/Users/kyungsoolee/Git Repositories/Owori-iOS/Owori/build/Debug-iphoneos/Owori.app"; sourceTree = "<absolute>"; };
		F3DCCD2F2A55F0F6007B55A2 /* Color+Extension.swift */ = {isa = PBXFileReference; lastKnownFileType = sourcecode.swift; path = "Color+Extension.swift"; sourceTree = "<group>"; };
		F3DCCD322A56006A007B55A2 /* SortMenu.swift */ = {isa = PBXFileReference; lastKnownFileType = sourcecode.swift; path = SortMenu.swift; sourceTree = "<group>"; };
		F3DEBE4B2A5D847D00375B8D /* View+Extension.swift */ = {isa = PBXFileReference; lastKnownFileType = sourcecode.swift; path = "View+Extension.swift"; sourceTree = "<group>"; };
		F3DEBE4D2A5DC43F00375B8D /* ContentTitle.swift */ = {isa = PBXFileReference; lastKnownFileType = sourcecode.swift; path = ContentTitle.swift; sourceTree = "<group>"; };
		F3DEBE4F2A5DC98A00375B8D /* ContentText.swift */ = {isa = PBXFileReference; lastKnownFileType = sourcecode.swift; path = ContentText.swift; sourceTree = "<group>"; };
		F3ECF1D12A5BF023004CE4A6 /* DetailImageCell.swift */ = {isa = PBXFileReference; lastKnownFileType = sourcecode.swift; path = DetailImageCell.swift; sourceTree = "<group>"; };
		F3ECF1D52A5C11DE004CE4A6 /* FavoriteButton.swift */ = {isa = PBXFileReference; lastKnownFileType = sourcecode.swift; path = FavoriteButton.swift; sourceTree = "<group>"; };
		F3ECF1D72A5C185D004CE4A6 /* DetailContent.swift */ = {isa = PBXFileReference; lastKnownFileType = sourcecode.swift; path = DetailContent.swift; sourceTree = "<group>"; };
/* End PBXFileReference section */

/* Begin PBXFrameworksBuildPhase section */
		F3BC63552A52C6AE00999F54 /* Frameworks */ = {
			isa = PBXFrameworksBuildPhase;
			buildActionMask = 2147483647;
			files = (
				F3BE385C2A60048B00C2B66F /* KakaoSDK in Frameworks */,
			);
			runOnlyForDeploymentPostprocessing = 0;
		};
/* End PBXFrameworksBuildPhase section */

/* Begin PBXGroup section */
		350A42B02A5BDEAB004B3F50 /* Login */ = {
			isa = PBXGroup;
			children = (
				350A42BD2A5E8B98004B3F50 /* LoginTabView */,
				350A42B62A5BE898004B3F50 /* OnBoarding */,
				350A42B12A5BDEB1004B3F50 /* Helper */,
				350A42B42A5BDED0004B3F50 /* LoginView.swift */,
				F3BE385D2A600DDD00C2B66F /* LoginTestView.swift */,
			);
			path = Login;
			sourceTree = "<group>";
		};
		350A42B12A5BDEB1004B3F50 /* Helper */ = {
			isa = PBXGroup;
			children = (
				350A42B22A5BDEBD004B3F50 /* LoginButton.swift */,
			);
			path = Helper;
			sourceTree = "<group>";
		};
		350A42B62A5BE898004B3F50 /* OnBoarding */ = {
			isa = PBXGroup;
			children = (
				350A42B92A5BEAF6004B3F50 /* OnBoardingView.swift */,
			);
			path = OnBoarding;
			sourceTree = "<group>";
		};
		350A42BD2A5E8B98004B3F50 /* LoginTabView */ = {
			isa = PBXGroup;
			children = (
				350A42BE2A5E8BAE004B3F50 /* LoginTabView.swift */,
				350A42C02A5E93B1004B3F50 /* NumberIndicator.swift */,
			);
			path = LoginTabView;
			sourceTree = "<group>";
		};
		8886DAB12A619B7C00525BA0 /* HomeHelper */ = {
			isa = PBXGroup;
			children = (
				8886DAB22A619B9200525BA0 /* Carousel.swift */,
				8886DAB42A619BE600525BA0 /* Canvas.swift */,
			);
			path = HomeHelper;
			sourceTree = "<group>";
		};
		88D571F92A5CF029005580EC /* Home */ = {
			isa = PBXGroup;
			children = (
				88D571FD2A5CF029005580EC /* HomeView.swift */,
				88D571FE2A5CF029005580EC /* Profile */,
				88D572022A5CF029005580EC /* DDay */,
				88D571FA2A5CF029005580EC /* Family */,
				8886DAB12A619B7C00525BA0 /* HomeHelper */,
			);
			path = Home;
			sourceTree = "<group>";
		};
		88D571FA2A5CF029005580EC /* Family */ = {
			isa = PBXGroup;
			children = (
				88D571FB2A5CF029005580EC /* FamilyView.swift */,
				88D571FC2A5CF029005580EC /* FamilyPhoto.swift */,
				8886DAA92A619A2D00525BA0 /* FamilyCarousel.swift */,
				8886DAB62A619C0600525BA0 /* FamilyPhotoItem.swift */,
			);
			path = Family;
			sourceTree = "<group>";
		};
		88D571FE2A5CF029005580EC /* Profile */ = {
			isa = PBXGroup;
			children = (
				88D571FF2A5CF029005580EC /* ProfileView.swift */,
				88D572002A5CF029005580EC /* ProfilePhoto.swift */,
				88D572012A5CF029005580EC /* ProfileText.swift */,
			);
			path = Profile;
			sourceTree = "<group>";
		};
		88D572022A5CF029005580EC /* DDay */ = {
			isa = PBXGroup;
			children = (
				88D572032A5CF029005580EC /* DDayView.swift */,
				88D572042A5CF029005580EC /* DDayCard.swift */,
			);
			path = DDay;
			sourceTree = "<group>";
		};
		F37221E02A548E3C004F2E5A /* StoryHelper */ = {
			isa = PBXGroup;
			children = (
				F3BC63D02A5345DC00999F54 /* AlbumListButton.swift */,
				F3BC63B82A53261F00999F54 /* DailyStoryImageCell.swift */,
				F3DCCD322A56006A007B55A2 /* SortMenu.swift */,
				F3B93DD92A5716880074B9AD /* CurrentImageOrder.swift */,
			);
			path = StoryHelper;
			sourceTree = "<group>";
		};
		F3B93DD62A5709C50074B9AD /* Detail */ = {
			isa = PBXGroup;
			children = (
				F3B93DD42A56FCE10074B9AD /* StoryDetailView.swift */,
				F3B93DD72A570A0D0074B9AD /* ImageTabView.swift */,
				F3A57ABB2A5BCF4E00880FDC /* HorizontalImageScrollView.swift */,
				F3ECF1D12A5BF023004CE4A6 /* DetailImageCell.swift */,
				F3ECF1D52A5C11DE004CE4A6 /* FavoriteButton.swift */,
				F3ECF1D72A5C185D004CE4A6 /* DetailContent.swift */,
				F3DEBE4D2A5DC43F00375B8D /* ContentTitle.swift */,
				F3DEBE4F2A5DC98A00375B8D /* ContentText.swift */,
			);
			path = Detail;
			sourceTree = "<group>";
		};
		F3BC634F2A52C6AE00999F54 = {
			isa = PBXGroup;
			children = (
				F3BC635A2A52C6AE00999F54 /* Owori */,
			);
			sourceTree = "<group>";
		};
		F3BC635A2A52C6AE00999F54 /* Owori */ = {
			isa = PBXGroup;
			children = (
				F3BE385F2A601B8E00C2B66F /* Info.plist */,
				F3BC63BD2A53267A00999F54 /* Extension */,
				F3BC635B2A52C6AE00999F54 /* OworiApp.swift */,
				F3BC63922A52DCD400999F54 /* Model */,
				F3BC638A2A52D5DC00999F54 /* View */,
				F3BC63912A52DCC900999F54 /* ViewModel */,
				F3BC635F2A52C6AF00999F54 /* Assets.xcassets */,
				F3BC63612A52C6AF00999F54 /* Preview Content */,
			);
			path = Owori;
			sourceTree = "<group>";
		};
		F3BC63612A52C6AF00999F54 /* Preview Content */ = {
			isa = PBXGroup;
			children = (
				F3BC63622A52C6AF00999F54 /* Preview Assets.xcassets */,
			);
			path = "Preview Content";
			sourceTree = "<group>";
		};
		F3BC638A2A52D5DC00999F54 /* View */ = {
			isa = PBXGroup;
			children = (
				88D571F92A5CF029005580EC /* Home */,
				350A42B02A5BDEAB004B3F50 /* Login */,
				F3BC63B62A53261300999F54 /* Story */,
				F3BC635D2A52C6AE00999F54 /* ContentView.swift */,
			);
			path = View;
			sourceTree = "<group>";
		};
		F3BC63912A52DCC900999F54 /* ViewModel */ = {
			isa = PBXGroup;
			children = (
				F3A558532A62FF6400527CE9 /* CarouselViewModel.swift */,
				F3BC63952A52DCF400999F54 /* StoryViewModel.swift */,
				F3BE38582A6003BE00C2B66F /* LoginViewModel.swift */,
				F3C786ED2A6144CE004281FA /* UserViewModel.swift */,
			);
			path = ViewModel;
			sourceTree = "<group>";
		};
		F3BC63922A52DCD400999F54 /* Model */ = {
			isa = PBXGroup;
			children = (
				F3A558552A62FF7B00527CE9 /* UIStateModel.swift */,
				F3BC63932A52DCE100999F54 /* TestModel.swift */,
				F3BE38602A60893B00C2B66F /* Token.swift */,
				F3A558572A62FFDC00527CE9 /* CardModel.swift */,
				F3BE38622A60944400C2B66F /* User.swift */,
				F3C786EB2A612708004281FA /* Story.swift */,
				F3CCE4482A66EF3B001CBB8A /* Family.swift */,
			);
			path = Model;
			sourceTree = "<group>";
		};
		F3BC63B62A53261300999F54 /* Story */ = {
			isa = PBXGroup;
			children = (
				F3BC63CE2A53449700999F54 /* StoryView.swift */,
				F3B93DD62A5709C50074B9AD /* Detail */,
				F37221E02A548E3C004F2E5A /* StoryHelper */,
				F3BC63BA2A53265900999F54 /* Album */,
				F3BC63B72A53261300999F54 /* List */,
			);
			path = Story;
			sourceTree = "<group>";
		};
		F3BC63B72A53261300999F54 /* List */ = {
			isa = PBXGroup;
			children = (
				F3BC63C52A532CB300999F54 /* DailyStoryText.swift */,
				F3BC63C72A5333CB00999F54 /* DailyStoryListCell.swift */,
				F3BC63C92A533A6400999F54 /* StoryListView.swift */,
			);
			path = List;
			sourceTree = "<group>";
		};
		F3BC63BA2A53265900999F54 /* Album */ = {
			isa = PBXGroup;
			children = (
				F3BC63BB2A53266900999F54 /* MonthlyStoryCollection.swift */,
				F3BC63C32A532B0400999F54 /* StoryAlbumView.swift */,
			);
			path = Album;
			sourceTree = "<group>";
		};
		F3BC63BD2A53267A00999F54 /* Extension */ = {
			isa = PBXGroup;
			children = (
				F3BC63BE2A53268600999F54 /* String+Extension.swift */,
				F37221E22A549F3C004F2E5A /* Image+Extension.swift */,
				F3DCCD2F2A55F0F6007B55A2 /* Color+Extension.swift */,
				F3DEBE4B2A5D847D00375B8D /* View+Extension.swift */,
			);
			path = Extension;
			sourceTree = "<group>";
		};
/* End PBXGroup section */

/* Begin PBXNativeTarget section */
		F3BC63572A52C6AE00999F54 /* Owori */ = {
			isa = PBXNativeTarget;
			buildConfigurationList = F3BC637C2A52C6B000999F54 /* Build configuration list for PBXNativeTarget "Owori" */;
			buildPhases = (
				F3BC63542A52C6AE00999F54 /* Sources */,
				F3BC63552A52C6AE00999F54 /* Frameworks */,
				F3BC63562A52C6AE00999F54 /* Resources */,
			);
			buildRules = (
			);
			dependencies = (
			);
			name = Owori;
			packageProductDependencies = (
				F3BE385B2A60048B00C2B66F /* KakaoSDK */,
			);
			productName = Owori;
			productReference = F3CCE4692A66FBAB001CBB8A /* Owori.app */;
			productType = "com.apple.product-type.application";
		};
/* End PBXNativeTarget section */

/* Begin PBXProject section */
		F3BC63502A52C6AE00999F54 /* Project object */ = {
			isa = PBXProject;
			attributes = {
				BuildIndependentTargetsInParallel = 1;
				LastSwiftUpdateCheck = 1430;
				LastUpgradeCheck = 1430;
				TargetAttributes = {
					F3BC63572A52C6AE00999F54 = {
						CreatedOnToolsVersion = 14.3;
					};
				};
			};
			buildConfigurationList = F3BC63532A52C6AE00999F54 /* Build configuration list for PBXProject "Owori" */;
			compatibilityVersion = "Xcode 14.0";
			developmentRegion = en;
			hasScannedForEncodings = 0;
			knownRegions = (
				en,
				Base,
			);
			mainGroup = F3BC634F2A52C6AE00999F54;
			packageReferences = (
				F3BE385A2A60048B00C2B66F /* XCRemoteSwiftPackageReference "kakao-ios-sdk" */,
			);
			productRefGroup = F3BC634F2A52C6AE00999F54;
			projectDirPath = "";
			projectRoot = "";
			targets = (
				F3BC63572A52C6AE00999F54 /* Owori */,
			);
		};
/* End PBXProject section */

/* Begin PBXResourcesBuildPhase section */
		F3BC63562A52C6AE00999F54 /* Resources */ = {
			isa = PBXResourcesBuildPhase;
			buildActionMask = 2147483647;
			files = (
				F3BC63632A52C6AF00999F54 /* Preview Assets.xcassets in Resources */,
				F3BC63602A52C6AF00999F54 /* Assets.xcassets in Resources */,
			);
			runOnlyForDeploymentPostprocessing = 0;
		};
/* End PBXResourcesBuildPhase section */

/* Begin PBXSourcesBuildPhase section */
		F3BC63542A52C6AE00999F54 /* Sources */ = {
			isa = PBXSourcesBuildPhase;
			buildActionMask = 2147483647;
			files = (
				F3ECF1D22A5BF023004CE4A6 /* DetailImageCell.swift in Sources */,
				F3BC63D12A5345DC00999F54 /* AlbumListButton.swift in Sources */,
				88D5720B2A5CF029005580EC /* DDayView.swift in Sources */,
				88D572082A5CF029005580EC /* ProfileView.swift in Sources */,
				F3DCCD302A55F0F6007B55A2 /* Color+Extension.swift in Sources */,
				F3A558582A62FFDC00527CE9 /* CardModel.swift in Sources */,
				F3A558562A62FF7B00527CE9 /* UIStateModel.swift in Sources */,
				F3BC63CA2A533A6400999F54 /* StoryListView.swift in Sources */,
				F3DEBE4C2A5D847D00375B8D /* View+Extension.swift in Sources */,
				8886DAB32A619B9200525BA0 /* Carousel.swift in Sources */,
				88D572092A5CF029005580EC /* ProfilePhoto.swift in Sources */,
				F3BC63942A52DCE100999F54 /* TestModel.swift in Sources */,
				F3BE385E2A600DDD00C2B66F /* LoginTestView.swift in Sources */,
				F3B93DDA2A5716880074B9AD /* CurrentImageOrder.swift in Sources */,
				F3ECF1D82A5C185D004CE4A6 /* DetailContent.swift in Sources */,
				350A42BA2A5BEAF6004B3F50 /* OnBoardingView.swift in Sources */,
				8886DAB72A619C0600525BA0 /* FamilyPhotoItem.swift in Sources */,
				350A42B32A5BDEBD004B3F50 /* LoginButton.swift in Sources */,
				88D5720A2A5CF029005580EC /* ProfileText.swift in Sources */,
				F3BC63C82A5333CB00999F54 /* DailyStoryListCell.swift in Sources */,
				8886DAAA2A619A2D00525BA0 /* FamilyCarousel.swift in Sources */,
				88D572052A5CF029005580EC /* FamilyView.swift in Sources */,
				F3BC63BF2A53268600999F54 /* String+Extension.swift in Sources */,
				F3CCE4492A66EF3B001CBB8A /* Family.swift in Sources */,
				F3DCCD332A56006A007B55A2 /* SortMenu.swift in Sources */,
				F3BC635E2A52C6AE00999F54 /* ContentView.swift in Sources */,
				F3B93DD82A570A0D0074B9AD /* ImageTabView.swift in Sources */,
				8886DAB52A619BE600525BA0 /* Canvas.swift in Sources */,
				350A42C12A5E93B1004B3F50 /* NumberIndicator.swift in Sources */,
				350A42BF2A5E8BAE004B3F50 /* LoginTabView.swift in Sources */,
				F3BC63B92A53261F00999F54 /* DailyStoryImageCell.swift in Sources */,
				F3ECF1D62A5C11DE004CE4A6 /* FavoriteButton.swift in Sources */,
				88D572072A5CF029005580EC /* HomeView.swift in Sources */,
				F37221E32A549F3C004F2E5A /* Image+Extension.swift in Sources */,
				F3BC63CF2A53449700999F54 /* StoryView.swift in Sources */,
				F3BC63C42A532B0400999F54 /* StoryAlbumView.swift in Sources */,
				F3BE38592A6003BE00C2B66F /* LoginViewModel.swift in Sources */,
				350A42B52A5BDED0004B3F50 /* LoginView.swift in Sources */,
				F3BC63C62A532CB300999F54 /* DailyStoryText.swift in Sources */,
				F3BC63BC2A53266900999F54 /* MonthlyStoryCollection.swift in Sources */,
				F3DEBE4E2A5DC43F00375B8D /* ContentTitle.swift in Sources */,
				F3B93DD52A56FCE10074B9AD /* StoryDetailView.swift in Sources */,
				F3A57ABC2A5BCF4E00880FDC /* HorizontalImageScrollView.swift in Sources */,
				F3BC63962A52DCF400999F54 /* StoryViewModel.swift in Sources */,
				F3BC635C2A52C6AE00999F54 /* OworiApp.swift in Sources */,
				F3DEBE502A5DC98A00375B8D /* ContentText.swift in Sources */,
				F3BE38612A60893B00C2B66F /* Token.swift in Sources */,
				88D572062A5CF029005580EC /* FamilyPhoto.swift in Sources */,
				88D5720C2A5CF029005580EC /* DDayCard.swift in Sources */,
				F3BE38632A60944400C2B66F /* User.swift in Sources */,
				F3C786EE2A6144CE004281FA /* UserViewModel.swift in Sources */,
				F3A558542A62FF6400527CE9 /* CarouselViewModel.swift in Sources */,
				F3C786EC2A612708004281FA /* Story.swift in Sources */,
			);
			runOnlyForDeploymentPostprocessing = 0;
		};
/* End PBXSourcesBuildPhase section */

/* Begin XCBuildConfiguration section */
		F3BC637A2A52C6B000999F54 /* Debug */ = {
			isa = XCBuildConfiguration;
			buildSettings = {
				ALWAYS_SEARCH_USER_PATHS = NO;
				CLANG_ANALYZER_NONNULL = YES;
				CLANG_ANALYZER_NUMBER_OBJECT_CONVERSION = YES_AGGRESSIVE;
				CLANG_CXX_LANGUAGE_STANDARD = "gnu++20";
				CLANG_ENABLE_MODULES = YES;
				CLANG_ENABLE_OBJC_ARC = YES;
				CLANG_ENABLE_OBJC_WEAK = YES;
				CLANG_WARN_BLOCK_CAPTURE_AUTORELEASING = YES;
				CLANG_WARN_BOOL_CONVERSION = YES;
				CLANG_WARN_COMMA = YES;
				CLANG_WARN_CONSTANT_CONVERSION = YES;
				CLANG_WARN_DEPRECATED_OBJC_IMPLEMENTATIONS = YES;
				CLANG_WARN_DIRECT_OBJC_ISA_USAGE = YES_ERROR;
				CLANG_WARN_DOCUMENTATION_COMMENTS = YES;
				CLANG_WARN_EMPTY_BODY = YES;
				CLANG_WARN_ENUM_CONVERSION = YES;
				CLANG_WARN_INFINITE_RECURSION = YES;
				CLANG_WARN_INT_CONVERSION = YES;
				CLANG_WARN_NON_LITERAL_NULL_CONVERSION = YES;
				CLANG_WARN_OBJC_IMPLICIT_RETAIN_SELF = YES;
				CLANG_WARN_OBJC_LITERAL_CONVERSION = YES;
				CLANG_WARN_OBJC_ROOT_CLASS = YES_ERROR;
				CLANG_WARN_QUOTED_INCLUDE_IN_FRAMEWORK_HEADER = YES;
				CLANG_WARN_RANGE_LOOP_ANALYSIS = YES;
				CLANG_WARN_STRICT_PROTOTYPES = YES;
				CLANG_WARN_SUSPICIOUS_MOVE = YES;
				CLANG_WARN_UNGUARDED_AVAILABILITY = YES_AGGRESSIVE;
				CLANG_WARN_UNREACHABLE_CODE = YES;
				CLANG_WARN__DUPLICATE_METHOD_MATCH = YES;
				COPY_PHASE_STRIP = NO;
				DEBUG_INFORMATION_FORMAT = dwarf;
				ENABLE_STRICT_OBJC_MSGSEND = YES;
				ENABLE_TESTABILITY = YES;
				GCC_C_LANGUAGE_STANDARD = gnu11;
				GCC_DYNAMIC_NO_PIC = NO;
				GCC_NO_COMMON_BLOCKS = YES;
				GCC_OPTIMIZATION_LEVEL = 0;
				GCC_PREPROCESSOR_DEFINITIONS = (
					"DEBUG=1",
					"$(inherited)",
				);
				GCC_WARN_64_TO_32_BIT_CONVERSION = YES;
				GCC_WARN_ABOUT_RETURN_TYPE = YES_ERROR;
				GCC_WARN_UNDECLARED_SELECTOR = YES;
				GCC_WARN_UNINITIALIZED_AUTOS = YES_AGGRESSIVE;
				GCC_WARN_UNUSED_FUNCTION = YES;
				GCC_WARN_UNUSED_VARIABLE = YES;
				IPHONEOS_DEPLOYMENT_TARGET = 16.4;
				MTL_ENABLE_DEBUG_INFO = INCLUDE_SOURCE;
				MTL_FAST_MATH = YES;
				ONLY_ACTIVE_ARCH = YES;
				SDKROOT = iphoneos;
				SWIFT_ACTIVE_COMPILATION_CONDITIONS = DEBUG;
				SWIFT_OPTIMIZATION_LEVEL = "-Onone";
			};
			name = Debug;
		};
		F3BC637B2A52C6B000999F54 /* Release */ = {
			isa = XCBuildConfiguration;
			buildSettings = {
				ALWAYS_SEARCH_USER_PATHS = NO;
				CLANG_ANALYZER_NONNULL = YES;
				CLANG_ANALYZER_NUMBER_OBJECT_CONVERSION = YES_AGGRESSIVE;
				CLANG_CXX_LANGUAGE_STANDARD = "gnu++20";
				CLANG_ENABLE_MODULES = YES;
				CLANG_ENABLE_OBJC_ARC = YES;
				CLANG_ENABLE_OBJC_WEAK = YES;
				CLANG_WARN_BLOCK_CAPTURE_AUTORELEASING = YES;
				CLANG_WARN_BOOL_CONVERSION = YES;
				CLANG_WARN_COMMA = YES;
				CLANG_WARN_CONSTANT_CONVERSION = YES;
				CLANG_WARN_DEPRECATED_OBJC_IMPLEMENTATIONS = YES;
				CLANG_WARN_DIRECT_OBJC_ISA_USAGE = YES_ERROR;
				CLANG_WARN_DOCUMENTATION_COMMENTS = YES;
				CLANG_WARN_EMPTY_BODY = YES;
				CLANG_WARN_ENUM_CONVERSION = YES;
				CLANG_WARN_INFINITE_RECURSION = YES;
				CLANG_WARN_INT_CONVERSION = YES;
				CLANG_WARN_NON_LITERAL_NULL_CONVERSION = YES;
				CLANG_WARN_OBJC_IMPLICIT_RETAIN_SELF = YES;
				CLANG_WARN_OBJC_LITERAL_CONVERSION = YES;
				CLANG_WARN_OBJC_ROOT_CLASS = YES_ERROR;
				CLANG_WARN_QUOTED_INCLUDE_IN_FRAMEWORK_HEADER = YES;
				CLANG_WARN_RANGE_LOOP_ANALYSIS = YES;
				CLANG_WARN_STRICT_PROTOTYPES = YES;
				CLANG_WARN_SUSPICIOUS_MOVE = YES;
				CLANG_WARN_UNGUARDED_AVAILABILITY = YES_AGGRESSIVE;
				CLANG_WARN_UNREACHABLE_CODE = YES;
				CLANG_WARN__DUPLICATE_METHOD_MATCH = YES;
				COPY_PHASE_STRIP = NO;
				DEBUG_INFORMATION_FORMAT = "dwarf-with-dsym";
				ENABLE_NS_ASSERTIONS = NO;
				ENABLE_STRICT_OBJC_MSGSEND = YES;
				GCC_C_LANGUAGE_STANDARD = gnu11;
				GCC_NO_COMMON_BLOCKS = YES;
				GCC_WARN_64_TO_32_BIT_CONVERSION = YES;
				GCC_WARN_ABOUT_RETURN_TYPE = YES_ERROR;
				GCC_WARN_UNDECLARED_SELECTOR = YES;
				GCC_WARN_UNINITIALIZED_AUTOS = YES_AGGRESSIVE;
				GCC_WARN_UNUSED_FUNCTION = YES;
				GCC_WARN_UNUSED_VARIABLE = YES;
				IPHONEOS_DEPLOYMENT_TARGET = 16.4;
				MTL_ENABLE_DEBUG_INFO = NO;
				MTL_FAST_MATH = YES;
				SDKROOT = iphoneos;
				SWIFT_COMPILATION_MODE = wholemodule;
				SWIFT_OPTIMIZATION_LEVEL = "-O";
				VALIDATE_PRODUCT = YES;
			};
			name = Release;
		};
		F3BC637D2A52C6B000999F54 /* Debug */ = {
			isa = XCBuildConfiguration;
			buildSettings = {
				ASSETCATALOG_COMPILER_APPICON_NAME = AppIcon;
				ASSETCATALOG_COMPILER_GLOBAL_ACCENT_COLOR_NAME = AccentColor;
				CODE_SIGN_STYLE = Automatic;
				CURRENT_PROJECT_VERSION = 1;
				DEVELOPMENT_ASSET_PATHS = "\"Owori/Preview Content\"";
				DEVELOPMENT_TEAM = "";
				ENABLE_PREVIEWS = YES;
				GENERATE_INFOPLIST_FILE = YES;
				INFOPLIST_FILE = Owori/Info.plist;
				INFOPLIST_KEY_UIApplicationSceneManifest_Generation = YES;
				INFOPLIST_KEY_UIApplicationSupportsIndirectInputEvents = YES;
				INFOPLIST_KEY_UILaunchScreen_Generation = YES;
				INFOPLIST_KEY_UISupportedInterfaceOrientations_iPad = "UIInterfaceOrientationPortrait UIInterfaceOrientationPortraitUpsideDown UIInterfaceOrientationLandscapeLeft UIInterfaceOrientationLandscapeRight";
				INFOPLIST_KEY_UISupportedInterfaceOrientations_iPhone = "UIInterfaceOrientationPortrait UIInterfaceOrientationLandscapeLeft UIInterfaceOrientationLandscapeRight";
				LD_RUNPATH_SEARCH_PATHS = (
					"$(inherited)",
					"@executable_path/Frameworks",
				);
				MARKETING_VERSION = 1.0;
				PRODUCT_BUNDLE_IDENTIFIER = com.TeamOwori.Owori;
				PRODUCT_NAME = "$(TARGET_NAME)";
				SWIFT_EMIT_LOC_STRINGS = YES;
				SWIFT_VERSION = 5.0;
				TARGETED_DEVICE_FAMILY = "1,2";
			};
			name = Debug;
		};
		F3BC637E2A52C6B000999F54 /* Release */ = {
			isa = XCBuildConfiguration;
			buildSettings = {
				ASSETCATALOG_COMPILER_APPICON_NAME = AppIcon;
				ASSETCATALOG_COMPILER_GLOBAL_ACCENT_COLOR_NAME = AccentColor;
				CODE_SIGN_STYLE = Automatic;
				CURRENT_PROJECT_VERSION = 1;
				DEVELOPMENT_ASSET_PATHS = "\"Owori/Preview Content\"";
				DEVELOPMENT_TEAM = "";
				ENABLE_PREVIEWS = YES;
				GENERATE_INFOPLIST_FILE = YES;
				INFOPLIST_FILE = Owori/Info.plist;
				INFOPLIST_KEY_UIApplicationSceneManifest_Generation = YES;
				INFOPLIST_KEY_UIApplicationSupportsIndirectInputEvents = YES;
				INFOPLIST_KEY_UILaunchScreen_Generation = YES;
				INFOPLIST_KEY_UISupportedInterfaceOrientations_iPad = "UIInterfaceOrientationPortrait UIInterfaceOrientationPortraitUpsideDown UIInterfaceOrientationLandscapeLeft UIInterfaceOrientationLandscapeRight";
				INFOPLIST_KEY_UISupportedInterfaceOrientations_iPhone = "UIInterfaceOrientationPortrait UIInterfaceOrientationLandscapeLeft UIInterfaceOrientationLandscapeRight";
				LD_RUNPATH_SEARCH_PATHS = (
					"$(inherited)",
					"@executable_path/Frameworks",
				);
				MARKETING_VERSION = 1.0;
				PRODUCT_BUNDLE_IDENTIFIER = com.TeamOwori.Owori;
				PRODUCT_NAME = "$(TARGET_NAME)";
				SWIFT_EMIT_LOC_STRINGS = YES;
				SWIFT_VERSION = 5.0;
				TARGETED_DEVICE_FAMILY = "1,2";
			};
			name = Release;
		};
/* End XCBuildConfiguration section */

/* Begin XCConfigurationList section */
		F3BC63532A52C6AE00999F54 /* Build configuration list for PBXProject "Owori" */ = {
			isa = XCConfigurationList;
			buildConfigurations = (
				F3BC637A2A52C6B000999F54 /* Debug */,
				F3BC637B2A52C6B000999F54 /* Release */,
			);
			defaultConfigurationIsVisible = 0;
			defaultConfigurationName = Release;
		};
		F3BC637C2A52C6B000999F54 /* Build configuration list for PBXNativeTarget "Owori" */ = {
			isa = XCConfigurationList;
			buildConfigurations = (
				F3BC637D2A52C6B000999F54 /* Debug */,
				F3BC637E2A52C6B000999F54 /* Release */,
			);
			defaultConfigurationIsVisible = 0;
			defaultConfigurationName = Release;
		};
/* End XCConfigurationList section */

/* Begin XCRemoteSwiftPackageReference section */
		F3BE385A2A60048B00C2B66F /* XCRemoteSwiftPackageReference "kakao-ios-sdk" */ = {
			isa = XCRemoteSwiftPackageReference;
			repositoryURL = "https://github.com/kakao/kakao-ios-sdk";
			requirement = {
				kind = upToNextMajorVersion;
				minimumVersion = 2.0.0;
			};
		};
/* End XCRemoteSwiftPackageReference section */

/* Begin XCSwiftPackageProductDependency section */
		F3BE385B2A60048B00C2B66F /* KakaoSDK */ = {
			isa = XCSwiftPackageProductDependency;
			package = F3BE385A2A60048B00C2B66F /* XCRemoteSwiftPackageReference "kakao-ios-sdk" */;
			productName = KakaoSDK;
		};
/* End XCSwiftPackageProductDependency section */
	};
	rootObject = F3BC63502A52C6AE00999F54 /* Project object */;
}
